// !$*UTF8*$!
{
	archiveVersion = 1;
	classes = {
	};
	objectVersion = 56;
	objects = {

/* Begin PBXBuildFile section */
		3633576E2B108DEC00A952E3 /* CustomSlideMessageViewController.swift in Sources */ = {isa = PBXBuildFile; fileRef = 3633576C2B108DEC00A952E3 /* CustomSlideMessageViewController.swift */; };
		3633576F2B108DEC00A952E3 /* CustomSlideMessageViewController.xib in Resources */ = {isa = PBXBuildFile; fileRef = 3633576D2B108DEC00A952E3 /* CustomSlideMessageViewController.xib */; };
		363357732B10A55200A952E3 /* CartTableViewCell.swift in Sources */ = {isa = PBXBuildFile; fileRef = 363357712B10A55200A952E3 /* CartTableViewCell.swift */; };
		363357742B10A55200A952E3 /* CartTableViewCell.xib in Resources */ = {isa = PBXBuildFile; fileRef = 363357722B10A55200A952E3 /* CartTableViewCell.xib */; };
		36498CD82B0752C100A1A5DA /* LogoutResponse.swift in Sources */ = {isa = PBXBuildFile; fileRef = 36498CD72B0752C100A1A5DA /* LogoutResponse.swift */; };
		364E40F32B071723001EB357 /* LoginParam.swift in Sources */ = {isa = PBXBuildFile; fileRef = 364E40F22B071723001EB357 /* LoginParam.swift */; };
		364E40F52B071AA5001EB357 /* RegisterParam.swift in Sources */ = {isa = PBXBuildFile; fileRef = 364E40F42B071AA5001EB357 /* RegisterParam.swift */; };
		364E40F72B071C84001EB357 /* LoginResponse.swift in Sources */ = {isa = PBXBuildFile; fileRef = 364E40F62B071C84001EB357 /* LoginResponse.swift */; };
		364E40F92B071D81001EB357 /* MetaModel.swift in Sources */ = {isa = PBXBuildFile; fileRef = 364E40F82B071D81001EB357 /* MetaModel.swift */; };
		364E40FB2B071EF3001EB357 /* UserResponse.swift in Sources */ = {isa = PBXBuildFile; fileRef = 364E40FA2B071EF3001EB357 /* UserResponse.swift */; };
		364E40FF2B0720C6001EB357 /* UserModel.swift in Sources */ = {isa = PBXBuildFile; fileRef = 364E40FE2B0720C6001EB357 /* UserModel.swift */; };
		364E41012B072146001EB357 /* DataClassModel.swift in Sources */ = {isa = PBXBuildFile; fileRef = 364E41002B072146001EB357 /* DataClassModel.swift */; };
		364E41032B0721CB001EB357 /* RegisterResponse.swift in Sources */ = {isa = PBXBuildFile; fileRef = 364E41022B0721CB001EB357 /* RegisterResponse.swift */; };
		364E41052B072231001EB357 /* CategoryResponse.swift in Sources */ = {isa = PBXBuildFile; fileRef = 364E41042B072231001EB357 /* CategoryResponse.swift */; };
		364E41072B07225A001EB357 /* CategoryModel.swift in Sources */ = {isa = PBXBuildFile; fileRef = 364E41062B07225A001EB357 /* CategoryModel.swift */; };
		364E41092B07393F001EB357 /* EndPoint.swift in Sources */ = {isa = PBXBuildFile; fileRef = 364E41082B07393F001EB357 /* EndPoint.swift */; };
		36510FE92AFB7A9E00A5D6F4 /* AppDelegate.swift in Sources */ = {isa = PBXBuildFile; fileRef = 36510FE82AFB7A9E00A5D6F4 /* AppDelegate.swift */; };
		36510FEB2AFB7A9E00A5D6F4 /* SceneDelegate.swift in Sources */ = {isa = PBXBuildFile; fileRef = 36510FEA2AFB7A9E00A5D6F4 /* SceneDelegate.swift */; };
		36510FED2AFB7A9E00A5D6F4 /* ViewController.swift in Sources */ = {isa = PBXBuildFile; fileRef = 36510FEC2AFB7A9E00A5D6F4 /* ViewController.swift */; };
		36510FF32AFB7A9E00A5D6F4 /* Shoee.xcdatamodeld in Sources */ = {isa = PBXBuildFile; fileRef = 36510FF12AFB7A9E00A5D6F4 /* Shoee.xcdatamodeld */; };
		36510FF52AFB7AA000A5D6F4 /* Assets.xcassets in Resources */ = {isa = PBXBuildFile; fileRef = 36510FF42AFB7AA000A5D6F4 /* Assets.xcassets */; };
		36510FF82AFB7AA000A5D6F4 /* LaunchScreen.storyboard in Resources */ = {isa = PBXBuildFile; fileRef = 36510FF62AFB7AA000A5D6F4 /* LaunchScreen.storyboard */; };
		365110162AFB7BD200A5D6F4 /* CustomTextField.swift in Sources */ = {isa = PBXBuildFile; fileRef = 365110152AFB7BD200A5D6F4 /* CustomTextField.swift */; };
		365110182AFB7BEB00A5D6F4 /* CustomTextField.xib in Resources */ = {isa = PBXBuildFile; fileRef = 365110172AFB7BEB00A5D6F4 /* CustomTextField.xib */; };
		3651101A2AFB7F1500A5D6F4 /* ViewExt.swift in Sources */ = {isa = PBXBuildFile; fileRef = 365110192AFB7F1500A5D6F4 /* ViewExt.swift */; };
		3651101E2AFB7F9D00A5D6F4 /* LoginViewController.swift in Sources */ = {isa = PBXBuildFile; fileRef = 3651101C2AFB7F9D00A5D6F4 /* LoginViewController.swift */; };
		3651101F2AFB7F9D00A5D6F4 /* LoginViewController.xib in Resources */ = {isa = PBXBuildFile; fileRef = 3651101D2AFB7F9D00A5D6F4 /* LoginViewController.xib */; };
		365110262AFB801100A5D6F4 /* Poppins-Light.ttf in Resources */ = {isa = PBXBuildFile; fileRef = 365110202AFB801000A5D6F4 /* Poppins-Light.ttf */; };
		365110272AFB801100A5D6F4 /* Poppins-Bold.ttf in Resources */ = {isa = PBXBuildFile; fileRef = 365110212AFB801000A5D6F4 /* Poppins-Bold.ttf */; };
		365110282AFB801100A5D6F4 /* Poppins-Regular.ttf in Resources */ = {isa = PBXBuildFile; fileRef = 365110222AFB801000A5D6F4 /* Poppins-Regular.ttf */; };
		365110292AFB801100A5D6F4 /* Poppins-Thin.ttf in Resources */ = {isa = PBXBuildFile; fileRef = 365110232AFB801000A5D6F4 /* Poppins-Thin.ttf */; };
		3651102A2AFB801100A5D6F4 /* Poppins-ExtraLight.ttf in Resources */ = {isa = PBXBuildFile; fileRef = 365110242AFB801000A5D6F4 /* Poppins-ExtraLight.ttf */; };
		3651102B2AFB801100A5D6F4 /* Poppins-ExtraBold.ttf in Resources */ = {isa = PBXBuildFile; fileRef = 365110252AFB801100A5D6F4 /* Poppins-ExtraBold.ttf */; };
		3651102F2AFB9E4D00A5D6F4 /* SignUpViewController.swift in Sources */ = {isa = PBXBuildFile; fileRef = 3651102D2AFB9E4D00A5D6F4 /* SignUpViewController.swift */; };
		365110302AFB9E4D00A5D6F4 /* SignUpViewController.xib in Resources */ = {isa = PBXBuildFile; fileRef = 3651102E2AFB9E4D00A5D6F4 /* SignUpViewController.xib */; };
		365110342AFBA3EE00A5D6F4 /* HomeViewController.swift in Sources */ = {isa = PBXBuildFile; fileRef = 365110322AFBA3EE00A5D6F4 /* HomeViewController.swift */; };
		365110352AFBA3EE00A5D6F4 /* HomeViewController.xib in Resources */ = {isa = PBXBuildFile; fileRef = 365110332AFBA3EE00A5D6F4 /* HomeViewController.xib */; };
		3651103A2AFC64EF00A5D6F4 /* CustomMainTabBar.swift in Sources */ = {isa = PBXBuildFile; fileRef = 365110392AFC64EF00A5D6F4 /* CustomMainTabBar.swift */; };
		365110462AFC9B8300A5D6F4 /* FavoriteViewController.swift in Sources */ = {isa = PBXBuildFile; fileRef = 365110442AFC9B8300A5D6F4 /* FavoriteViewController.swift */; };
		365110472AFC9B8300A5D6F4 /* FavoriteViewController.xib in Resources */ = {isa = PBXBuildFile; fileRef = 365110452AFC9B8300A5D6F4 /* FavoriteViewController.xib */; };
		3651104A2AFC9BA900A5D6F4 /* ProfileViewController.swift in Sources */ = {isa = PBXBuildFile; fileRef = 365110482AFC9BA900A5D6F4 /* ProfileViewController.swift */; };
		3651104B2AFC9BA900A5D6F4 /* ProfileViewController.xib in Resources */ = {isa = PBXBuildFile; fileRef = 365110492AFC9BA900A5D6F4 /* ProfileViewController.xib */; };
		365380BA2B0763CD00D5C39D /* CategoryService.swift in Sources */ = {isa = PBXBuildFile; fileRef = 365380B92B0763CD00D5C39D /* CategoryService.swift */; };
		365380BC2B07896700D5C39D /* ProductResponse.swift in Sources */ = {isa = PBXBuildFile; fileRef = 365380BB2B07896700D5C39D /* ProductResponse.swift */; };
		365380BE2B0789A300D5C39D /* ProductModel.swift in Sources */ = {isa = PBXBuildFile; fileRef = 365380BD2B0789A300D5C39D /* ProductModel.swift */; };
		365380C02B078C8600D5C39D /* GalleryModel.swift in Sources */ = {isa = PBXBuildFile; fileRef = 365380BF2B078C8600D5C39D /* GalleryModel.swift */; };
		365380C42B0B069000D5C39D /* ProductsService.swift in Sources */ = {isa = PBXBuildFile; fileRef = 365380C32B0B069000D5C39D /* ProductsService.swift */; };
		365380C92B0C7FF300D5C39D /* CustomViewPopUp.swift in Sources */ = {isa = PBXBuildFile; fileRef = 365380C82B0C7FF300D5C39D /* CustomViewPopUp.swift */; };
		365380CB2B0C801300D5C39D /* CustomViewPopUp.xib in Resources */ = {isa = PBXBuildFile; fileRef = 365380CA2B0C801300D5C39D /* CustomViewPopUp.xib */; };
		365380FB2B0D8C6200D5C39D /* LoginViewModel.swift in Sources */ = {isa = PBXBuildFile; fileRef = 365380FA2B0D8C6200D5C39D /* LoginViewModel.swift */; };
		365380FD2B0D8FB100D5C39D /* LoginViewExtention.swift in Sources */ = {isa = PBXBuildFile; fileRef = 365380FC2B0D8FB100D5C39D /* LoginViewExtention.swift */; };
		365380FF2B0D913600D5C39D /* SignUpViewModel.swift in Sources */ = {isa = PBXBuildFile; fileRef = 365380FE2B0D913600D5C39D /* SignUpViewModel.swift */; };
		365381022B0D919500D5C39D /* SignUpViewExtention.swift in Sources */ = {isa = PBXBuildFile; fileRef = 365381012B0D919500D5C39D /* SignUpViewExtention.swift */; };
		365381052B0DA4B200D5C39D /* CartViewController.swift in Sources */ = {isa = PBXBuildFile; fileRef = 365381032B0DA4B200D5C39D /* CartViewController.swift */; };
		365381062B0DA4B200D5C39D /* CartViewController.xib in Resources */ = {isa = PBXBuildFile; fileRef = 365381042B0DA4B200D5C39D /* CartViewController.xib */; };
		3653810B2B0E003500D5C39D /* EmptyTableViewCell.swift in Sources */ = {isa = PBXBuildFile; fileRef = 365381092B0E003500D5C39D /* EmptyTableViewCell.swift */; };
		3653810C2B0E003500D5C39D /* EmptyTableViewCell.xib in Resources */ = {isa = PBXBuildFile; fileRef = 3653810A2B0E003500D5C39D /* EmptyTableViewCell.xib */; };
		3653810F2B0E047F00D5C39D /* FavoriteTableViewCell.swift in Sources */ = {isa = PBXBuildFile; fileRef = 3653810D2B0E047F00D5C39D /* FavoriteTableViewCell.swift */; };
		365381102B0E047F00D5C39D /* FavoriteTableViewCell.xib in Resources */ = {isa = PBXBuildFile; fileRef = 3653810E2B0E047F00D5C39D /* FavoriteTableViewCell.xib */; };
		365381122B0EDA4400D5C39D /* PopUpLoading.swift in Sources */ = {isa = PBXBuildFile; fileRef = 365381112B0EDA4300D5C39D /* PopUpLoading.swift */; };
		365381142B0EDAFE00D5C39D /* Common.swift in Sources */ = {isa = PBXBuildFile; fileRef = 365381132B0EDAFE00D5C39D /* Common.swift */; };
		366BF7012B19BE2900C3F53D /* ProductSoTableViewCell.swift in Sources */ = {isa = PBXBuildFile; fileRef = 366BF6FF2B19BE2900C3F53D /* ProductSoTableViewCell.swift */; };
		366BF7022B19BE2900C3F53D /* ProductSoTableViewCell.xib in Resources */ = {isa = PBXBuildFile; fileRef = 366BF7002B19BE2900C3F53D /* ProductSoTableViewCell.xib */; };
		366BF7042B19DABC00C3F53D /* SetupHomeCellViewModel.swift in Sources */ = {isa = PBXBuildFile; fileRef = 366BF7032B19DABC00C3F53D /* SetupHomeCellViewModel.swift */; };
		366BF7062B19DACF00C3F53D /* HomeViewModel.swift in Sources */ = {isa = PBXBuildFile; fileRef = 366BF7052B19DACF00C3F53D /* HomeViewModel.swift */; };
		36A33DDA2AFCBC0300A951E7 /* EditProfileViewController.swift in Sources */ = {isa = PBXBuildFile; fileRef = 36A33DD82AFCBC0300A951E7 /* EditProfileViewController.swift */; };
		36A33DDB2AFCBC0300A951E7 /* EditProfileViewController.xib in Resources */ = {isa = PBXBuildFile; fileRef = 36A33DD92AFCBC0300A951E7 /* EditProfileViewController.xib */; };
		36A33E082AFCDA2300A951E7 /* APIManager.swift in Sources */ = {isa = PBXBuildFile; fileRef = 36A33E072AFCDA2300A951E7 /* APIManager.swift */; };
		36A33E0C2AFCEBBE00A951E7 /* SetupHomeTableViewCell.swift in Sources */ = {isa = PBXBuildFile; fileRef = 36A33E0A2AFCEBBE00A951E7 /* SetupHomeTableViewCell.swift */; };
		36A33E0D2AFCEBBE00A951E7 /* SetupHomeTableViewCell.xib in Resources */ = {isa = PBXBuildFile; fileRef = 36A33E0B2AFCEBBE00A951E7 /* SetupHomeTableViewCell.xib */; };
		36A33E1D2AFDD1DB00A951E7 /* ChatViewController.swift in Sources */ = {isa = PBXBuildFile; fileRef = 36A33E1B2AFDD1DB00A951E7 /* ChatViewController.swift */; };
		36A33E1E2AFDD1DB00A951E7 /* ChatViewController.xib in Resources */ = {isa = PBXBuildFile; fileRef = 36A33E1C2AFDD1DB00A951E7 /* ChatViewController.xib */; };
		36A33E212AFDE79900A951E7 /* HeaderCollectionViewCell.swift in Sources */ = {isa = PBXBuildFile; fileRef = 36A33E1F2AFDE79900A951E7 /* HeaderCollectionViewCell.swift */; };
		36A33E222AFDE79900A951E7 /* HeaderCollectionViewCell.xib in Resources */ = {isa = PBXBuildFile; fileRef = 36A33E202AFDE79900A951E7 /* HeaderCollectionViewCell.xib */; };
		36A33E262AFE040B00A951E7 /* CategoryListCollectionViewCell.swift in Sources */ = {isa = PBXBuildFile; fileRef = 36A33E242AFE040B00A951E7 /* CategoryListCollectionViewCell.swift */; };
		36A33E272AFE040B00A951E7 /* CategoryListCollectionViewCell.xib in Resources */ = {isa = PBXBuildFile; fileRef = 36A33E252AFE040B00A951E7 /* CategoryListCollectionViewCell.xib */; };
		36A33E332B01ACCC00A951E7 /* UIViewControllerExt.swift in Sources */ = {isa = PBXBuildFile; fileRef = 36A33E322B01ACCC00A951E7 /* UIViewControllerExt.swift */; };
		36A33E372B01CDF600A951E7 /* TokenService.swift in Sources */ = {isa = PBXBuildFile; fileRef = 36A33E362B01CDF600A951E7 /* TokenService.swift */; };
		36BD8FB02B14301000101014 /* UserService.swift in Sources */ = {isa = PBXBuildFile; fileRef = 36BD8FAF2B14301000101014 /* UserService.swift */; };
		36BD8FB22B144CCA00101014 /* CoreDataStack.swift in Sources */ = {isa = PBXBuildFile; fileRef = 36BD8FB12B144CCA00101014 /* CoreDataStack.swift */; };
		36BD8FB42B14533000101014 /* CheckOutModel.swift in Sources */ = {isa = PBXBuildFile; fileRef = 36BD8FB32B14533000101014 /* CheckOutModel.swift */; };
		36BD8FB62B14539E00101014 /* ItemModel.swift in Sources */ = {isa = PBXBuildFile; fileRef = 36BD8FB52B14539E00101014 /* ItemModel.swift */; };
		36BD8FBF2B149F9600101014 /* ListitemsTableViewCell.swift in Sources */ = {isa = PBXBuildFile; fileRef = 36BD8FBD2B149F9600101014 /* ListitemsTableViewCell.swift */; };
		36BD8FC02B149F9600101014 /* ListitemsTableViewCell.xib in Resources */ = {isa = PBXBuildFile; fileRef = 36BD8FBE2B149F9600101014 /* ListitemsTableViewCell.xib */; };
		36BD8FC42B149FC100101014 /* OtherItemCheckOutDetailsTableViewCell.swift in Sources */ = {isa = PBXBuildFile; fileRef = 36BD8FC22B149FC100101014 /* OtherItemCheckOutDetailsTableViewCell.swift */; };
		36BD8FC52B149FC100101014 /* OtherItemCheckOutDetailsTableViewCell.xib in Resources */ = {isa = PBXBuildFile; fileRef = 36BD8FC32B149FC100101014 /* OtherItemCheckOutDetailsTableViewCell.xib */; };
		36BD8FD02B1584CB00101014 /* CheckOutViewController.swift in Sources */ = {isa = PBXBuildFile; fileRef = 36BD8FCE2B1584CB00101014 /* CheckOutViewController.swift */; };
		36BD8FD12B1584CB00101014 /* CheckOutViewController.xib in Resources */ = {isa = PBXBuildFile; fileRef = 36BD8FCF2B1584CB00101014 /* CheckOutViewController.xib */; };
		36BD8FDA2B15D33100101014 /* CustomPINViewController.swift in Sources */ = {isa = PBXBuildFile; fileRef = 36BD8FD82B15D33100101014 /* CustomPINViewController.swift */; };
		36BD8FDB2B15D33100101014 /* CustomPINViewController.xib in Resources */ = {isa = PBXBuildFile; fileRef = 36BD8FD92B15D33100101014 /* CustomPINViewController.xib */; };
		36BD8FDD2B15E78B00101014 /* FaceID.swift in Sources */ = {isa = PBXBuildFile; fileRef = 36BD8FDC2B15E78B00101014 /* FaceID.swift */; };
		36BD8FE12B16E33900101014 /* YourOrdersViewController.swift in Sources */ = {isa = PBXBuildFile; fileRef = 36BD8FDF2B16E33900101014 /* YourOrdersViewController.swift */; };
		36BD8FE22B16E33900101014 /* YourOrdersViewController.xib in Resources */ = {isa = PBXBuildFile; fileRef = 36BD8FE02B16E33900101014 /* YourOrdersViewController.xib */; };
		36BD8FE82B16E39C00101014 /* YourOrdersTableViewCell.swift in Sources */ = {isa = PBXBuildFile; fileRef = 36BD8FE62B16E39C00101014 /* YourOrdersTableViewCell.swift */; };
		36BD8FE92B16E39C00101014 /* YourOrdersTableViewCell.xib in Resources */ = {isa = PBXBuildFile; fileRef = 36BD8FE72B16E39C00101014 /* YourOrdersTableViewCell.xib */; };
		36BD8FED2B16EC2E00101014 /* OrderDetailsViewController.swift in Sources */ = {isa = PBXBuildFile; fileRef = 36BD8FEB2B16EC2E00101014 /* OrderDetailsViewController.swift */; };
		36BD8FEE2B16EC2E00101014 /* OrderDetailsViewController.xib in Resources */ = {isa = PBXBuildFile; fileRef = 36BD8FEC2B16EC2E00101014 /* OrderDetailsViewController.xib */; };
		36BD8FF22B16EDB500101014 /* OrderDetailScreenOneTableViewCell.swift in Sources */ = {isa = PBXBuildFile; fileRef = 36BD8FF02B16EDB500101014 /* OrderDetailScreenOneTableViewCell.swift */; };
		36BD8FF32B16EDB500101014 /* OrderDetailScreenOneTableViewCell.xib in Resources */ = {isa = PBXBuildFile; fileRef = 36BD8FF12B16EDB500101014 /* OrderDetailScreenOneTableViewCell.xib */; };
		36BD8FF92B16F15600101014 /* ListOrderDetailTableViewCell.swift in Sources */ = {isa = PBXBuildFile; fileRef = 36BD8FF72B16F15600101014 /* ListOrderDetailTableViewCell.swift */; };
		36BD8FFA2B16F15600101014 /* ListOrderDetailTableViewCell.xib in Resources */ = {isa = PBXBuildFile; fileRef = 36BD8FF82B16F15600101014 /* ListOrderDetailTableViewCell.xib */; };
		36BD8FFE2B16F2E000101014 /* OtherOrderDetailTableViewCell.swift in Sources */ = {isa = PBXBuildFile; fileRef = 36BD8FFC2B16F2E000101014 /* OtherOrderDetailTableViewCell.swift */; };
		36BD8FFF2B16F2E000101014 /* OtherOrderDetailTableViewCell.xib in Resources */ = {isa = PBXBuildFile; fileRef = 36BD8FFD2B16F2E000101014 /* OtherOrderDetailTableViewCell.xib */; };
		36BD90032B16F37700101014 /* StatusOrderTableViewCell.swift in Sources */ = {isa = PBXBuildFile; fileRef = 36BD90012B16F37700101014 /* StatusOrderTableViewCell.swift */; };
		36BD90042B16F37700101014 /* StatusOrderTableViewCell.xib in Resources */ = {isa = PBXBuildFile; fileRef = 36BD90022B16F37700101014 /* StatusOrderTableViewCell.xib */; };
		36BD900D2B1724AC00101014 /* ExpiredTimerPaymentTableViewCell.swift in Sources */ = {isa = PBXBuildFile; fileRef = 36BD900B2B1724AC00101014 /* ExpiredTimerPaymentTableViewCell.swift */; };
		36BD900E2B1724AC00101014 /* ExpiredTimerPaymentTableViewCell.xib in Resources */ = {isa = PBXBuildFile; fileRef = 36BD900C2B1724AC00101014 /* ExpiredTimerPaymentTableViewCell.xib */; };
		36BD90112B17272300101014 /* PaymentProcessViewController.swift in Sources */ = {isa = PBXBuildFile; fileRef = 36BD900F2B17272300101014 /* PaymentProcessViewController.swift */; };
		36BD90122B17272300101014 /* PaymentProcessViewController.xib in Resources */ = {isa = PBXBuildFile; fileRef = 36BD90102B17272300101014 /* PaymentProcessViewController.xib */; };
		36BD90162B172F1700101014 /* AccoountVATableViewCell.swift in Sources */ = {isa = PBXBuildFile; fileRef = 36BD90142B172F1700101014 /* AccoountVATableViewCell.swift */; };
		36BD90172B172F1700101014 /* AccoountVATableViewCell.xib in Resources */ = {isa = PBXBuildFile; fileRef = 36BD90152B172F1700101014 /* AccoountVATableViewCell.xib */; };
		36BD901C2B181B8B00101014 /* CencelPaymentTableViewCell.swift in Sources */ = {isa = PBXBuildFile; fileRef = 36BD901A2B181B8B00101014 /* CencelPaymentTableViewCell.swift */; };
		36BD901D2B181B8B00101014 /* CencelPaymentTableViewCell.xib in Resources */ = {isa = PBXBuildFile; fileRef = 36BD901B2B181B8B00101014 /* CencelPaymentTableViewCell.xib */; };
		36BD90232B18311600101014 /* BCAResponse.swift in Sources */ = {isa = PBXBuildFile; fileRef = 36BD90222B18311600101014 /* BCAResponse.swift */; };
		36BD90312B1835FC00101014 /* PaymentGateWayEndPoint.swift in Sources */ = {isa = PBXBuildFile; fileRef = 36BD90302B1835FB00101014 /* PaymentGateWayEndPoint.swift */; };
		36BD90332B18455900101014 /* CheckOutExtention.swift in Sources */ = {isa = PBXBuildFile; fileRef = 36BD90322B18455900101014 /* CheckOutExtention.swift */; };
		36BD90352B18456F00101014 /* CheckOutViewModel.swift in Sources */ = {isa = PBXBuildFile; fileRef = 36BD90342B18456F00101014 /* CheckOutViewModel.swift */; };
		36BD90372B1845C900101014 /* APIManagerPaymentGateWay.swift in Sources */ = {isa = PBXBuildFile; fileRef = 36BD90362B1845C900101014 /* APIManagerPaymentGateWay.swift */; };
		36BD903B2B1873F400101014 /* BCAParam.swift in Sources */ = {isa = PBXBuildFile; fileRef = 36BD903A2B1873F400101014 /* BCAParam.swift */; };
		36BD903F2B196E4D00101014 /* HomeSoViewController.swift in Sources */ = {isa = PBXBuildFile; fileRef = 36BD903D2B196E4D00101014 /* HomeSoViewController.swift */; };
		36BD90402B196E4D00101014 /* HomeSoViewController.xib in Resources */ = {isa = PBXBuildFile; fileRef = 36BD903E2B196E4D00101014 /* HomeSoViewController.xib */; };
		36BD90482B196ED500101014 /* HeaderSoTableViewCell.swift in Sources */ = {isa = PBXBuildFile; fileRef = 36BD90462B196ED500101014 /* HeaderSoTableViewCell.swift */; };
		36BD90492B196ED500101014 /* HeaderSoTableViewCell.xib in Resources */ = {isa = PBXBuildFile; fileRef = 36BD90472B196ED500101014 /* HeaderSoTableViewCell.xib */; };
		36BD904D2B1971A700101014 /* CategorySoTableViewCell.swift in Sources */ = {isa = PBXBuildFile; fileRef = 36BD904B2B1971A700101014 /* CategorySoTableViewCell.swift */; };
		36BD904E2B1971A700101014 /* CategorySoTableViewCell.xib in Resources */ = {isa = PBXBuildFile; fileRef = 36BD904C2B1971A700101014 /* CategorySoTableViewCell.xib */; };
		36BD90522B1972BD00101014 /* CategorySoCollectionViewCell.swift in Sources */ = {isa = PBXBuildFile; fileRef = 36BD90502B1972BD00101014 /* CategorySoCollectionViewCell.swift */; };
		36BD90532B1972BD00101014 /* CategorySoCollectionViewCell.xib in Resources */ = {isa = PBXBuildFile; fileRef = 36BD90512B1972BD00101014 /* CategorySoCollectionViewCell.xib */; };
		36BD90582B1978FA00101014 /* PopularSoTableViewCell.swift in Sources */ = {isa = PBXBuildFile; fileRef = 36BD90562B1978FA00101014 /* PopularSoTableViewCell.swift */; };
		36BD90592B1978FA00101014 /* PopularSoTableViewCell.xib in Resources */ = {isa = PBXBuildFile; fileRef = 36BD90572B1978FA00101014 /* PopularSoTableViewCell.xib */; };
		36BD905C2B19791500101014 /* PopularSoCollectionViewCell.swift in Sources */ = {isa = PBXBuildFile; fileRef = 36BD905A2B19791500101014 /* PopularSoCollectionViewCell.swift */; };
		36BD905D2B19791500101014 /* PopularSoCollectionViewCell.xib in Resources */ = {isa = PBXBuildFile; fileRef = 36BD905B2B19791500101014 /* PopularSoCollectionViewCell.xib */; };
		36BD90602B197D1600101014 /* CustomHeaderTableView.swift in Sources */ = {isa = PBXBuildFile; fileRef = 36BD905F2B197D1600101014 /* CustomHeaderTableView.swift */; };
		36FBF6172B045B7A0070A476 /* PopularProductTableViewCell.swift in Sources */ = {isa = PBXBuildFile; fileRef = 36FBF6152B045B7A0070A476 /* PopularProductTableViewCell.swift */; };
		36FBF6182B045B7A0070A476 /* PopularProductTableViewCell.xib in Resources */ = {isa = PBXBuildFile; fileRef = 36FBF6162B045B7A0070A476 /* PopularProductTableViewCell.xib */; };
		36FBF6262B0469B50070A476 /* PopularProductCollectionViewCell.swift in Sources */ = {isa = PBXBuildFile; fileRef = 36FBF6242B0469B50070A476 /* PopularProductCollectionViewCell.swift */; };
		36FBF6272B0469B50070A476 /* PopularProductCollectionViewCell.xib in Resources */ = {isa = PBXBuildFile; fileRef = 36FBF6252B0469B50070A476 /* PopularProductCollectionViewCell.xib */; };
		36FBF6322B04D48B0070A476 /* DetailProductViewController.swift in Sources */ = {isa = PBXBuildFile; fileRef = 36FBF6302B04D48B0070A476 /* DetailProductViewController.swift */; };
		36FBF6332B04D48B0070A476 /* DetailProductViewController.xib in Resources */ = {isa = PBXBuildFile; fileRef = 36FBF6312B04D48B0070A476 /* DetailProductViewController.xib */; };
		36FBF6392B04D8200070A476 /* DetailProductCollectionViewCell.swift in Sources */ = {isa = PBXBuildFile; fileRef = 36FBF6372B04D8200070A476 /* DetailProductCollectionViewCell.swift */; };
		36FBF63A2B04D8200070A476 /* DetailProductCollectionViewCell.xib in Resources */ = {isa = PBXBuildFile; fileRef = 36FBF6382B04D8200070A476 /* DetailProductCollectionViewCell.xib */; };
		36FBF63E2B05BAF40070A476 /* CustomPageControl.swift in Sources */ = {isa = PBXBuildFile; fileRef = 36FBF63D2B05BAF40070A476 /* CustomPageControl.swift */; };
		36FBF6402B05CD7E0070A476 /* Poppins-SemiBold.ttf in Resources */ = {isa = PBXBuildFile; fileRef = 36FBF63F2B05CD7E0070A476 /* Poppins-SemiBold.ttf */; };
		36FBF6442B05D8360070A476 /* FimiliarShoesCollectionViewCell.swift in Sources */ = {isa = PBXBuildFile; fileRef = 36FBF6422B05D8360070A476 /* FimiliarShoesCollectionViewCell.swift */; };
		36FBF6452B05D8360070A476 /* FimiliarShoesCollectionViewCell.xib in Resources */ = {isa = PBXBuildFile; fileRef = 36FBF6432B05D8360070A476 /* FimiliarShoesCollectionViewCell.xib */; };
		7500DC18DAF17C72E7665C21 /* Pods_Shoee.framework in Frameworks */ = {isa = PBXBuildFile; fileRef = 378254694C014CEDCEB8DC88 /* Pods_Shoee.framework */; };
/* End PBXBuildFile section */

/* Begin PBXFileReference section */
		3633576C2B108DEC00A952E3 /* CustomSlideMessageViewController.swift */ = {isa = PBXFileReference; lastKnownFileType = sourcecode.swift; path = CustomSlideMessageViewController.swift; sourceTree = "<group>"; };
		3633576D2B108DEC00A952E3 /* CustomSlideMessageViewController.xib */ = {isa = PBXFileReference; lastKnownFileType = file.xib; path = CustomSlideMessageViewController.xib; sourceTree = "<group>"; };
		363357712B10A55200A952E3 /* CartTableViewCell.swift */ = {isa = PBXFileReference; lastKnownFileType = sourcecode.swift; path = CartTableViewCell.swift; sourceTree = "<group>"; };
		363357722B10A55200A952E3 /* CartTableViewCell.xib */ = {isa = PBXFileReference; lastKnownFileType = file.xib; path = CartTableViewCell.xib; sourceTree = "<group>"; };
		36498CD72B0752C100A1A5DA /* LogoutResponse.swift */ = {isa = PBXFileReference; lastKnownFileType = sourcecode.swift; path = LogoutResponse.swift; sourceTree = "<group>"; };
		364E40F22B071723001EB357 /* LoginParam.swift */ = {isa = PBXFileReference; lastKnownFileType = sourcecode.swift; path = LoginParam.swift; sourceTree = "<group>"; };
		364E40F42B071AA5001EB357 /* RegisterParam.swift */ = {isa = PBXFileReference; lastKnownFileType = sourcecode.swift; path = RegisterParam.swift; sourceTree = "<group>"; };
		364E40F62B071C84001EB357 /* LoginResponse.swift */ = {isa = PBXFileReference; lastKnownFileType = sourcecode.swift; path = LoginResponse.swift; sourceTree = "<group>"; };
		364E40F82B071D81001EB357 /* MetaModel.swift */ = {isa = PBXFileReference; lastKnownFileType = sourcecode.swift; path = MetaModel.swift; sourceTree = "<group>"; };
		364E40FA2B071EF3001EB357 /* UserResponse.swift */ = {isa = PBXFileReference; lastKnownFileType = sourcecode.swift; path = UserResponse.swift; sourceTree = "<group>"; };
		364E40FE2B0720C6001EB357 /* UserModel.swift */ = {isa = PBXFileReference; lastKnownFileType = sourcecode.swift; path = UserModel.swift; sourceTree = "<group>"; };
		364E41002B072146001EB357 /* DataClassModel.swift */ = {isa = PBXFileReference; lastKnownFileType = sourcecode.swift; path = DataClassModel.swift; sourceTree = "<group>"; };
		364E41022B0721CB001EB357 /* RegisterResponse.swift */ = {isa = PBXFileReference; lastKnownFileType = sourcecode.swift; path = RegisterResponse.swift; sourceTree = "<group>"; };
		364E41042B072231001EB357 /* CategoryResponse.swift */ = {isa = PBXFileReference; lastKnownFileType = sourcecode.swift; path = CategoryResponse.swift; sourceTree = "<group>"; };
		364E41062B07225A001EB357 /* CategoryModel.swift */ = {isa = PBXFileReference; lastKnownFileType = sourcecode.swift; path = CategoryModel.swift; sourceTree = "<group>"; };
		364E41082B07393F001EB357 /* EndPoint.swift */ = {isa = PBXFileReference; lastKnownFileType = sourcecode.swift; path = EndPoint.swift; sourceTree = "<group>"; };
		36510FE52AFB7A9E00A5D6F4 /* Shoee.app */ = {isa = PBXFileReference; explicitFileType = wrapper.application; includeInIndex = 0; path = Shoee.app; sourceTree = BUILT_PRODUCTS_DIR; };
		36510FE82AFB7A9E00A5D6F4 /* AppDelegate.swift */ = {isa = PBXFileReference; lastKnownFileType = sourcecode.swift; path = AppDelegate.swift; sourceTree = "<group>"; };
		36510FEA2AFB7A9E00A5D6F4 /* SceneDelegate.swift */ = {isa = PBXFileReference; lastKnownFileType = sourcecode.swift; path = SceneDelegate.swift; sourceTree = "<group>"; };
		36510FEC2AFB7A9E00A5D6F4 /* ViewController.swift */ = {isa = PBXFileReference; lastKnownFileType = sourcecode.swift; path = ViewController.swift; sourceTree = "<group>"; };
		36510FF22AFB7A9E00A5D6F4 /* Shoee.xcdatamodel */ = {isa = PBXFileReference; lastKnownFileType = wrapper.xcdatamodel; path = Shoee.xcdatamodel; sourceTree = "<group>"; };
		36510FF42AFB7AA000A5D6F4 /* Assets.xcassets */ = {isa = PBXFileReference; lastKnownFileType = folder.assetcatalog; path = Assets.xcassets; sourceTree = "<group>"; };
		36510FF72AFB7AA000A5D6F4 /* Base */ = {isa = PBXFileReference; lastKnownFileType = file.storyboard; name = Base; path = Base.lproj/LaunchScreen.storyboard; sourceTree = "<group>"; };
		36510FF92AFB7AA000A5D6F4 /* Info.plist */ = {isa = PBXFileReference; lastKnownFileType = text.plist.xml; path = Info.plist; sourceTree = "<group>"; };
		365110152AFB7BD200A5D6F4 /* CustomTextField.swift */ = {isa = PBXFileReference; lastKnownFileType = sourcecode.swift; path = CustomTextField.swift; sourceTree = "<group>"; };
		365110172AFB7BEB00A5D6F4 /* CustomTextField.xib */ = {isa = PBXFileReference; lastKnownFileType = file.xib; path = CustomTextField.xib; sourceTree = "<group>"; };
		365110192AFB7F1500A5D6F4 /* ViewExt.swift */ = {isa = PBXFileReference; lastKnownFileType = sourcecode.swift; path = ViewExt.swift; sourceTree = "<group>"; };
		3651101C2AFB7F9D00A5D6F4 /* LoginViewController.swift */ = {isa = PBXFileReference; lastKnownFileType = sourcecode.swift; path = LoginViewController.swift; sourceTree = "<group>"; };
		3651101D2AFB7F9D00A5D6F4 /* LoginViewController.xib */ = {isa = PBXFileReference; lastKnownFileType = file.xib; path = LoginViewController.xib; sourceTree = "<group>"; };
		365110202AFB801000A5D6F4 /* Poppins-Light.ttf */ = {isa = PBXFileReference; lastKnownFileType = file; path = "Poppins-Light.ttf"; sourceTree = "<group>"; };
		365110212AFB801000A5D6F4 /* Poppins-Bold.ttf */ = {isa = PBXFileReference; lastKnownFileType = file; path = "Poppins-Bold.ttf"; sourceTree = "<group>"; };
		365110222AFB801000A5D6F4 /* Poppins-Regular.ttf */ = {isa = PBXFileReference; lastKnownFileType = file; path = "Poppins-Regular.ttf"; sourceTree = "<group>"; };
		365110232AFB801000A5D6F4 /* Poppins-Thin.ttf */ = {isa = PBXFileReference; lastKnownFileType = file; path = "Poppins-Thin.ttf"; sourceTree = "<group>"; };
		365110242AFB801000A5D6F4 /* Poppins-ExtraLight.ttf */ = {isa = PBXFileReference; lastKnownFileType = file; path = "Poppins-ExtraLight.ttf"; sourceTree = "<group>"; };
		365110252AFB801100A5D6F4 /* Poppins-ExtraBold.ttf */ = {isa = PBXFileReference; lastKnownFileType = file; path = "Poppins-ExtraBold.ttf"; sourceTree = "<group>"; };
		3651102D2AFB9E4D00A5D6F4 /* SignUpViewController.swift */ = {isa = PBXFileReference; lastKnownFileType = sourcecode.swift; path = SignUpViewController.swift; sourceTree = "<group>"; };
		3651102E2AFB9E4D00A5D6F4 /* SignUpViewController.xib */ = {isa = PBXFileReference; lastKnownFileType = file.xib; path = SignUpViewController.xib; sourceTree = "<group>"; };
		365110322AFBA3EE00A5D6F4 /* HomeViewController.swift */ = {isa = PBXFileReference; indentWidth = 4; lastKnownFileType = sourcecode.swift; path = HomeViewController.swift; sourceTree = "<group>"; tabWidth = 4; usesTabs = 1; };
		365110332AFBA3EE00A5D6F4 /* HomeViewController.xib */ = {isa = PBXFileReference; lastKnownFileType = file.xib; path = HomeViewController.xib; sourceTree = "<group>"; };
		365110392AFC64EF00A5D6F4 /* CustomMainTabBar.swift */ = {isa = PBXFileReference; lastKnownFileType = sourcecode.swift; path = CustomMainTabBar.swift; sourceTree = "<group>"; };
		365110442AFC9B8300A5D6F4 /* FavoriteViewController.swift */ = {isa = PBXFileReference; lastKnownFileType = sourcecode.swift; path = FavoriteViewController.swift; sourceTree = "<group>"; };
		365110452AFC9B8300A5D6F4 /* FavoriteViewController.xib */ = {isa = PBXFileReference; lastKnownFileType = file.xib; path = FavoriteViewController.xib; sourceTree = "<group>"; };
		365110482AFC9BA900A5D6F4 /* ProfileViewController.swift */ = {isa = PBXFileReference; lastKnownFileType = sourcecode.swift; path = ProfileViewController.swift; sourceTree = "<group>"; };
		365110492AFC9BA900A5D6F4 /* ProfileViewController.xib */ = {isa = PBXFileReference; lastKnownFileType = file.xib; path = ProfileViewController.xib; sourceTree = "<group>"; };
		365380B92B0763CD00D5C39D /* CategoryService.swift */ = {isa = PBXFileReference; lastKnownFileType = sourcecode.swift; path = CategoryService.swift; sourceTree = "<group>"; };
		365380BB2B07896700D5C39D /* ProductResponse.swift */ = {isa = PBXFileReference; lastKnownFileType = sourcecode.swift; path = ProductResponse.swift; sourceTree = "<group>"; };
		365380BD2B0789A300D5C39D /* ProductModel.swift */ = {isa = PBXFileReference; lastKnownFileType = sourcecode.swift; path = ProductModel.swift; sourceTree = "<group>"; };
		365380BF2B078C8600D5C39D /* GalleryModel.swift */ = {isa = PBXFileReference; lastKnownFileType = sourcecode.swift; path = GalleryModel.swift; sourceTree = "<group>"; };
		365380C32B0B069000D5C39D /* ProductsService.swift */ = {isa = PBXFileReference; lastKnownFileType = sourcecode.swift; path = ProductsService.swift; sourceTree = "<group>"; };
		365380C82B0C7FF300D5C39D /* CustomViewPopUp.swift */ = {isa = PBXFileReference; lastKnownFileType = sourcecode.swift; path = CustomViewPopUp.swift; sourceTree = "<group>"; };
		365380CA2B0C801300D5C39D /* CustomViewPopUp.xib */ = {isa = PBXFileReference; lastKnownFileType = file.xib; path = CustomViewPopUp.xib; sourceTree = "<group>"; };
		365380FA2B0D8C6200D5C39D /* LoginViewModel.swift */ = {isa = PBXFileReference; lastKnownFileType = sourcecode.swift; path = LoginViewModel.swift; sourceTree = "<group>"; };
		365380FC2B0D8FB100D5C39D /* LoginViewExtention.swift */ = {isa = PBXFileReference; lastKnownFileType = sourcecode.swift; path = LoginViewExtention.swift; sourceTree = "<group>"; };
		365380FE2B0D913600D5C39D /* SignUpViewModel.swift */ = {isa = PBXFileReference; lastKnownFileType = sourcecode.swift; path = SignUpViewModel.swift; sourceTree = "<group>"; };
		365381012B0D919500D5C39D /* SignUpViewExtention.swift */ = {isa = PBXFileReference; lastKnownFileType = sourcecode.swift; path = SignUpViewExtention.swift; sourceTree = "<group>"; };
		365381032B0DA4B200D5C39D /* CartViewController.swift */ = {isa = PBXFileReference; lastKnownFileType = sourcecode.swift; path = CartViewController.swift; sourceTree = "<group>"; };
		365381042B0DA4B200D5C39D /* CartViewController.xib */ = {isa = PBXFileReference; lastKnownFileType = file.xib; path = CartViewController.xib; sourceTree = "<group>"; };
		365381092B0E003500D5C39D /* EmptyTableViewCell.swift */ = {isa = PBXFileReference; lastKnownFileType = sourcecode.swift; path = EmptyTableViewCell.swift; sourceTree = "<group>"; };
		3653810A2B0E003500D5C39D /* EmptyTableViewCell.xib */ = {isa = PBXFileReference; lastKnownFileType = file.xib; path = EmptyTableViewCell.xib; sourceTree = "<group>"; };
		3653810D2B0E047F00D5C39D /* FavoriteTableViewCell.swift */ = {isa = PBXFileReference; lastKnownFileType = sourcecode.swift; path = FavoriteTableViewCell.swift; sourceTree = "<group>"; };
		3653810E2B0E047F00D5C39D /* FavoriteTableViewCell.xib */ = {isa = PBXFileReference; lastKnownFileType = file.xib; path = FavoriteTableViewCell.xib; sourceTree = "<group>"; };
		365381112B0EDA4300D5C39D /* PopUpLoading.swift */ = {isa = PBXFileReference; lastKnownFileType = sourcecode.swift; path = PopUpLoading.swift; sourceTree = "<group>"; };
		365381132B0EDAFE00D5C39D /* Common.swift */ = {isa = PBXFileReference; lastKnownFileType = sourcecode.swift; path = Common.swift; sourceTree = "<group>"; };
		366BF6FF2B19BE2900C3F53D /* ProductSoTableViewCell.swift */ = {isa = PBXFileReference; lastKnownFileType = sourcecode.swift; path = ProductSoTableViewCell.swift; sourceTree = "<group>"; };
		366BF7002B19BE2900C3F53D /* ProductSoTableViewCell.xib */ = {isa = PBXFileReference; lastKnownFileType = file.xib; path = ProductSoTableViewCell.xib; sourceTree = "<group>"; };
		366BF7032B19DABC00C3F53D /* SetupHomeCellViewModel.swift */ = {isa = PBXFileReference; lastKnownFileType = sourcecode.swift; path = SetupHomeCellViewModel.swift; sourceTree = "<group>"; };
		366BF7052B19DACF00C3F53D /* HomeViewModel.swift */ = {isa = PBXFileReference; lastKnownFileType = sourcecode.swift; path = HomeViewModel.swift; sourceTree = "<group>"; };
		36A33DD82AFCBC0300A951E7 /* EditProfileViewController.swift */ = {isa = PBXFileReference; lastKnownFileType = sourcecode.swift; path = EditProfileViewController.swift; sourceTree = "<group>"; };
		36A33DD92AFCBC0300A951E7 /* EditProfileViewController.xib */ = {isa = PBXFileReference; lastKnownFileType = file.xib; path = EditProfileViewController.xib; sourceTree = "<group>"; };
		36A33E072AFCDA2300A951E7 /* APIManager.swift */ = {isa = PBXFileReference; lastKnownFileType = sourcecode.swift; path = APIManager.swift; sourceTree = "<group>"; };
		36A33E0A2AFCEBBE00A951E7 /* SetupHomeTableViewCell.swift */ = {isa = PBXFileReference; lastKnownFileType = sourcecode.swift; path = SetupHomeTableViewCell.swift; sourceTree = "<group>"; };
		36A33E0B2AFCEBBE00A951E7 /* SetupHomeTableViewCell.xib */ = {isa = PBXFileReference; lastKnownFileType = file.xib; path = SetupHomeTableViewCell.xib; sourceTree = "<group>"; };
		36A33E1B2AFDD1DB00A951E7 /* ChatViewController.swift */ = {isa = PBXFileReference; lastKnownFileType = sourcecode.swift; path = ChatViewController.swift; sourceTree = "<group>"; };
		36A33E1C2AFDD1DB00A951E7 /* ChatViewController.xib */ = {isa = PBXFileReference; lastKnownFileType = file.xib; path = ChatViewController.xib; sourceTree = "<group>"; };
		36A33E1F2AFDE79900A951E7 /* HeaderCollectionViewCell.swift */ = {isa = PBXFileReference; lastKnownFileType = sourcecode.swift; path = HeaderCollectionViewCell.swift; sourceTree = "<group>"; };
		36A33E202AFDE79900A951E7 /* HeaderCollectionViewCell.xib */ = {isa = PBXFileReference; lastKnownFileType = file.xib; path = HeaderCollectionViewCell.xib; sourceTree = "<group>"; };
		36A33E242AFE040B00A951E7 /* CategoryListCollectionViewCell.swift */ = {isa = PBXFileReference; lastKnownFileType = sourcecode.swift; path = CategoryListCollectionViewCell.swift; sourceTree = "<group>"; };
		36A33E252AFE040B00A951E7 /* CategoryListCollectionViewCell.xib */ = {isa = PBXFileReference; lastKnownFileType = file.xib; path = CategoryListCollectionViewCell.xib; sourceTree = "<group>"; };
		36A33E322B01ACCC00A951E7 /* UIViewControllerExt.swift */ = {isa = PBXFileReference; lastKnownFileType = sourcecode.swift; path = UIViewControllerExt.swift; sourceTree = "<group>"; };
		36A33E362B01CDF600A951E7 /* TokenService.swift */ = {isa = PBXFileReference; lastKnownFileType = sourcecode.swift; path = TokenService.swift; sourceTree = "<group>"; };
		36BD8FAF2B14301000101014 /* UserService.swift */ = {isa = PBXFileReference; lastKnownFileType = sourcecode.swift; path = UserService.swift; sourceTree = "<group>"; };
		36BD8FB12B144CCA00101014 /* CoreDataStack.swift */ = {isa = PBXFileReference; lastKnownFileType = sourcecode.swift; path = CoreDataStack.swift; sourceTree = "<group>"; };
		36BD8FB32B14533000101014 /* CheckOutModel.swift */ = {isa = PBXFileReference; lastKnownFileType = sourcecode.swift; path = CheckOutModel.swift; sourceTree = "<group>"; };
		36BD8FB52B14539E00101014 /* ItemModel.swift */ = {isa = PBXFileReference; lastKnownFileType = sourcecode.swift; path = ItemModel.swift; sourceTree = "<group>"; };
		36BD8FBD2B149F9600101014 /* ListitemsTableViewCell.swift */ = {isa = PBXFileReference; lastKnownFileType = sourcecode.swift; path = ListitemsTableViewCell.swift; sourceTree = "<group>"; };
		36BD8FBE2B149F9600101014 /* ListitemsTableViewCell.xib */ = {isa = PBXFileReference; lastKnownFileType = file.xib; path = ListitemsTableViewCell.xib; sourceTree = "<group>"; };
		36BD8FC22B149FC100101014 /* OtherItemCheckOutDetailsTableViewCell.swift */ = {isa = PBXFileReference; lastKnownFileType = sourcecode.swift; path = OtherItemCheckOutDetailsTableViewCell.swift; sourceTree = "<group>"; };
		36BD8FC32B149FC100101014 /* OtherItemCheckOutDetailsTableViewCell.xib */ = {isa = PBXFileReference; lastKnownFileType = file.xib; path = OtherItemCheckOutDetailsTableViewCell.xib; sourceTree = "<group>"; };
		36BD8FCE2B1584CB00101014 /* CheckOutViewController.swift */ = {isa = PBXFileReference; lastKnownFileType = sourcecode.swift; path = CheckOutViewController.swift; sourceTree = "<group>"; };
		36BD8FCF2B1584CB00101014 /* CheckOutViewController.xib */ = {isa = PBXFileReference; lastKnownFileType = file.xib; path = CheckOutViewController.xib; sourceTree = "<group>"; };
		36BD8FD82B15D33100101014 /* CustomPINViewController.swift */ = {isa = PBXFileReference; lastKnownFileType = sourcecode.swift; path = CustomPINViewController.swift; sourceTree = "<group>"; };
		36BD8FD92B15D33100101014 /* CustomPINViewController.xib */ = {isa = PBXFileReference; lastKnownFileType = file.xib; path = CustomPINViewController.xib; sourceTree = "<group>"; };
		36BD8FDC2B15E78B00101014 /* FaceID.swift */ = {isa = PBXFileReference; lastKnownFileType = sourcecode.swift; path = FaceID.swift; sourceTree = "<group>"; };
		36BD8FDF2B16E33900101014 /* YourOrdersViewController.swift */ = {isa = PBXFileReference; lastKnownFileType = sourcecode.swift; path = YourOrdersViewController.swift; sourceTree = "<group>"; };
		36BD8FE02B16E33900101014 /* YourOrdersViewController.xib */ = {isa = PBXFileReference; lastKnownFileType = file.xib; path = YourOrdersViewController.xib; sourceTree = "<group>"; };
		36BD8FE62B16E39C00101014 /* YourOrdersTableViewCell.swift */ = {isa = PBXFileReference; lastKnownFileType = sourcecode.swift; path = YourOrdersTableViewCell.swift; sourceTree = "<group>"; };
		36BD8FE72B16E39C00101014 /* YourOrdersTableViewCell.xib */ = {isa = PBXFileReference; lastKnownFileType = file.xib; path = YourOrdersTableViewCell.xib; sourceTree = "<group>"; };
		36BD8FEB2B16EC2E00101014 /* OrderDetailsViewController.swift */ = {isa = PBXFileReference; lastKnownFileType = sourcecode.swift; path = OrderDetailsViewController.swift; sourceTree = "<group>"; };
		36BD8FEC2B16EC2E00101014 /* OrderDetailsViewController.xib */ = {isa = PBXFileReference; lastKnownFileType = file.xib; path = OrderDetailsViewController.xib; sourceTree = "<group>"; };
		36BD8FF02B16EDB500101014 /* OrderDetailScreenOneTableViewCell.swift */ = {isa = PBXFileReference; lastKnownFileType = sourcecode.swift; path = OrderDetailScreenOneTableViewCell.swift; sourceTree = "<group>"; };
		36BD8FF12B16EDB500101014 /* OrderDetailScreenOneTableViewCell.xib */ = {isa = PBXFileReference; lastKnownFileType = file.xib; path = OrderDetailScreenOneTableViewCell.xib; sourceTree = "<group>"; };
		36BD8FF72B16F15600101014 /* ListOrderDetailTableViewCell.swift */ = {isa = PBXFileReference; lastKnownFileType = sourcecode.swift; path = ListOrderDetailTableViewCell.swift; sourceTree = "<group>"; };
		36BD8FF82B16F15600101014 /* ListOrderDetailTableViewCell.xib */ = {isa = PBXFileReference; lastKnownFileType = file.xib; path = ListOrderDetailTableViewCell.xib; sourceTree = "<group>"; };
		36BD8FFC2B16F2E000101014 /* OtherOrderDetailTableViewCell.swift */ = {isa = PBXFileReference; lastKnownFileType = sourcecode.swift; path = OtherOrderDetailTableViewCell.swift; sourceTree = "<group>"; };
		36BD8FFD2B16F2E000101014 /* OtherOrderDetailTableViewCell.xib */ = {isa = PBXFileReference; lastKnownFileType = file.xib; path = OtherOrderDetailTableViewCell.xib; sourceTree = "<group>"; };
		36BD90012B16F37700101014 /* StatusOrderTableViewCell.swift */ = {isa = PBXFileReference; lastKnownFileType = sourcecode.swift; path = StatusOrderTableViewCell.swift; sourceTree = "<group>"; };
		36BD90022B16F37700101014 /* StatusOrderTableViewCell.xib */ = {isa = PBXFileReference; lastKnownFileType = file.xib; path = StatusOrderTableViewCell.xib; sourceTree = "<group>"; };
		36BD900B2B1724AC00101014 /* ExpiredTimerPaymentTableViewCell.swift */ = {isa = PBXFileReference; lastKnownFileType = sourcecode.swift; path = ExpiredTimerPaymentTableViewCell.swift; sourceTree = "<group>"; };
		36BD900C2B1724AC00101014 /* ExpiredTimerPaymentTableViewCell.xib */ = {isa = PBXFileReference; lastKnownFileType = file.xib; path = ExpiredTimerPaymentTableViewCell.xib; sourceTree = "<group>"; };
		36BD900F2B17272300101014 /* PaymentProcessViewController.swift */ = {isa = PBXFileReference; lastKnownFileType = sourcecode.swift; path = PaymentProcessViewController.swift; sourceTree = "<group>"; };
		36BD90102B17272300101014 /* PaymentProcessViewController.xib */ = {isa = PBXFileReference; lastKnownFileType = file.xib; path = PaymentProcessViewController.xib; sourceTree = "<group>"; };
		36BD90142B172F1700101014 /* AccoountVATableViewCell.swift */ = {isa = PBXFileReference; lastKnownFileType = sourcecode.swift; path = AccoountVATableViewCell.swift; sourceTree = "<group>"; };
		36BD90152B172F1700101014 /* AccoountVATableViewCell.xib */ = {isa = PBXFileReference; lastKnownFileType = file.xib; path = AccoountVATableViewCell.xib; sourceTree = "<group>"; };
		36BD901A2B181B8B00101014 /* CencelPaymentTableViewCell.swift */ = {isa = PBXFileReference; lastKnownFileType = sourcecode.swift; path = CencelPaymentTableViewCell.swift; sourceTree = "<group>"; };
		36BD901B2B181B8B00101014 /* CencelPaymentTableViewCell.xib */ = {isa = PBXFileReference; lastKnownFileType = file.xib; path = CencelPaymentTableViewCell.xib; sourceTree = "<group>"; };
		36BD90222B18311600101014 /* BCAResponse.swift */ = {isa = PBXFileReference; lastKnownFileType = sourcecode.swift; path = BCAResponse.swift; sourceTree = "<group>"; };
		36BD90302B1835FB00101014 /* PaymentGateWayEndPoint.swift */ = {isa = PBXFileReference; lastKnownFileType = sourcecode.swift; path = PaymentGateWayEndPoint.swift; sourceTree = "<group>"; };
		36BD90322B18455900101014 /* CheckOutExtention.swift */ = {isa = PBXFileReference; lastKnownFileType = sourcecode.swift; path = CheckOutExtention.swift; sourceTree = "<group>"; };
		36BD90342B18456F00101014 /* CheckOutViewModel.swift */ = {isa = PBXFileReference; lastKnownFileType = sourcecode.swift; path = CheckOutViewModel.swift; sourceTree = "<group>"; };
		36BD90362B1845C900101014 /* APIManagerPaymentGateWay.swift */ = {isa = PBXFileReference; lastKnownFileType = sourcecode.swift; path = APIManagerPaymentGateWay.swift; sourceTree = "<group>"; };
		36BD903A2B1873F400101014 /* BCAParam.swift */ = {isa = PBXFileReference; lastKnownFileType = sourcecode.swift; path = BCAParam.swift; sourceTree = "<group>"; };
		36BD903D2B196E4D00101014 /* HomeSoViewController.swift */ = {isa = PBXFileReference; lastKnownFileType = sourcecode.swift; path = HomeSoViewController.swift; sourceTree = "<group>"; };
		36BD903E2B196E4D00101014 /* HomeSoViewController.xib */ = {isa = PBXFileReference; lastKnownFileType = file.xib; path = HomeSoViewController.xib; sourceTree = "<group>"; };
		36BD90462B196ED500101014 /* HeaderSoTableViewCell.swift */ = {isa = PBXFileReference; lastKnownFileType = sourcecode.swift; path = HeaderSoTableViewCell.swift; sourceTree = "<group>"; };
		36BD90472B196ED500101014 /* HeaderSoTableViewCell.xib */ = {isa = PBXFileReference; lastKnownFileType = file.xib; path = HeaderSoTableViewCell.xib; sourceTree = "<group>"; };
		36BD904B2B1971A700101014 /* CategorySoTableViewCell.swift */ = {isa = PBXFileReference; lastKnownFileType = sourcecode.swift; path = CategorySoTableViewCell.swift; sourceTree = "<group>"; };
		36BD904C2B1971A700101014 /* CategorySoTableViewCell.xib */ = {isa = PBXFileReference; lastKnownFileType = file.xib; path = CategorySoTableViewCell.xib; sourceTree = "<group>"; };
		36BD90502B1972BD00101014 /* CategorySoCollectionViewCell.swift */ = {isa = PBXFileReference; lastKnownFileType = sourcecode.swift; path = CategorySoCollectionViewCell.swift; sourceTree = "<group>"; };
		36BD90512B1972BD00101014 /* CategorySoCollectionViewCell.xib */ = {isa = PBXFileReference; lastKnownFileType = file.xib; path = CategorySoCollectionViewCell.xib; sourceTree = "<group>"; };
		36BD90562B1978FA00101014 /* PopularSoTableViewCell.swift */ = {isa = PBXFileReference; lastKnownFileType = sourcecode.swift; path = PopularSoTableViewCell.swift; sourceTree = "<group>"; };
		36BD90572B1978FA00101014 /* PopularSoTableViewCell.xib */ = {isa = PBXFileReference; lastKnownFileType = file.xib; path = PopularSoTableViewCell.xib; sourceTree = "<group>"; };
		36BD905A2B19791500101014 /* PopularSoCollectionViewCell.swift */ = {isa = PBXFileReference; lastKnownFileType = sourcecode.swift; path = PopularSoCollectionViewCell.swift; sourceTree = "<group>"; };
		36BD905B2B19791500101014 /* PopularSoCollectionViewCell.xib */ = {isa = PBXFileReference; lastKnownFileType = file.xib; path = PopularSoCollectionViewCell.xib; sourceTree = "<group>"; };
		36BD905F2B197D1600101014 /* CustomHeaderTableView.swift */ = {isa = PBXFileReference; lastKnownFileType = sourcecode.swift; path = CustomHeaderTableView.swift; sourceTree = "<group>"; };
		36FBF6152B045B7A0070A476 /* PopularProductTableViewCell.swift */ = {isa = PBXFileReference; lastKnownFileType = sourcecode.swift; path = PopularProductTableViewCell.swift; sourceTree = "<group>"; };
		36FBF6162B045B7A0070A476 /* PopularProductTableViewCell.xib */ = {isa = PBXFileReference; lastKnownFileType = file.xib; path = PopularProductTableViewCell.xib; sourceTree = "<group>"; };
		36FBF6242B0469B50070A476 /* PopularProductCollectionViewCell.swift */ = {isa = PBXFileReference; lastKnownFileType = sourcecode.swift; path = PopularProductCollectionViewCell.swift; sourceTree = "<group>"; };
		36FBF6252B0469B50070A476 /* PopularProductCollectionViewCell.xib */ = {isa = PBXFileReference; lastKnownFileType = file.xib; path = PopularProductCollectionViewCell.xib; sourceTree = "<group>"; };
		36FBF6302B04D48B0070A476 /* DetailProductViewController.swift */ = {isa = PBXFileReference; lastKnownFileType = sourcecode.swift; path = DetailProductViewController.swift; sourceTree = "<group>"; };
		36FBF6312B04D48B0070A476 /* DetailProductViewController.xib */ = {isa = PBXFileReference; lastKnownFileType = file.xib; path = DetailProductViewController.xib; sourceTree = "<group>"; };
		36FBF6372B04D8200070A476 /* DetailProductCollectionViewCell.swift */ = {isa = PBXFileReference; lastKnownFileType = sourcecode.swift; path = DetailProductCollectionViewCell.swift; sourceTree = "<group>"; };
		36FBF6382B04D8200070A476 /* DetailProductCollectionViewCell.xib */ = {isa = PBXFileReference; lastKnownFileType = file.xib; path = DetailProductCollectionViewCell.xib; sourceTree = "<group>"; };
		36FBF63D2B05BAF40070A476 /* CustomPageControl.swift */ = {isa = PBXFileReference; lastKnownFileType = sourcecode.swift; path = CustomPageControl.swift; sourceTree = "<group>"; };
		36FBF63F2B05CD7E0070A476 /* Poppins-SemiBold.ttf */ = {isa = PBXFileReference; lastKnownFileType = file; path = "Poppins-SemiBold.ttf"; sourceTree = "<group>"; };
		36FBF6422B05D8360070A476 /* FimiliarShoesCollectionViewCell.swift */ = {isa = PBXFileReference; lastKnownFileType = sourcecode.swift; path = FimiliarShoesCollectionViewCell.swift; sourceTree = "<group>"; };
		36FBF6432B05D8360070A476 /* FimiliarShoesCollectionViewCell.xib */ = {isa = PBXFileReference; lastKnownFileType = file.xib; path = FimiliarShoesCollectionViewCell.xib; sourceTree = "<group>"; };
		378254694C014CEDCEB8DC88 /* Pods_Shoee.framework */ = {isa = PBXFileReference; explicitFileType = wrapper.framework; includeInIndex = 0; path = Pods_Shoee.framework; sourceTree = BUILT_PRODUCTS_DIR; };
		7EC7D34A3725C7B8DD95AEE1 /* Pods-Shoee.release.xcconfig */ = {isa = PBXFileReference; includeInIndex = 1; lastKnownFileType = text.xcconfig; name = "Pods-Shoee.release.xcconfig"; path = "Target Support Files/Pods-Shoee/Pods-Shoee.release.xcconfig"; sourceTree = "<group>"; };
		C1130505EC327ED37A02DC5F /* Pods-Shoee.debug.xcconfig */ = {isa = PBXFileReference; includeInIndex = 1; lastKnownFileType = text.xcconfig; name = "Pods-Shoee.debug.xcconfig"; path = "Target Support Files/Pods-Shoee/Pods-Shoee.debug.xcconfig"; sourceTree = "<group>"; };
/* End PBXFileReference section */

/* Begin PBXFrameworksBuildPhase section */
		36510FE22AFB7A9E00A5D6F4 /* Frameworks */ = {
			isa = PBXFrameworksBuildPhase;
			buildActionMask = 2147483647;
			files = (
				7500DC18DAF17C72E7665C21 /* Pods_Shoee.framework in Frameworks */,
			);
			runOnlyForDeploymentPostprocessing = 0;
		};
/* End PBXFrameworksBuildPhase section */

/* Begin PBXGroup section */
		349344BE38650CBC4298B548 /* Frameworks */ = {
			isa = PBXGroup;
			children = (
				378254694C014CEDCEB8DC88 /* Pods_Shoee.framework */,
			);
			name = Frameworks;
			sourceTree = "<group>";
		};
		363357602B107F7B00A952E3 /* CustomSlideMessage */ = {
			isa = PBXGroup;
			children = (
				3633576C2B108DEC00A952E3 /* CustomSlideMessageViewController.swift */,
				3633576D2B108DEC00A952E3 /* CustomSlideMessageViewController.xib */,
			);
			path = CustomSlideMessage;
			sourceTree = "<group>";
		};
		363357702B10A50500A952E3 /* CartCell */ = {
			isa = PBXGroup;
			children = (
				363357712B10A55200A952E3 /* CartTableViewCell.swift */,
				363357722B10A55200A952E3 /* CartTableViewCell.xib */,
			);
			path = CartCell;
			sourceTree = "<group>";
		};
		364E40F12B071702001EB357 /* Response */ = {
			isa = PBXGroup;
			children = (
				364E40FA2B071EF3001EB357 /* UserResponse.swift */,
				364E40F62B071C84001EB357 /* LoginResponse.swift */,
				364E41022B0721CB001EB357 /* RegisterResponse.swift */,
				364E41042B072231001EB357 /* CategoryResponse.swift */,
				36498CD72B0752C100A1A5DA /* LogoutResponse.swift */,
				365380BB2B07896700D5C39D /* ProductResponse.swift */,
			);
			path = Response;
			sourceTree = "<group>";
		};
		364E40FC2B072013001EB357 /* Param */ = {
			isa = PBXGroup;
			children = (
				364E40F42B071AA5001EB357 /* RegisterParam.swift */,
				364E40F22B071723001EB357 /* LoginParam.swift */,
			);
			path = Param;
			sourceTree = "<group>";
		};
		364E40FD2B07206A001EB357 /* Models */ = {
			isa = PBXGroup;
			children = (
				364E40F82B071D81001EB357 /* MetaModel.swift */,
				364E41002B072146001EB357 /* DataClassModel.swift */,
				364E40FE2B0720C6001EB357 /* UserModel.swift */,
				364E41062B07225A001EB357 /* CategoryModel.swift */,
				365380BD2B0789A300D5C39D /* ProductModel.swift */,
				36BD8FB52B14539E00101014 /* ItemModel.swift */,
				365380BF2B078C8600D5C39D /* GalleryModel.swift */,
				36BD8FB32B14533000101014 /* CheckOutModel.swift */,
			);
			path = Models;
			sourceTree = "<group>";
		};
		36510FDC2AFB7A9E00A5D6F4 = {
			isa = PBXGroup;
			children = (
				36510FE72AFB7A9E00A5D6F4 /* Shoee */,
				36510FE62AFB7A9E00A5D6F4 /* Products */,
				EF1FF6129EC19E122D35DAEF /* Pods */,
				349344BE38650CBC4298B548 /* Frameworks */,
			);
			sourceTree = "<group>";
		};
		36510FE62AFB7A9E00A5D6F4 /* Products */ = {
			isa = PBXGroup;
			children = (
				36510FE52AFB7A9E00A5D6F4 /* Shoee.app */,
			);
			name = Products;
			sourceTree = "<group>";
		};
		36510FE72AFB7A9E00A5D6F4 /* Shoee */ = {
			isa = PBXGroup;
			children = (
				365110062AFB7ABE00A5D6F4 /* App */,
				365110052AFB7ABA00A5D6F4 /* Resource */,
				365110042AFB7AB600A5D6F4 /* Common */,
				365110032AFB7AB400A5D6F4 /* Module */,
				36510FF92AFB7AA000A5D6F4 /* Info.plist */,
				36510FF12AFB7A9E00A5D6F4 /* Shoee.xcdatamodeld */,
			);
			path = Shoee;
			sourceTree = "<group>";
		};
		36510FFF2AFB7AA800A5D6F4 /* Component */ = {
			isa = PBXGroup;
			children = (
				36BD8FD72B15D30700101014 /* PIN */,
				363357602B107F7B00A952E3 /* CustomSlideMessage */,
				365380C72B0C7FE200D5C39D /* CustomViewPopUp */,
				365110362AFC64A900A5D6F4 /* CustomMainTabBar */,
				365381082B0DFDA400D5C39D /* EmptyCell */,
				365110142AFB7BAD00A5D6F4 /* CutomTextField */,
				36FBF63D2B05BAF40070A476 /* CustomPageControl.swift */,
				365381112B0EDA4300D5C39D /* PopUpLoading.swift */,
				36BD8FDC2B15E78B00101014 /* FaceID.swift */,
				36BD905F2B197D1600101014 /* CustomHeaderTableView.swift */,
			);
			path = Component;
			sourceTree = "<group>";
		};
		365110002AFB7AAB00A5D6F4 /* Network */ = {
			isa = PBXGroup;
			children = (
				36A33E072AFCDA2300A951E7 /* APIManager.swift */,
				36A33E362B01CDF600A951E7 /* TokenService.swift */,
				364E41082B07393F001EB357 /* EndPoint.swift */,
				365380B92B0763CD00D5C39D /* CategoryService.swift */,
				36BD8FAF2B14301000101014 /* UserService.swift */,
				365380C32B0B069000D5C39D /* ProductsService.swift */,
				36BD8FB12B144CCA00101014 /* CoreDataStack.swift */,
			);
			path = Network;
			sourceTree = "<group>";
		};
		365110012AFB7AAE00A5D6F4 /* Extension */ = {
			isa = PBXGroup;
			children = (
				365110192AFB7F1500A5D6F4 /* ViewExt.swift */,
				36A33E322B01ACCC00A951E7 /* UIViewControllerExt.swift */,
				365381132B0EDAFE00D5C39D /* Common.swift */,
			);
			path = Extension;
			sourceTree = "<group>";
		};
		365110022AFB7AB100A5D6F4 /* Utils */ = {
			isa = PBXGroup;
			children = (
				364E40FC2B072013001EB357 /* Param */,
				364E40FD2B07206A001EB357 /* Models */,
				364E40F12B071702001EB357 /* Response */,
			);
			path = Utils;
			sourceTree = "<group>";
		};
		365110032AFB7AB400A5D6F4 /* Module */ = {
			isa = PBXGroup;
			children = (
				36BD903C2B196E0000101014 /* HomeSo */,
				36BD90052B1722C100101014 /* PaymentProcess */,
				36BD8FEA2B16EC0300101014 /* OrderDetails */,
				36BD8FB72B149E3600101014 /* CheckOutDetails */,
				36BD8FDE2B16E30200101014 /* YourOrders */,
				36FBF62F2B04D4620070A476 /* DetailProduct */,
				3651103E2AFC9A0400A5D6F4 /* Cart */,
				3651103D2AFC99F400A5D6F4 /* Profile */,
				3651103C2AFC99EA00A5D6F4 /* Favorite */,
				3651103B2AFC99C800A5D6F4 /* Chat */,
				365110312AFBA3D800A5D6F4 /* Home */,
				3651102C2AFB9E1B00A5D6F4 /* Register */,
				3651101B2AFB7F8900A5D6F4 /* Login */,
				36510FEC2AFB7A9E00A5D6F4 /* ViewController.swift */,
			);
			path = Module;
			sourceTree = "<group>";
		};
		365110042AFB7AB600A5D6F4 /* Common */ = {
			isa = PBXGroup;
			children = (
				36BD901E2B182F7D00101014 /* PaymentGateWay */,
				365110022AFB7AB100A5D6F4 /* Utils */,
				365110012AFB7AAE00A5D6F4 /* Extension */,
				365110002AFB7AAB00A5D6F4 /* Network */,
				36510FFF2AFB7AA800A5D6F4 /* Component */,
			);
			path = Common;
			sourceTree = "<group>";
		};
		365110052AFB7ABA00A5D6F4 /* Resource */ = {
			isa = PBXGroup;
			children = (
				36510FF62AFB7AA000A5D6F4 /* LaunchScreen.storyboard */,
				36510FF42AFB7AA000A5D6F4 /* Assets.xcassets */,
				365110072AFB7AF000A5D6F4 /* Fonts */,
			);
			path = Resource;
			sourceTree = "<group>";
		};
		365110062AFB7ABE00A5D6F4 /* App */ = {
			isa = PBXGroup;
			children = (
				36510FE82AFB7A9E00A5D6F4 /* AppDelegate.swift */,
				36510FEA2AFB7A9E00A5D6F4 /* SceneDelegate.swift */,
			);
			path = App;
			sourceTree = "<group>";
		};
		365110072AFB7AF000A5D6F4 /* Fonts */ = {
			isa = PBXGroup;
			children = (
				365110212AFB801000A5D6F4 /* Poppins-Bold.ttf */,
				36FBF63F2B05CD7E0070A476 /* Poppins-SemiBold.ttf */,
				365110252AFB801100A5D6F4 /* Poppins-ExtraBold.ttf */,
				365110242AFB801000A5D6F4 /* Poppins-ExtraLight.ttf */,
				365110202AFB801000A5D6F4 /* Poppins-Light.ttf */,
				365110222AFB801000A5D6F4 /* Poppins-Regular.ttf */,
				365110232AFB801000A5D6F4 /* Poppins-Thin.ttf */,
			);
			path = Fonts;
			sourceTree = "<group>";
		};
		365110142AFB7BAD00A5D6F4 /* CutomTextField */ = {
			isa = PBXGroup;
			children = (
				365110152AFB7BD200A5D6F4 /* CustomTextField.swift */,
				365110172AFB7BEB00A5D6F4 /* CustomTextField.xib */,
			);
			path = CutomTextField;
			sourceTree = "<group>";
		};
		3651101B2AFB7F8900A5D6F4 /* Login */ = {
			isa = PBXGroup;
			children = (
				3651101C2AFB7F9D00A5D6F4 /* LoginViewController.swift */,
				3651101D2AFB7F9D00A5D6F4 /* LoginViewController.xib */,
				365380FA2B0D8C6200D5C39D /* LoginViewModel.swift */,
				365380FC2B0D8FB100D5C39D /* LoginViewExtention.swift */,
			);
			path = Login;
			sourceTree = "<group>";
		};
		3651102C2AFB9E1B00A5D6F4 /* Register */ = {
			isa = PBXGroup;
			children = (
				3651102D2AFB9E4D00A5D6F4 /* SignUpViewController.swift */,
				3651102E2AFB9E4D00A5D6F4 /* SignUpViewController.xib */,
				365380FE2B0D913600D5C39D /* SignUpViewModel.swift */,
				365381012B0D919500D5C39D /* SignUpViewExtention.swift */,
			);
			path = Register;
			sourceTree = "<group>";
		};
		365110312AFBA3D800A5D6F4 /* Home */ = {
			isa = PBXGroup;
			children = (
				36A33E092AFCEAF500A951E7 /* SetupHome */,
				365110322AFBA3EE00A5D6F4 /* HomeViewController.swift */,
				365110332AFBA3EE00A5D6F4 /* HomeViewController.xib */,
				366BF7032B19DABC00C3F53D /* SetupHomeCellViewModel.swift */,
				366BF7052B19DACF00C3F53D /* HomeViewModel.swift */,
			);
			path = Home;
			sourceTree = "<group>";
		};
		365110362AFC64A900A5D6F4 /* CustomMainTabBar */ = {
			isa = PBXGroup;
			children = (
				365110392AFC64EF00A5D6F4 /* CustomMainTabBar.swift */,
			);
			path = CustomMainTabBar;
			sourceTree = "<group>";
		};
		3651103B2AFC99C800A5D6F4 /* Chat */ = {
			isa = PBXGroup;
			children = (
				36A33E1B2AFDD1DB00A951E7 /* ChatViewController.swift */,
				36A33E1C2AFDD1DB00A951E7 /* ChatViewController.xib */,
			);
			path = Chat;
			sourceTree = "<group>";
		};
		3651103C2AFC99EA00A5D6F4 /* Favorite */ = {
			isa = PBXGroup;
			children = (
				365381072B0DFDA000D5C39D /* FavoriteCell */,
				365110442AFC9B8300A5D6F4 /* FavoriteViewController.swift */,
				365110452AFC9B8300A5D6F4 /* FavoriteViewController.xib */,
			);
			path = Favorite;
			sourceTree = "<group>";
		};
		3651103D2AFC99F400A5D6F4 /* Profile */ = {
			isa = PBXGroup;
			children = (
				36A33DD72AFCBBE900A951E7 /* Edit Profile */,
				365110482AFC9BA900A5D6F4 /* ProfileViewController.swift */,
				365110492AFC9BA900A5D6F4 /* ProfileViewController.xib */,
			);
			path = Profile;
			sourceTree = "<group>";
		};
		3651103E2AFC9A0400A5D6F4 /* Cart */ = {
			isa = PBXGroup;
			children = (
				363357702B10A50500A952E3 /* CartCell */,
				365381032B0DA4B200D5C39D /* CartViewController.swift */,
				365381042B0DA4B200D5C39D /* CartViewController.xib */,
			);
			path = Cart;
			sourceTree = "<group>";
		};
		365380C72B0C7FE200D5C39D /* CustomViewPopUp */ = {
			isa = PBXGroup;
			children = (
				365380C82B0C7FF300D5C39D /* CustomViewPopUp.swift */,
				365380CA2B0C801300D5C39D /* CustomViewPopUp.xib */,
			);
			path = CustomViewPopUp;
			sourceTree = "<group>";
		};
		365381072B0DFDA000D5C39D /* FavoriteCell */ = {
			isa = PBXGroup;
			children = (
				3653810D2B0E047F00D5C39D /* FavoriteTableViewCell.swift */,
				3653810E2B0E047F00D5C39D /* FavoriteTableViewCell.xib */,
			);
			path = FavoriteCell;
			sourceTree = "<group>";
		};
		365381082B0DFDA400D5C39D /* EmptyCell */ = {
			isa = PBXGroup;
			children = (
				365381092B0E003500D5C39D /* EmptyTableViewCell.swift */,
				3653810A2B0E003500D5C39D /* EmptyTableViewCell.xib */,
			);
			path = EmptyCell;
			sourceTree = "<group>";
		};
		366BF6FE2B19BE1800C3F53D /* Product */ = {
			isa = PBXGroup;
			children = (
				366BF6FF2B19BE2900C3F53D /* ProductSoTableViewCell.swift */,
				366BF7002B19BE2900C3F53D /* ProductSoTableViewCell.xib */,
			);
			path = Product;
			sourceTree = "<group>";
		};
		36A33DD72AFCBBE900A951E7 /* Edit Profile */ = {
			isa = PBXGroup;
			children = (
				36A33DD82AFCBC0300A951E7 /* EditProfileViewController.swift */,
				36A33DD92AFCBC0300A951E7 /* EditProfileViewController.xib */,
			);
			path = "Edit Profile";
			sourceTree = "<group>";
		};
		36A33E092AFCEAF500A951E7 /* SetupHome */ = {
			isa = PBXGroup;
			children = (
				366BF6FE2B19BE1800C3F53D /* Product */,
				36FBF6102B0457ED0070A476 /* PopularProduct */,
				36A33E232AFE03F100A951E7 /* CategoryList */,
				36A33E0E2AFCED0000A951E7 /* Header */,
				36A33E0A2AFCEBBE00A951E7 /* SetupHomeTableViewCell.swift */,
				36A33E0B2AFCEBBE00A951E7 /* SetupHomeTableViewCell.xib */,
			);
			path = SetupHome;
			sourceTree = "<group>";
		};
		36A33E0E2AFCED0000A951E7 /* Header */ = {
			isa = PBXGroup;
			children = (
				36A33E1F2AFDE79900A951E7 /* HeaderCollectionViewCell.swift */,
				36A33E202AFDE79900A951E7 /* HeaderCollectionViewCell.xib */,
			);
			path = Header;
			sourceTree = "<group>";
		};
		36A33E232AFE03F100A951E7 /* CategoryList */ = {
			isa = PBXGroup;
			children = (
				36A33E242AFE040B00A951E7 /* CategoryListCollectionViewCell.swift */,
				36A33E252AFE040B00A951E7 /* CategoryListCollectionViewCell.xib */,
			);
			path = CategoryList;
			sourceTree = "<group>";
		};
		36BD8FB72B149E3600101014 /* CheckOutDetails */ = {
			isa = PBXGroup;
			children = (
				36BD8FC12B149F9E00101014 /* OtherItemCheckOutDetails */,
				36BD8FBC2B149F1900101014 /* ListItems */,
				36BD8FCE2B1584CB00101014 /* CheckOutViewController.swift */,
				36BD8FCF2B1584CB00101014 /* CheckOutViewController.xib */,
				36BD90322B18455900101014 /* CheckOutExtention.swift */,
				36BD90342B18456F00101014 /* CheckOutViewModel.swift */,
			);
			path = CheckOutDetails;
			sourceTree = "<group>";
		};
		36BD8FBC2B149F1900101014 /* ListItems */ = {
			isa = PBXGroup;
			children = (
				36BD8FBD2B149F9600101014 /* ListitemsTableViewCell.swift */,
				36BD8FBE2B149F9600101014 /* ListitemsTableViewCell.xib */,
			);
			path = ListItems;
			sourceTree = "<group>";
		};
		36BD8FC12B149F9E00101014 /* OtherItemCheckOutDetails */ = {
			isa = PBXGroup;
			children = (
				36BD8FC22B149FC100101014 /* OtherItemCheckOutDetailsTableViewCell.swift */,
				36BD8FC32B149FC100101014 /* OtherItemCheckOutDetailsTableViewCell.xib */,
			);
			path = OtherItemCheckOutDetails;
			sourceTree = "<group>";
		};
		36BD8FD72B15D30700101014 /* PIN */ = {
			isa = PBXGroup;
			children = (
				36BD8FD82B15D33100101014 /* CustomPINViewController.swift */,
				36BD8FD92B15D33100101014 /* CustomPINViewController.xib */,
			);
			path = PIN;
			sourceTree = "<group>";
		};
		36BD8FDE2B16E30200101014 /* YourOrders */ = {
			isa = PBXGroup;
			children = (
				36BD8FE32B16E35A00101014 /* YourOrdersCell */,
				36BD8FDF2B16E33900101014 /* YourOrdersViewController.swift */,
				36BD8FE02B16E33900101014 /* YourOrdersViewController.xib */,
			);
			path = YourOrders;
			sourceTree = "<group>";
		};
		36BD8FE32B16E35A00101014 /* YourOrdersCell */ = {
			isa = PBXGroup;
			children = (
				36BD8FE62B16E39C00101014 /* YourOrdersTableViewCell.swift */,
				36BD8FE72B16E39C00101014 /* YourOrdersTableViewCell.xib */,
			);
			path = YourOrdersCell;
			sourceTree = "<group>";
		};
		36BD8FEA2B16EC0300101014 /* OrderDetails */ = {
			isa = PBXGroup;
			children = (
				36BD90002B16F2E800101014 /* StaturOrder */,
				36BD8FFB2B16F2C100101014 /* OtherOrderDetail */,
				36BD8FF42B16F0E400101014 /* ListOrderDetailCell */,
				36BD8FEF2B16ED8700101014 /* OrderDetailScreenOne */,
				36BD8FEB2B16EC2E00101014 /* OrderDetailsViewController.swift */,
				36BD8FEC2B16EC2E00101014 /* OrderDetailsViewController.xib */,
			);
			path = OrderDetails;
			sourceTree = "<group>";
		};
		36BD8FEF2B16ED8700101014 /* OrderDetailScreenOne */ = {
			isa = PBXGroup;
			children = (
				36BD8FF02B16EDB500101014 /* OrderDetailScreenOneTableViewCell.swift */,
				36BD8FF12B16EDB500101014 /* OrderDetailScreenOneTableViewCell.xib */,
			);
			path = OrderDetailScreenOne;
			sourceTree = "<group>";
		};
		36BD8FF42B16F0E400101014 /* ListOrderDetailCell */ = {
			isa = PBXGroup;
			children = (
				36BD8FF72B16F15600101014 /* ListOrderDetailTableViewCell.swift */,
				36BD8FF82B16F15600101014 /* ListOrderDetailTableViewCell.xib */,
			);
			path = ListOrderDetailCell;
			sourceTree = "<group>";
		};
		36BD8FFB2B16F2C100101014 /* OtherOrderDetail */ = {
			isa = PBXGroup;
			children = (
				36BD8FFC2B16F2E000101014 /* OtherOrderDetailTableViewCell.swift */,
				36BD8FFD2B16F2E000101014 /* OtherOrderDetailTableViewCell.xib */,
			);
			path = OtherOrderDetail;
			sourceTree = "<group>";
		};
		36BD90002B16F2E800101014 /* StaturOrder */ = {
			isa = PBXGroup;
			children = (
				36BD90012B16F37700101014 /* StatusOrderTableViewCell.swift */,
				36BD90022B16F37700101014 /* StatusOrderTableViewCell.xib */,
			);
			path = StaturOrder;
			sourceTree = "<group>";
		};
		36BD90052B1722C100101014 /* PaymentProcess */ = {
			isa = PBXGroup;
			children = (
				36BD90192B181B1C00101014 /* CencelPayment */,
				36BD90132B172EF000101014 /* AccountVA */,
				36BD900A2B17234E00101014 /* PaymentProcess */,
				36BD900F2B17272300101014 /* PaymentProcessViewController.swift */,
				36BD90102B17272300101014 /* PaymentProcessViewController.xib */,
			);
			path = PaymentProcess;
			sourceTree = "<group>";
		};
		36BD900A2B17234E00101014 /* PaymentProcess */ = {
			isa = PBXGroup;
			children = (
				36BD900B2B1724AC00101014 /* ExpiredTimerPaymentTableViewCell.swift */,
				36BD900C2B1724AC00101014 /* ExpiredTimerPaymentTableViewCell.xib */,
			);
			path = PaymentProcess;
			sourceTree = "<group>";
		};
		36BD90132B172EF000101014 /* AccountVA */ = {
			isa = PBXGroup;
			children = (
				36BD90142B172F1700101014 /* AccoountVATableViewCell.swift */,
				36BD90152B172F1700101014 /* AccoountVATableViewCell.xib */,
			);
			path = AccountVA;
			sourceTree = "<group>";
		};
		36BD90192B181B1C00101014 /* CencelPayment */ = {
			isa = PBXGroup;
			children = (
				36BD901A2B181B8B00101014 /* CencelPaymentTableViewCell.swift */,
				36BD901B2B181B8B00101014 /* CencelPaymentTableViewCell.xib */,
			);
			path = CencelPayment;
			sourceTree = "<group>";
		};
		36BD901E2B182F7D00101014 /* PaymentGateWay */ = {
			isa = PBXGroup;
			children = (
				36BD901F2B182F8D00101014 /* Model */,
				36BD90302B1835FB00101014 /* PaymentGateWayEndPoint.swift */,
				36BD90362B1845C900101014 /* APIManagerPaymentGateWay.swift */,
			);
			path = PaymentGateWay;
			sourceTree = "<group>";
		};
		36BD901F2B182F8D00101014 /* Model */ = {
			isa = PBXGroup;
			children = (
				36BD90222B18311600101014 /* BCAResponse.swift */,
				36BD903A2B1873F400101014 /* BCAParam.swift */,
			);
			path = Model;
			sourceTree = "<group>";
		};
		36BD903C2B196E0000101014 /* HomeSo */ = {
			isa = PBXGroup;
			children = (
				36BD90552B1978CA00101014 /* PopularSo */,
				36BD904A2B19718900101014 /* CategorySo */,
				36BD90412B196E7700101014 /* HeaderSo */,
				36BD903D2B196E4D00101014 /* HomeSoViewController.swift */,
				36BD903E2B196E4D00101014 /* HomeSoViewController.xib */,
			);
			path = HomeSo;
			sourceTree = "<group>";
		};
		36BD90412B196E7700101014 /* HeaderSo */ = {
			isa = PBXGroup;
			children = (
				36BD90462B196ED500101014 /* HeaderSoTableViewCell.swift */,
				36BD90472B196ED500101014 /* HeaderSoTableViewCell.xib */,
			);
			path = HeaderSo;
			sourceTree = "<group>";
		};
		36BD904A2B19718900101014 /* CategorySo */ = {
			isa = PBXGroup;
			children = (
				36BD904F2B19729B00101014 /* CategorySoCell */,
				36BD904B2B1971A700101014 /* CategorySoTableViewCell.swift */,
				36BD904C2B1971A700101014 /* CategorySoTableViewCell.xib */,
			);
			path = CategorySo;
			sourceTree = "<group>";
		};
		36BD904F2B19729B00101014 /* CategorySoCell */ = {
			isa = PBXGroup;
			children = (
				36BD90502B1972BD00101014 /* CategorySoCollectionViewCell.swift */,
				36BD90512B1972BD00101014 /* CategorySoCollectionViewCell.xib */,
			);
			path = CategorySoCell;
			sourceTree = "<group>";
		};
		36BD90552B1978CA00101014 /* PopularSo */ = {
			isa = PBXGroup;
			children = (
				36BD905E2B19791C00101014 /* PopularSoCell */,
				36BD90562B1978FA00101014 /* PopularSoTableViewCell.swift */,
				36BD90572B1978FA00101014 /* PopularSoTableViewCell.xib */,
			);
			path = PopularSo;
			sourceTree = "<group>";
		};
		36BD905E2B19791C00101014 /* PopularSoCell */ = {
			isa = PBXGroup;
			children = (
				36BD905A2B19791500101014 /* PopularSoCollectionViewCell.swift */,
				36BD905B2B19791500101014 /* PopularSoCollectionViewCell.xib */,
			);
			path = PopularSoCell;
			sourceTree = "<group>";
		};
		36FBF6102B0457ED0070A476 /* PopularProduct */ = {
			isa = PBXGroup;
			children = (
				36FBF6232B04698C0070A476 /* PopularProductCollectionViewCell */,
				36FBF6152B045B7A0070A476 /* PopularProductTableViewCell.swift */,
				36FBF6162B045B7A0070A476 /* PopularProductTableViewCell.xib */,
			);
			path = PopularProduct;
			sourceTree = "<group>";
		};
		36FBF6232B04698C0070A476 /* PopularProductCollectionViewCell */ = {
			isa = PBXGroup;
			children = (
				36FBF6242B0469B50070A476 /* PopularProductCollectionViewCell.swift */,
				36FBF6252B0469B50070A476 /* PopularProductCollectionViewCell.xib */,
			);
			path = PopularProductCollectionViewCell;
			sourceTree = "<group>";
		};
		36FBF62F2B04D4620070A476 /* DetailProduct */ = {
			isa = PBXGroup;
			children = (
				36FBF6412B05D81D0070A476 /* FimiliarShoesCollectionViewCell */,
				36FBF6342B04D7E50070A476 /* DetailProductCollectionCell */,
				36FBF6302B04D48B0070A476 /* DetailProductViewController.swift */,
				36FBF6312B04D48B0070A476 /* DetailProductViewController.xib */,
			);
			path = DetailProduct;
			sourceTree = "<group>";
		};
		36FBF6342B04D7E50070A476 /* DetailProductCollectionCell */ = {
			isa = PBXGroup;
			children = (
				36FBF6372B04D8200070A476 /* DetailProductCollectionViewCell.swift */,
				36FBF6382B04D8200070A476 /* DetailProductCollectionViewCell.xib */,
			);
			path = DetailProductCollectionCell;
			sourceTree = "<group>";
		};
		36FBF6412B05D81D0070A476 /* FimiliarShoesCollectionViewCell */ = {
			isa = PBXGroup;
			children = (
				36FBF6422B05D8360070A476 /* FimiliarShoesCollectionViewCell.swift */,
				36FBF6432B05D8360070A476 /* FimiliarShoesCollectionViewCell.xib */,
			);
			path = FimiliarShoesCollectionViewCell;
			sourceTree = "<group>";
		};
		EF1FF6129EC19E122D35DAEF /* Pods */ = {
			isa = PBXGroup;
			children = (
				C1130505EC327ED37A02DC5F /* Pods-Shoee.debug.xcconfig */,
				7EC7D34A3725C7B8DD95AEE1 /* Pods-Shoee.release.xcconfig */,
			);
			path = Pods;
			sourceTree = "<group>";
		};
/* End PBXGroup section */

/* Begin PBXNativeTarget section */
		36510FE42AFB7A9E00A5D6F4 /* Shoee */ = {
			isa = PBXNativeTarget;
			buildConfigurationList = 36510FFC2AFB7AA000A5D6F4 /* Build configuration list for PBXNativeTarget "Shoee" */;
			buildPhases = (
				E024FB1E16748945E34578D2 /* [CP] Check Pods Manifest.lock */,
				36510FE12AFB7A9E00A5D6F4 /* Sources */,
				36510FE22AFB7A9E00A5D6F4 /* Frameworks */,
				36510FE32AFB7A9E00A5D6F4 /* Resources */,
				14BE9888BA1C931B74294628 /* [CP] Embed Pods Frameworks */,
			);
			buildRules = (
			);
			dependencies = (
			);
			name = Shoee;
			productName = Shoee;
			productReference = 36510FE52AFB7A9E00A5D6F4 /* Shoee.app */;
			productType = "com.apple.product-type.application";
		};
/* End PBXNativeTarget section */

/* Begin PBXProject section */
		36510FDD2AFB7A9E00A5D6F4 /* Project object */ = {
			isa = PBXProject;
			attributes = {
				BuildIndependentTargetsInParallel = 1;
				LastSwiftUpdateCheck = 1420;
				LastUpgradeCheck = 1420;
				TargetAttributes = {
					36510FE42AFB7A9E00A5D6F4 = {
						CreatedOnToolsVersion = 14.2;
					};
				};
			};
			buildConfigurationList = 36510FE02AFB7A9E00A5D6F4 /* Build configuration list for PBXProject "Shoee" */;
			compatibilityVersion = "Xcode 14.0";
			developmentRegion = en;
			hasScannedForEncodings = 0;
			knownRegions = (
				en,
				Base,
			);
			mainGroup = 36510FDC2AFB7A9E00A5D6F4;
			productRefGroup = 36510FE62AFB7A9E00A5D6F4 /* Products */;
			projectDirPath = "";
			projectRoot = "";
			targets = (
				36510FE42AFB7A9E00A5D6F4 /* Shoee */,
			);
		};
/* End PBXProject section */

/* Begin PBXResourcesBuildPhase section */
		36510FE32AFB7A9E00A5D6F4 /* Resources */ = {
			isa = PBXResourcesBuildPhase;
			buildActionMask = 2147483647;
			files = (
				36BD8FEE2B16EC2E00101014 /* OrderDetailsViewController.xib in Resources */,
				36FBF6182B045B7A0070A476 /* PopularProductTableViewCell.xib in Resources */,
				36BD90172B172F1700101014 /* AccoountVATableViewCell.xib in Resources */,
				36FBF6402B05CD7E0070A476 /* Poppins-SemiBold.ttf in Resources */,
				3651102A2AFB801100A5D6F4 /* Poppins-ExtraLight.ttf in Resources */,
				3633576F2B108DEC00A952E3 /* CustomSlideMessageViewController.xib in Resources */,
				365110182AFB7BEB00A5D6F4 /* CustomTextField.xib in Resources */,
				36FBF6272B0469B50070A476 /* PopularProductCollectionViewCell.xib in Resources */,
				36BD90532B1972BD00101014 /* CategorySoCollectionViewCell.xib in Resources */,
				36BD900E2B1724AC00101014 /* ExpiredTimerPaymentTableViewCell.xib in Resources */,
				363357742B10A55200A952E3 /* CartTableViewCell.xib in Resources */,
				36A33E1E2AFDD1DB00A951E7 /* ChatViewController.xib in Resources */,
				365381062B0DA4B200D5C39D /* CartViewController.xib in Resources */,
				36BD8FE22B16E33900101014 /* YourOrdersViewController.xib in Resources */,
				36BD904E2B1971A700101014 /* CategorySoTableViewCell.xib in Resources */,
				36BD90122B17272300101014 /* PaymentProcessViewController.xib in Resources */,
				36A33E272AFE040B00A951E7 /* CategoryListCollectionViewCell.xib in Resources */,
				365110352AFBA3EE00A5D6F4 /* HomeViewController.xib in Resources */,
				365110262AFB801100A5D6F4 /* Poppins-Light.ttf in Resources */,
				36BD90402B196E4D00101014 /* HomeSoViewController.xib in Resources */,
				36BD8FC52B149FC100101014 /* OtherItemCheckOutDetailsTableViewCell.xib in Resources */,
				365110272AFB801100A5D6F4 /* Poppins-Bold.ttf in Resources */,
				36BD8FC02B149F9600101014 /* ListitemsTableViewCell.xib in Resources */,
				365110292AFB801100A5D6F4 /* Poppins-Thin.ttf in Resources */,
				36A33DDB2AFCBC0300A951E7 /* EditProfileViewController.xib in Resources */,
				3651101F2AFB7F9D00A5D6F4 /* LoginViewController.xib in Resources */,
				36BD90592B1978FA00101014 /* PopularSoTableViewCell.xib in Resources */,
				36BD8FE92B16E39C00101014 /* YourOrdersTableViewCell.xib in Resources */,
				36BD901D2B181B8B00101014 /* CencelPaymentTableViewCell.xib in Resources */,
				365110472AFC9B8300A5D6F4 /* FavoriteViewController.xib in Resources */,
				366BF7022B19BE2900C3F53D /* ProductSoTableViewCell.xib in Resources */,
				36A33E222AFDE79900A951E7 /* HeaderCollectionViewCell.xib in Resources */,
				36510FF82AFB7AA000A5D6F4 /* LaunchScreen.storyboard in Resources */,
				36BD8FFA2B16F15600101014 /* ListOrderDetailTableViewCell.xib in Resources */,
				36FBF6332B04D48B0070A476 /* DetailProductViewController.xib in Resources */,
				3651104B2AFC9BA900A5D6F4 /* ProfileViewController.xib in Resources */,
				36BD8FDB2B15D33100101014 /* CustomPINViewController.xib in Resources */,
				3653810C2B0E003500D5C39D /* EmptyTableViewCell.xib in Resources */,
				36A33E0D2AFCEBBE00A951E7 /* SetupHomeTableViewCell.xib in Resources */,
				3651102B2AFB801100A5D6F4 /* Poppins-ExtraBold.ttf in Resources */,
				36BD8FD12B1584CB00101014 /* CheckOutViewController.xib in Resources */,
				36BD905D2B19791500101014 /* PopularSoCollectionViewCell.xib in Resources */,
				36BD90042B16F37700101014 /* StatusOrderTableViewCell.xib in Resources */,
				36510FF52AFB7AA000A5D6F4 /* Assets.xcassets in Resources */,
				36FBF63A2B04D8200070A476 /* DetailProductCollectionViewCell.xib in Resources */,
				36BD8FF32B16EDB500101014 /* OrderDetailScreenOneTableViewCell.xib in Resources */,
				36BD8FFF2B16F2E000101014 /* OtherOrderDetailTableViewCell.xib in Resources */,
				365380CB2B0C801300D5C39D /* CustomViewPopUp.xib in Resources */,
				365381102B0E047F00D5C39D /* FavoriteTableViewCell.xib in Resources */,
				365110282AFB801100A5D6F4 /* Poppins-Regular.ttf in Resources */,
				365110302AFB9E4D00A5D6F4 /* SignUpViewController.xib in Resources */,
				36BD90492B196ED500101014 /* HeaderSoTableViewCell.xib in Resources */,
				36FBF6452B05D8360070A476 /* FimiliarShoesCollectionViewCell.xib in Resources */,
			);
			runOnlyForDeploymentPostprocessing = 0;
		};
/* End PBXResourcesBuildPhase section */

/* Begin PBXShellScriptBuildPhase section */
		14BE9888BA1C931B74294628 /* [CP] Embed Pods Frameworks */ = {
			isa = PBXShellScriptBuildPhase;
			buildActionMask = 2147483647;
			files = (
			);
			inputFileListPaths = (
				"${PODS_ROOT}/Target Support Files/Pods-Shoee/Pods-Shoee-frameworks-${CONFIGURATION}-input-files.xcfilelist",
			);
			name = "[CP] Embed Pods Frameworks";
			outputFileListPaths = (
				"${PODS_ROOT}/Target Support Files/Pods-Shoee/Pods-Shoee-frameworks-${CONFIGURATION}-output-files.xcfilelist",
			);
			runOnlyForDeploymentPostprocessing = 0;
			shellPath = /bin/sh;
			shellScript = "\"${PODS_ROOT}/Target Support Files/Pods-Shoee/Pods-Shoee-frameworks.sh\"\n";
			showEnvVarsInLog = 0;
		};
		E024FB1E16748945E34578D2 /* [CP] Check Pods Manifest.lock */ = {
			isa = PBXShellScriptBuildPhase;
			buildActionMask = 2147483647;
			files = (
			);
			inputFileListPaths = (
			);
			inputPaths = (
				"${PODS_PODFILE_DIR_PATH}/Podfile.lock",
				"${PODS_ROOT}/Manifest.lock",
			);
			name = "[CP] Check Pods Manifest.lock";
			outputFileListPaths = (
			);
			outputPaths = (
				"$(DERIVED_FILE_DIR)/Pods-Shoee-checkManifestLockResult.txt",
			);
			runOnlyForDeploymentPostprocessing = 0;
			shellPath = /bin/sh;
			shellScript = "diff \"${PODS_PODFILE_DIR_PATH}/Podfile.lock\" \"${PODS_ROOT}/Manifest.lock\" > /dev/null\nif [ $? != 0 ] ; then\n    # print error to STDERR\n    echo \"error: The sandbox is not in sync with the Podfile.lock. Run 'pod install' or update your CocoaPods installation.\" >&2\n    exit 1\nfi\n# This output is used by Xcode 'outputs' to avoid re-running this script phase.\necho \"SUCCESS\" > \"${SCRIPT_OUTPUT_FILE_0}\"\n";
			showEnvVarsInLog = 0;
		};
/* End PBXShellScriptBuildPhase section */

/* Begin PBXSourcesBuildPhase section */
		36510FE12AFB7A9E00A5D6F4 /* Sources */ = {
			isa = PBXSourcesBuildPhase;
			buildActionMask = 2147483647;
			files = (
				36BD8FB62B14539E00101014 /* ItemModel.swift in Sources */,
				36A33E262AFE040B00A951E7 /* CategoryListCollectionViewCell.swift in Sources */,
				36BD90482B196ED500101014 /* HeaderSoTableViewCell.swift in Sources */,
				364E40F52B071AA5001EB357 /* RegisterParam.swift in Sources */,
				365380BC2B07896700D5C39D /* ProductResponse.swift in Sources */,
				364E41052B072231001EB357 /* CategoryResponse.swift in Sources */,
				3633576E2B108DEC00A952E3 /* CustomSlideMessageViewController.swift in Sources */,
				365381022B0D919500D5C39D /* SignUpViewExtention.swift in Sources */,
				36FBF6172B045B7A0070A476 /* PopularProductTableViewCell.swift in Sources */,
				36A33E332B01ACCC00A951E7 /* UIViewControllerExt.swift in Sources */,
				36BD8FE82B16E39C00101014 /* YourOrdersTableViewCell.swift in Sources */,
				365380FB2B0D8C6200D5C39D /* LoginViewModel.swift in Sources */,
				36BD90332B18455900101014 /* CheckOutExtention.swift in Sources */,
				3651101E2AFB7F9D00A5D6F4 /* LoginViewController.swift in Sources */,
				36BD8FDA2B15D33100101014 /* CustomPINViewController.swift in Sources */,
				36498CD82B0752C100A1A5DA /* LogoutResponse.swift in Sources */,
				36BD90162B172F1700101014 /* AccoountVATableViewCell.swift in Sources */,
				364E40FB2B071EF3001EB357 /* UserResponse.swift in Sources */,
				36510FED2AFB7A9E00A5D6F4 /* ViewController.swift in Sources */,
				36BD8FED2B16EC2E00101014 /* OrderDetailsViewController.swift in Sources */,
				365381052B0DA4B200D5C39D /* CartViewController.swift in Sources */,
				364E40F92B071D81001EB357 /* MetaModel.swift in Sources */,
				365380FF2B0D913600D5C39D /* SignUpViewModel.swift in Sources */,
				36A33E0C2AFCEBBE00A951E7 /* SetupHomeTableViewCell.swift in Sources */,
				36FBF6262B0469B50070A476 /* PopularProductCollectionViewCell.swift in Sources */,
				366BF7042B19DABC00C3F53D /* SetupHomeCellViewModel.swift in Sources */,
				36BD8FFE2B16F2E000101014 /* OtherOrderDetailTableViewCell.swift in Sources */,
				36A33E082AFCDA2300A951E7 /* APIManager.swift in Sources */,
				36510FE92AFB7A9E00A5D6F4 /* AppDelegate.swift in Sources */,
				3651102F2AFB9E4D00A5D6F4 /* SignUpViewController.swift in Sources */,
				36510FF32AFB7A9E00A5D6F4 /* Shoee.xcdatamodeld in Sources */,
				365110342AFBA3EE00A5D6F4 /* HomeViewController.swift in Sources */,
				36BD903F2B196E4D00101014 /* HomeSoViewController.swift in Sources */,
				36BD8FB22B144CCA00101014 /* CoreDataStack.swift in Sources */,
				364E40F72B071C84001EB357 /* LoginResponse.swift in Sources */,
				36FBF6322B04D48B0070A476 /* DetailProductViewController.swift in Sources */,
				3653810B2B0E003500D5C39D /* EmptyTableViewCell.swift in Sources */,
				36A33DDA2AFCBC0300A951E7 /* EditProfileViewController.swift in Sources */,
				36BD901C2B181B8B00101014 /* CencelPaymentTableViewCell.swift in Sources */,
				36BD8FB42B14533000101014 /* CheckOutModel.swift in Sources */,
				364E41012B072146001EB357 /* DataClassModel.swift in Sources */,
				363357732B10A55200A952E3 /* CartTableViewCell.swift in Sources */,
				36BD90352B18456F00101014 /* CheckOutViewModel.swift in Sources */,
				36BD900D2B1724AC00101014 /* ExpiredTimerPaymentTableViewCell.swift in Sources */,
				364E41092B07393F001EB357 /* EndPoint.swift in Sources */,
				36BD8FF92B16F15600101014 /* ListOrderDetailTableViewCell.swift in Sources */,
				366BF7012B19BE2900C3F53D /* ProductSoTableViewCell.swift in Sources */,
				36BD90582B1978FA00101014 /* PopularSoTableViewCell.swift in Sources */,
				365380FD2B0D8FB100D5C39D /* LoginViewExtention.swift in Sources */,
				36BD90312B1835FC00101014 /* PaymentGateWayEndPoint.swift in Sources */,
				36BD905C2B19791500101014 /* PopularSoCollectionViewCell.swift in Sources */,
				36510FEB2AFB7A9E00A5D6F4 /* SceneDelegate.swift in Sources */,
				36BD8FB02B14301000101014 /* UserService.swift in Sources */,
				365380BA2B0763CD00D5C39D /* CategoryService.swift in Sources */,
				365380BE2B0789A300D5C39D /* ProductModel.swift in Sources */,
				36BD8FD02B1584CB00101014 /* CheckOutViewController.swift in Sources */,
				364E41072B07225A001EB357 /* CategoryModel.swift in Sources */,
				36BD8FDD2B15E78B00101014 /* FaceID.swift in Sources */,
				3651101A2AFB7F1500A5D6F4 /* ViewExt.swift in Sources */,
				36BD8FC42B149FC100101014 /* OtherItemCheckOutDetailsTableViewCell.swift in Sources */,
				365110162AFB7BD200A5D6F4 /* CustomTextField.swift in Sources */,
				3651104A2AFC9BA900A5D6F4 /* ProfileViewController.swift in Sources */,
				36BD90522B1972BD00101014 /* CategorySoCollectionViewCell.swift in Sources */,
				36BD90602B197D1600101014 /* CustomHeaderTableView.swift in Sources */,
				364E40F32B071723001EB357 /* LoginParam.swift in Sources */,
				36A33E212AFDE79900A951E7 /* HeaderCollectionViewCell.swift in Sources */,
				365380C02B078C8600D5C39D /* GalleryModel.swift in Sources */,
				365381122B0EDA4400D5C39D /* PopUpLoading.swift in Sources */,
				364E40FF2B0720C6001EB357 /* UserModel.swift in Sources */,
				36FBF6392B04D8200070A476 /* DetailProductCollectionViewCell.swift in Sources */,
				36FBF6442B05D8360070A476 /* FimiliarShoesCollectionViewCell.swift in Sources */,
				36BD90032B16F37700101014 /* StatusOrderTableViewCell.swift in Sources */,
				365110462AFC9B8300A5D6F4 /* FavoriteViewController.swift in Sources */,
				36A33E1D2AFDD1DB00A951E7 /* ChatViewController.swift in Sources */,
				36BD90372B1845C900101014 /* APIManagerPaymentGateWay.swift in Sources */,
				36BD8FE12B16E33900101014 /* YourOrdersViewController.swift in Sources */,
				36BD90112B17272300101014 /* PaymentProcessViewController.swift in Sources */,
				3651103A2AFC64EF00A5D6F4 /* CustomMainTabBar.swift in Sources */,
				36BD8FBF2B149F9600101014 /* ListitemsTableViewCell.swift in Sources */,
				36BD904D2B1971A700101014 /* CategorySoTableViewCell.swift in Sources */,
				36BD8FF22B16EDB500101014 /* OrderDetailScreenOneTableViewCell.swift in Sources */,
				365381142B0EDAFE00D5C39D /* Common.swift in Sources */,
				36BD903B2B1873F400101014 /* BCAParam.swift in Sources */,
				3653810F2B0E047F00D5C39D /* FavoriteTableViewCell.swift in Sources */,
				364E41032B0721CB001EB357 /* RegisterResponse.swift in Sources */,
				36FBF63E2B05BAF40070A476 /* CustomPageControl.swift in Sources */,
				366BF7062B19DACF00C3F53D /* HomeViewModel.swift in Sources */,
				365380C92B0C7FF300D5C39D /* CustomViewPopUp.swift in Sources */,
				36BD90232B18311600101014 /* BCAResponse.swift in Sources */,
				36A33E372B01CDF600A951E7 /* TokenService.swift in Sources */,
				365380C42B0B069000D5C39D /* ProductsService.swift in Sources */,
			);
			runOnlyForDeploymentPostprocessing = 0;
		};
/* End PBXSourcesBuildPhase section */

/* Begin PBXVariantGroup section */
		36510FF62AFB7AA000A5D6F4 /* LaunchScreen.storyboard */ = {
			isa = PBXVariantGroup;
			children = (
				36510FF72AFB7AA000A5D6F4 /* Base */,
			);
			name = LaunchScreen.storyboard;
			sourceTree = "<group>";
		};
/* End PBXVariantGroup section */

/* Begin XCBuildConfiguration section */
		36510FFA2AFB7AA000A5D6F4 /* Debug */ = {
			isa = XCBuildConfiguration;
			buildSettings = {
				ALWAYS_SEARCH_USER_PATHS = NO;
				CLANG_ANALYZER_NONNULL = YES;
				CLANG_ANALYZER_NUMBER_OBJECT_CONVERSION = YES_AGGRESSIVE;
				CLANG_CXX_LANGUAGE_STANDARD = "gnu++20";
				CLANG_ENABLE_MODULES = YES;
				CLANG_ENABLE_OBJC_ARC = YES;
				CLANG_ENABLE_OBJC_WEAK = YES;
				CLANG_WARN_BLOCK_CAPTURE_AUTORELEASING = YES;
				CLANG_WARN_BOOL_CONVERSION = YES;
				CLANG_WARN_COMMA = YES;
				CLANG_WARN_CONSTANT_CONVERSION = YES;
				CLANG_WARN_DEPRECATED_OBJC_IMPLEMENTATIONS = YES;
				CLANG_WARN_DIRECT_OBJC_ISA_USAGE = YES_ERROR;
				CLANG_WARN_DOCUMENTATION_COMMENTS = YES;
				CLANG_WARN_EMPTY_BODY = YES;
				CLANG_WARN_ENUM_CONVERSION = YES;
				CLANG_WARN_INFINITE_RECURSION = YES;
				CLANG_WARN_INT_CONVERSION = YES;
				CLANG_WARN_NON_LITERAL_NULL_CONVERSION = YES;
				CLANG_WARN_OBJC_IMPLICIT_RETAIN_SELF = YES;
				CLANG_WARN_OBJC_LITERAL_CONVERSION = YES;
				CLANG_WARN_OBJC_ROOT_CLASS = YES_ERROR;
				CLANG_WARN_QUOTED_INCLUDE_IN_FRAMEWORK_HEADER = YES;
				CLANG_WARN_RANGE_LOOP_ANALYSIS = YES;
				CLANG_WARN_STRICT_PROTOTYPES = YES;
				CLANG_WARN_SUSPICIOUS_MOVE = YES;
				CLANG_WARN_UNGUARDED_AVAILABILITY = YES_AGGRESSIVE;
				CLANG_WARN_UNREACHABLE_CODE = YES;
				CLANG_WARN__DUPLICATE_METHOD_MATCH = YES;
				COPY_PHASE_STRIP = NO;
				DEBUG_INFORMATION_FORMAT = dwarf;
				ENABLE_STRICT_OBJC_MSGSEND = YES;
				ENABLE_TESTABILITY = YES;
				GCC_C_LANGUAGE_STANDARD = gnu11;
				GCC_DYNAMIC_NO_PIC = NO;
				GCC_NO_COMMON_BLOCKS = YES;
				GCC_OPTIMIZATION_LEVEL = 0;
				GCC_PREPROCESSOR_DEFINITIONS = (
					"DEBUG=1",
					"$(inherited)",
				);
				GCC_WARN_64_TO_32_BIT_CONVERSION = YES;
				GCC_WARN_ABOUT_RETURN_TYPE = YES_ERROR;
				GCC_WARN_UNDECLARED_SELECTOR = YES;
				GCC_WARN_UNINITIALIZED_AUTOS = YES_AGGRESSIVE;
				GCC_WARN_UNUSED_FUNCTION = YES;
				GCC_WARN_UNUSED_VARIABLE = YES;
				IPHONEOS_DEPLOYMENT_TARGET = 16.2;
				MTL_ENABLE_DEBUG_INFO = INCLUDE_SOURCE;
				MTL_FAST_MATH = YES;
				ONLY_ACTIVE_ARCH = YES;
				SDKROOT = iphoneos;
				SWIFT_ACTIVE_COMPILATION_CONDITIONS = DEBUG;
				SWIFT_OPTIMIZATION_LEVEL = "-Onone";
			};
			name = Debug;
		};
		36510FFB2AFB7AA000A5D6F4 /* Release */ = {
			isa = XCBuildConfiguration;
			buildSettings = {
				ALWAYS_SEARCH_USER_PATHS = NO;
				CLANG_ANALYZER_NONNULL = YES;
				CLANG_ANALYZER_NUMBER_OBJECT_CONVERSION = YES_AGGRESSIVE;
				CLANG_CXX_LANGUAGE_STANDARD = "gnu++20";
				CLANG_ENABLE_MODULES = YES;
				CLANG_ENABLE_OBJC_ARC = YES;
				CLANG_ENABLE_OBJC_WEAK = YES;
				CLANG_WARN_BLOCK_CAPTURE_AUTORELEASING = YES;
				CLANG_WARN_BOOL_CONVERSION = YES;
				CLANG_WARN_COMMA = YES;
				CLANG_WARN_CONSTANT_CONVERSION = YES;
				CLANG_WARN_DEPRECATED_OBJC_IMPLEMENTATIONS = YES;
				CLANG_WARN_DIRECT_OBJC_ISA_USAGE = YES_ERROR;
				CLANG_WARN_DOCUMENTATION_COMMENTS = YES;
				CLANG_WARN_EMPTY_BODY = YES;
				CLANG_WARN_ENUM_CONVERSION = YES;
				CLANG_WARN_INFINITE_RECURSION = YES;
				CLANG_WARN_INT_CONVERSION = YES;
				CLANG_WARN_NON_LITERAL_NULL_CONVERSION = YES;
				CLANG_WARN_OBJC_IMPLICIT_RETAIN_SELF = YES;
				CLANG_WARN_OBJC_LITERAL_CONVERSION = YES;
				CLANG_WARN_OBJC_ROOT_CLASS = YES_ERROR;
				CLANG_WARN_QUOTED_INCLUDE_IN_FRAMEWORK_HEADER = YES;
				CLANG_WARN_RANGE_LOOP_ANALYSIS = YES;
				CLANG_WARN_STRICT_PROTOTYPES = YES;
				CLANG_WARN_SUSPICIOUS_MOVE = YES;
				CLANG_WARN_UNGUARDED_AVAILABILITY = YES_AGGRESSIVE;
				CLANG_WARN_UNREACHABLE_CODE = YES;
				CLANG_WARN__DUPLICATE_METHOD_MATCH = YES;
				COPY_PHASE_STRIP = NO;
				DEBUG_INFORMATION_FORMAT = "dwarf-with-dsym";
				ENABLE_NS_ASSERTIONS = NO;
				ENABLE_STRICT_OBJC_MSGSEND = YES;
				GCC_C_LANGUAGE_STANDARD = gnu11;
				GCC_NO_COMMON_BLOCKS = YES;
				GCC_WARN_64_TO_32_BIT_CONVERSION = YES;
				GCC_WARN_ABOUT_RETURN_TYPE = YES_ERROR;
				GCC_WARN_UNDECLARED_SELECTOR = YES;
				GCC_WARN_UNINITIALIZED_AUTOS = YES_AGGRESSIVE;
				GCC_WARN_UNUSED_FUNCTION = YES;
				GCC_WARN_UNUSED_VARIABLE = YES;
				IPHONEOS_DEPLOYMENT_TARGET = 16.2;
				MTL_ENABLE_DEBUG_INFO = NO;
				MTL_FAST_MATH = YES;
				SDKROOT = iphoneos;
				SWIFT_COMPILATION_MODE = wholemodule;
				SWIFT_OPTIMIZATION_LEVEL = "-O";
				VALIDATE_PRODUCT = YES;
			};
			name = Release;
		};
		36510FFD2AFB7AA000A5D6F4 /* Debug */ = {
			isa = XCBuildConfiguration;
			baseConfigurationReference = C1130505EC327ED37A02DC5F /* Pods-Shoee.debug.xcconfig */;
			buildSettings = {
				ASSETCATALOG_COMPILER_APPICON_NAME = AppIcon;
				ASSETCATALOG_COMPILER_GLOBAL_ACCENT_COLOR_NAME = AccentColor;
				CODE_SIGN_STYLE = Automatic;
				CURRENT_PROJECT_VERSION = 1;
				GENERATE_INFOPLIST_FILE = YES;
				INFOPLIST_FILE = Shoee/Info.plist;
				INFOPLIST_KEY_UIApplicationSupportsIndirectInputEvents = YES;
				INFOPLIST_KEY_UISupportedInterfaceOrientations_iPad = "UIInterfaceOrientationPortrait UIInterfaceOrientationPortraitUpsideDown UIInterfaceOrientationLandscapeLeft UIInterfaceOrientationLandscapeRight";
				INFOPLIST_KEY_UISupportedInterfaceOrientations_iPhone = "UIInterfaceOrientationPortrait UIInterfaceOrientationLandscapeLeft UIInterfaceOrientationLandscapeRight";
				LD_RUNPATH_SEARCH_PATHS = (
					"$(inherited)",
					"@executable_path/Frameworks",
				);
				MARKETING_VERSION = 1.0;
				PRODUCT_BUNDLE_IDENTIFIER = Phincon.Shoee;
				PRODUCT_NAME = "$(TARGET_NAME)";
				SWIFT_EMIT_LOC_STRINGS = YES;
				SWIFT_VERSION = 5.0;
				TARGETED_DEVICE_FAMILY = "1,2";
			};
			name = Debug;
		};
		36510FFE2AFB7AA000A5D6F4 /* Release */ = {
			isa = XCBuildConfiguration;
			baseConfigurationReference = 7EC7D34A3725C7B8DD95AEE1 /* Pods-Shoee.release.xcconfig */;
			buildSettings = {
				ASSETCATALOG_COMPILER_APPICON_NAME = AppIcon;
				ASSETCATALOG_COMPILER_GLOBAL_ACCENT_COLOR_NAME = AccentColor;
				CODE_SIGN_STYLE = Automatic;
				CURRENT_PROJECT_VERSION = 1;
				GENERATE_INFOPLIST_FILE = YES;
				INFOPLIST_FILE = Shoee/Info.plist;
				INFOPLIST_KEY_UIApplicationSupportsIndirectInputEvents = YES;
				INFOPLIST_KEY_UISupportedInterfaceOrientations_iPad = "UIInterfaceOrientationPortrait UIInterfaceOrientationPortraitUpsideDown UIInterfaceOrientationLandscapeLeft UIInterfaceOrientationLandscapeRight";
				INFOPLIST_KEY_UISupportedInterfaceOrientations_iPhone = "UIInterfaceOrientationPortrait UIInterfaceOrientationLandscapeLeft UIInterfaceOrientationLandscapeRight";
				LD_RUNPATH_SEARCH_PATHS = (
					"$(inherited)",
					"@executable_path/Frameworks",
				);
				MARKETING_VERSION = 1.0;
				PRODUCT_BUNDLE_IDENTIFIER = Phincon.Shoee;
				PRODUCT_NAME = "$(TARGET_NAME)";
				SWIFT_EMIT_LOC_STRINGS = YES;
				SWIFT_VERSION = 5.0;
				TARGETED_DEVICE_FAMILY = "1,2";
			};
			name = Release;
		};
/* End XCBuildConfiguration section */

/* Begin XCConfigurationList section */
		36510FE02AFB7A9E00A5D6F4 /* Build configuration list for PBXProject "Shoee" */ = {
			isa = XCConfigurationList;
			buildConfigurations = (
				36510FFA2AFB7AA000A5D6F4 /* Debug */,
				36510FFB2AFB7AA000A5D6F4 /* Release */,
			);
			defaultConfigurationIsVisible = 0;
			defaultConfigurationName = Release;
		};
		36510FFC2AFB7AA000A5D6F4 /* Build configuration list for PBXNativeTarget "Shoee" */ = {
			isa = XCConfigurationList;
			buildConfigurations = (
				36510FFD2AFB7AA000A5D6F4 /* Debug */,
				36510FFE2AFB7AA000A5D6F4 /* Release */,
			);
			defaultConfigurationIsVisible = 0;
			defaultConfigurationName = Release;
		};
/* End XCConfigurationList section */

/* Begin XCVersionGroup section */
		36510FF12AFB7A9E00A5D6F4 /* Shoee.xcdatamodeld */ = {
			isa = XCVersionGroup;
			children = (
				36510FF22AFB7A9E00A5D6F4 /* Shoee.xcdatamodel */,
			);
			currentVersion = 36510FF22AFB7A9E00A5D6F4 /* Shoee.xcdatamodel */;
			path = Shoee.xcdatamodeld;
			sourceTree = "<group>";
			versionGroupType = wrapper.xcdatamodel;
		};
/* End XCVersionGroup section */
	};
	rootObject = 36510FDD2AFB7A9E00A5D6F4 /* Project object */;
}
