// !$*UTF8*$!
{
	archiveVersion = 1;
	classes = {
	};
	objectVersion = 56;
	objects = {

/* Begin PBXBuildFile section */
		05CAA4C9A1CAB21DD16B7215 /* Pods_SyariahApp.framework in Frameworks */ = {isa = PBXBuildFile; fileRef = D6FED45D7013FCC226557A3E /* Pods_SyariahApp.framework */; };
		3635F1012AEFA1AD009CD067 /* HomeViewController.swift in Sources */ = {isa = PBXBuildFile; fileRef = 3635F0FF2AEFA1AD009CD067 /* HomeViewController.swift */; };
		3635F1022AEFA1AD009CD067 /* HomeViewController.xib in Resources */ = {isa = PBXBuildFile; fileRef = 3635F1002AEFA1AD009CD067 /* HomeViewController.xib */; };
		3639E3FF2AF0EA0100B48981 /* ReusableTextField.swift in Sources */ = {isa = PBXBuildFile; fileRef = 3639E3FE2AF0EA0100B48981 /* ReusableTextField.swift */; };
		3639E4012AF0ED8E00B48981 /* FormView.swift in Sources */ = {isa = PBXBuildFile; fileRef = 3639E4002AF0ED8E00B48981 /* FormView.swift */; };
		365BD50C2AEFBDA7002B214F /* ListTableViewCell.swift in Sources */ = {isa = PBXBuildFile; fileRef = 365BD50A2AEFBDA7002B214F /* ListTableViewCell.swift */; };
		365BD50D2AEFBDA7002B214F /* ListTableViewCell.xib in Resources */ = {isa = PBXBuildFile; fileRef = 365BD50B2AEFBDA7002B214F /* ListTableViewCell.xib */; };
		365BD5132AEFC1FF002B214F /* PaymentListCollectionViewCell.swift in Sources */ = {isa = PBXBuildFile; fileRef = 365BD5112AEFC1FF002B214F /* PaymentListCollectionViewCell.swift */; };
		365BD5142AEFC1FF002B214F /* PaymentListCollectionViewCell.xib in Resources */ = {isa = PBXBuildFile; fileRef = 365BD5122AEFC1FF002B214F /* PaymentListCollectionViewCell.xib */; };
		365BD5162AEFC727002B214F /* Models.swift in Sources */ = {isa = PBXBuildFile; fileRef = 365BD5152AEFC727002B214F /* Models.swift */; };
		368155992AF4DE9400C865E9 /* ReusableDialogShowViewController.swift in Sources */ = {isa = PBXBuildFile; fileRef = 368155972AF4DE9400C865E9 /* ReusableDialogShowViewController.swift */; };
		3681559A2AF4DE9400C865E9 /* ReusableDialogShowViewController.xib in Resources */ = {isa = PBXBuildFile; fileRef = 368155982AF4DE9400C865E9 /* ReusableDialogShowViewController.xib */; };
		3681559F2AF50CE600C865E9 /* NotificationViewController.swift in Sources */ = {isa = PBXBuildFile; fileRef = 3681559D2AF50CE600C865E9 /* NotificationViewController.swift */; };
		368155A02AF50CE600C865E9 /* NotificationViewController.xib in Resources */ = {isa = PBXBuildFile; fileRef = 3681559E2AF50CE600C865E9 /* NotificationViewController.xib */; };
		368155A32AF50CF300C865E9 /* TransactionViewController.swift in Sources */ = {isa = PBXBuildFile; fileRef = 368155A12AF50CF300C865E9 /* TransactionViewController.swift */; };
		368155A42AF50CF300C865E9 /* TransactionViewController.xib in Resources */ = {isa = PBXBuildFile; fileRef = 368155A22AF50CF300C865E9 /* TransactionViewController.xib */; };
		368155A62AF8772500C865E9 /* UserDefaultsManager.swift in Sources */ = {isa = PBXBuildFile; fileRef = 368155A52AF8772500C865E9 /* UserDefaultsManager.swift */; };
		36CD63882AF0D5DB00C751A7 /* LoginViewController.swift in Sources */ = {isa = PBXBuildFile; fileRef = 36CD63862AF0D5DB00C751A7 /* LoginViewController.swift */; };
		36CD63892AF0D5DB00C751A7 /* LoginViewController.xib in Resources */ = {isa = PBXBuildFile; fileRef = 36CD63872AF0D5DB00C751A7 /* LoginViewController.xib */; };
		36CD638D2AF0E87100C751A7 /* ReusableTextField.xib in Resources */ = {isa = PBXBuildFile; fileRef = 36CD638C2AF0E87100C751A7 /* ReusableTextField.xib */; };
		36CE99522AF35B8900426820 /* AnimationViewController.swift in Sources */ = {isa = PBXBuildFile; fileRef = 36CE99502AF35B8900426820 /* AnimationViewController.swift */; };
		36CE99532AF35B8900426820 /* AnimationViewController.xib in Resources */ = {isa = PBXBuildFile; fileRef = 36CE99512AF35B8900426820 /* AnimationViewController.xib */; };
		36CE99552AF3750400426820 /* GoogleService-Info.plist in Resources */ = {isa = PBXBuildFile; fileRef = 36CE99542AF3750400426820 /* GoogleService-Info.plist */; };
		36CE99592AF489D400426820 /* TopCardCollectionViewCell.swift in Sources */ = {isa = PBXBuildFile; fileRef = 36CE99572AF489D300426820 /* TopCardCollectionViewCell.swift */; };
		36CE995A2AF489D400426820 /* TopCardCollectionViewCell.xib in Resources */ = {isa = PBXBuildFile; fileRef = 36CE99582AF489D300426820 /* TopCardCollectionViewCell.xib */; };
		36CF7FC02AEF8C51000BD9CD /* AppDelegate.swift in Sources */ = {isa = PBXBuildFile; fileRef = 36CF7FBF2AEF8C51000BD9CD /* AppDelegate.swift */; };
		36CF7FC22AEF8C51000BD9CD /* SceneDelegate.swift in Sources */ = {isa = PBXBuildFile; fileRef = 36CF7FC12AEF8C51000BD9CD /* SceneDelegate.swift */; };
		36CF7FC42AEF8C51000BD9CD /* ViewController.swift in Sources */ = {isa = PBXBuildFile; fileRef = 36CF7FC32AEF8C51000BD9CD /* ViewController.swift */; };
		36CF7FC72AEF8C51000BD9CD /* Main.storyboard in Resources */ = {isa = PBXBuildFile; fileRef = 36CF7FC52AEF8C51000BD9CD /* Main.storyboard */; };
		36CF7FC92AEF8C52000BD9CD /* Assets.xcassets in Resources */ = {isa = PBXBuildFile; fileRef = 36CF7FC82AEF8C52000BD9CD /* Assets.xcassets */; };
		36CF7FCC2AEF8C52000BD9CD /* LaunchScreen.storyboard in Resources */ = {isa = PBXBuildFile; fileRef = 36CF7FCA2AEF8C52000BD9CD /* LaunchScreen.storyboard */; };
		36CF7FD72AEF8C53000BD9CD /* SyariahAppTests.swift in Sources */ = {isa = PBXBuildFile; fileRef = 36CF7FD62AEF8C53000BD9CD /* SyariahAppTests.swift */; };
		36CF7FE12AEF8C53000BD9CD /* SyariahAppUITests.swift in Sources */ = {isa = PBXBuildFile; fileRef = 36CF7FE02AEF8C53000BD9CD /* SyariahAppUITests.swift */; };
		36CF7FE32AEF8C53000BD9CD /* SyariahAppUITestsLaunchTests.swift in Sources */ = {isa = PBXBuildFile; fileRef = 36CF7FE22AEF8C53000BD9CD /* SyariahAppUITestsLaunchTests.swift */; };
		36CF7FF72AEF9215000BD9CD /* Constants.swift in Sources */ = {isa = PBXBuildFile; fileRef = 36CF7FF62AEF9215000BD9CD /* Constants.swift */; };
		36CF7FFA2AEF93AB000BD9CD /* MainTabBar.swift in Sources */ = {isa = PBXBuildFile; fileRef = 36CF7FF92AEF93AB000BD9CD /* MainTabBar.swift */; };
		36FCC1172AF1D9520046BB50 /* PrivacyPolicyViewController.swift in Sources */ = {isa = PBXBuildFile; fileRef = 36FCC1152AF1D9520046BB50 /* PrivacyPolicyViewController.swift */; };
		36FCC1182AF1D9520046BB50 /* PrivacyPolicyViewController.xib in Resources */ = {isa = PBXBuildFile; fileRef = 36FCC1162AF1D9520046BB50 /* PrivacyPolicyViewController.xib */; };
		36FCC11C2AF1E6BB0046BB50 /* RegisterViewController.swift in Sources */ = {isa = PBXBuildFile; fileRef = 36FCC11A2AF1E6BB0046BB50 /* RegisterViewController.swift */; };
		36FCC11D2AF1E6BB0046BB50 /* RegisterViewController.xib in Resources */ = {isa = PBXBuildFile; fileRef = 36FCC11B2AF1E6BB0046BB50 /* RegisterViewController.xib */; };
		36FCC1352AF231420046BB50 /* ProfileViewController.swift in Sources */ = {isa = PBXBuildFile; fileRef = 36FCC1332AF231420046BB50 /* ProfileViewController.swift */; };
		36FCC1362AF231420046BB50 /* ProfileViewController.xib in Resources */ = {isa = PBXBuildFile; fileRef = 36FCC1342AF231420046BB50 /* ProfileViewController.xib */; };
		36FCC13E2AF2432D0046BB50 /* TelcoViewController.swift in Sources */ = {isa = PBXBuildFile; fileRef = 36FCC13C2AF2432D0046BB50 /* TelcoViewController.swift */; };
		36FCC13F2AF2432D0046BB50 /* TelcoViewController.xib in Resources */ = {isa = PBXBuildFile; fileRef = 36FCC13D2AF2432D0046BB50 /* TelcoViewController.xib */; };
		36FCC1422AF2433A0046BB50 /* PLNViewController.swift in Sources */ = {isa = PBXBuildFile; fileRef = 36FCC1402AF2433A0046BB50 /* PLNViewController.swift */; };
		36FCC1432AF2433A0046BB50 /* PLNViewController.xib in Resources */ = {isa = PBXBuildFile; fileRef = 36FCC1412AF2433A0046BB50 /* PLNViewController.xib */; };
		36FCC1462AF243470046BB50 /* PDAMViewController.swift in Sources */ = {isa = PBXBuildFile; fileRef = 36FCC1442AF243470046BB50 /* PDAMViewController.swift */; };
		36FCC1472AF243470046BB50 /* PDAMViewController.xib in Resources */ = {isa = PBXBuildFile; fileRef = 36FCC1452AF243470046BB50 /* PDAMViewController.xib */; };
		36FCC14A2AF243540046BB50 /* SchoolViewController.swift in Sources */ = {isa = PBXBuildFile; fileRef = 36FCC1482AF243540046BB50 /* SchoolViewController.swift */; };
		36FCC14B2AF243540046BB50 /* SchoolViewController.xib in Resources */ = {isa = PBXBuildFile; fileRef = 36FCC1492AF243540046BB50 /* SchoolViewController.xib */; };
		36FCC1532AF25B320046BB50 /* PromotionCollectionViewCell.swift in Sources */ = {isa = PBXBuildFile; fileRef = 36FCC1512AF25B320046BB50 /* PromotionCollectionViewCell.swift */; };
		36FCC1542AF25B320046BB50 /* PromotionCollectionViewCell.xib in Resources */ = {isa = PBXBuildFile; fileRef = 36FCC1522AF25B320046BB50 /* PromotionCollectionViewCell.xib */; };
		36FCC1572AF32A250046BB50 /* Alamofire in Frameworks */ = {isa = PBXBuildFile; productRef = 36FCC1562AF32A250046BB50 /* Alamofire */; };
		7C4C490ABD473AA8D77BE9F6 /* Pods_SyariahAppTests.framework in Frameworks */ = {isa = PBXBuildFile; fileRef = EFF3A146A2A19A79389D8642 /* Pods_SyariahAppTests.framework */; };
		AAEF7E9965C189C7200260A7 /* Pods_SyariahApp_SyariahAppUITests.framework in Frameworks */ = {isa = PBXBuildFile; fileRef = D39DD98EBD43C6409D58AF46 /* Pods_SyariahApp_SyariahAppUITests.framework */; };
/* End PBXBuildFile section */

/* Begin PBXContainerItemProxy section */
		36CF7FD32AEF8C53000BD9CD /* PBXContainerItemProxy */ = {
			isa = PBXContainerItemProxy;
			containerPortal = 36CF7FB42AEF8C51000BD9CD /* Project object */;
			proxyType = 1;
			remoteGlobalIDString = 36CF7FBB2AEF8C51000BD9CD;
			remoteInfo = SyariahApp;
		};
		36CF7FDD2AEF8C53000BD9CD /* PBXContainerItemProxy */ = {
			isa = PBXContainerItemProxy;
			containerPortal = 36CF7FB42AEF8C51000BD9CD /* Project object */;
			proxyType = 1;
			remoteGlobalIDString = 36CF7FBB2AEF8C51000BD9CD;
			remoteInfo = SyariahApp;
		};
/* End PBXContainerItemProxy section */

/* Begin PBXFileReference section */
		3635F0FF2AEFA1AD009CD067 /* HomeViewController.swift */ = {isa = PBXFileReference; lastKnownFileType = sourcecode.swift; path = HomeViewController.swift; sourceTree = "<group>"; };
		3635F1002AEFA1AD009CD067 /* HomeViewController.xib */ = {isa = PBXFileReference; lastKnownFileType = file.xib; path = HomeViewController.xib; sourceTree = "<group>"; };
		3639E3FE2AF0EA0100B48981 /* ReusableTextField.swift */ = {isa = PBXFileReference; lastKnownFileType = sourcecode.swift; path = ReusableTextField.swift; sourceTree = "<group>"; };
		3639E4002AF0ED8E00B48981 /* FormView.swift */ = {isa = PBXFileReference; lastKnownFileType = sourcecode.swift; path = FormView.swift; sourceTree = "<group>"; };
		365BD50A2AEFBDA7002B214F /* ListTableViewCell.swift */ = {isa = PBXFileReference; lastKnownFileType = sourcecode.swift; path = ListTableViewCell.swift; sourceTree = "<group>"; };
		365BD50B2AEFBDA7002B214F /* ListTableViewCell.xib */ = {isa = PBXFileReference; lastKnownFileType = file.xib; path = ListTableViewCell.xib; sourceTree = "<group>"; };
		365BD5112AEFC1FF002B214F /* PaymentListCollectionViewCell.swift */ = {isa = PBXFileReference; lastKnownFileType = sourcecode.swift; path = PaymentListCollectionViewCell.swift; sourceTree = "<group>"; };
		365BD5122AEFC1FF002B214F /* PaymentListCollectionViewCell.xib */ = {isa = PBXFileReference; lastKnownFileType = file.xib; path = PaymentListCollectionViewCell.xib; sourceTree = "<group>"; };
		365BD5152AEFC727002B214F /* Models.swift */ = {isa = PBXFileReference; lastKnownFileType = sourcecode.swift; path = Models.swift; sourceTree = "<group>"; };
		368155972AF4DE9400C865E9 /* ReusableDialogShowViewController.swift */ = {isa = PBXFileReference; lastKnownFileType = sourcecode.swift; path = ReusableDialogShowViewController.swift; sourceTree = "<group>"; };
		368155982AF4DE9400C865E9 /* ReusableDialogShowViewController.xib */ = {isa = PBXFileReference; lastKnownFileType = file.xib; path = ReusableDialogShowViewController.xib; sourceTree = "<group>"; };
		3681559D2AF50CE600C865E9 /* NotificationViewController.swift */ = {isa = PBXFileReference; lastKnownFileType = sourcecode.swift; path = NotificationViewController.swift; sourceTree = "<group>"; };
		3681559E2AF50CE600C865E9 /* NotificationViewController.xib */ = {isa = PBXFileReference; lastKnownFileType = file.xib; path = NotificationViewController.xib; sourceTree = "<group>"; };
		368155A12AF50CF300C865E9 /* TransactionViewController.swift */ = {isa = PBXFileReference; lastKnownFileType = sourcecode.swift; path = TransactionViewController.swift; sourceTree = "<group>"; };
		368155A22AF50CF300C865E9 /* TransactionViewController.xib */ = {isa = PBXFileReference; lastKnownFileType = file.xib; path = TransactionViewController.xib; sourceTree = "<group>"; };
		368155A52AF8772500C865E9 /* UserDefaultsManager.swift */ = {isa = PBXFileReference; lastKnownFileType = sourcecode.swift; path = UserDefaultsManager.swift; sourceTree = "<group>"; };
		36CD63862AF0D5DB00C751A7 /* LoginViewController.swift */ = {isa = PBXFileReference; lastKnownFileType = sourcecode.swift; path = LoginViewController.swift; sourceTree = "<group>"; };
		36CD63872AF0D5DB00C751A7 /* LoginViewController.xib */ = {isa = PBXFileReference; lastKnownFileType = file.xib; path = LoginViewController.xib; sourceTree = "<group>"; };
		36CD638C2AF0E87100C751A7 /* ReusableTextField.xib */ = {isa = PBXFileReference; lastKnownFileType = file.xib; path = ReusableTextField.xib; sourceTree = "<group>"; };
		36CE99502AF35B8900426820 /* AnimationViewController.swift */ = {isa = PBXFileReference; lastKnownFileType = sourcecode.swift; path = AnimationViewController.swift; sourceTree = "<group>"; };
		36CE99512AF35B8900426820 /* AnimationViewController.xib */ = {isa = PBXFileReference; lastKnownFileType = file.xib; path = AnimationViewController.xib; sourceTree = "<group>"; };
		36CE99542AF3750400426820 /* GoogleService-Info.plist */ = {isa = PBXFileReference; fileEncoding = 4; lastKnownFileType = text.plist.xml; path = "GoogleService-Info.plist"; sourceTree = "<group>"; };
		36CE99572AF489D300426820 /* TopCardCollectionViewCell.swift */ = {isa = PBXFileReference; lastKnownFileType = sourcecode.swift; path = TopCardCollectionViewCell.swift; sourceTree = "<group>"; };
		36CE99582AF489D300426820 /* TopCardCollectionViewCell.xib */ = {isa = PBXFileReference; lastKnownFileType = file.xib; path = TopCardCollectionViewCell.xib; sourceTree = "<group>"; };
		36CF7FBC2AEF8C51000BD9CD /* SyariahApp.app */ = {isa = PBXFileReference; explicitFileType = wrapper.application; includeInIndex = 0; path = SyariahApp.app; sourceTree = BUILT_PRODUCTS_DIR; };
		36CF7FBF2AEF8C51000BD9CD /* AppDelegate.swift */ = {isa = PBXFileReference; lastKnownFileType = sourcecode.swift; path = AppDelegate.swift; sourceTree = "<group>"; };
		36CF7FC12AEF8C51000BD9CD /* SceneDelegate.swift */ = {isa = PBXFileReference; lastKnownFileType = sourcecode.swift; path = SceneDelegate.swift; sourceTree = "<group>"; };
		36CF7FC32AEF8C51000BD9CD /* ViewController.swift */ = {isa = PBXFileReference; lastKnownFileType = sourcecode.swift; path = ViewController.swift; sourceTree = "<group>"; };
		36CF7FC62AEF8C51000BD9CD /* Base */ = {isa = PBXFileReference; lastKnownFileType = file.storyboard; name = Base; path = Base.lproj/Main.storyboard; sourceTree = "<group>"; };
		36CF7FC82AEF8C52000BD9CD /* Assets.xcassets */ = {isa = PBXFileReference; lastKnownFileType = folder.assetcatalog; path = Assets.xcassets; sourceTree = "<group>"; };
		36CF7FCB2AEF8C52000BD9CD /* Base */ = {isa = PBXFileReference; lastKnownFileType = file.storyboard; name = Base; path = Base.lproj/LaunchScreen.storyboard; sourceTree = "<group>"; };
		36CF7FCD2AEF8C53000BD9CD /* Info.plist */ = {isa = PBXFileReference; lastKnownFileType = text.plist.xml; path = Info.plist; sourceTree = "<group>"; };
		36CF7FD22AEF8C53000BD9CD /* SyariahAppTests.xctest */ = {isa = PBXFileReference; explicitFileType = wrapper.cfbundle; includeInIndex = 0; path = SyariahAppTests.xctest; sourceTree = BUILT_PRODUCTS_DIR; };
		36CF7FD62AEF8C53000BD9CD /* SyariahAppTests.swift */ = {isa = PBXFileReference; lastKnownFileType = sourcecode.swift; path = SyariahAppTests.swift; sourceTree = "<group>"; };
		36CF7FDC2AEF8C53000BD9CD /* SyariahAppUITests.xctest */ = {isa = PBXFileReference; explicitFileType = wrapper.cfbundle; includeInIndex = 0; path = SyariahAppUITests.xctest; sourceTree = BUILT_PRODUCTS_DIR; };
		36CF7FE02AEF8C53000BD9CD /* SyariahAppUITests.swift */ = {isa = PBXFileReference; lastKnownFileType = sourcecode.swift; path = SyariahAppUITests.swift; sourceTree = "<group>"; };
		36CF7FE22AEF8C53000BD9CD /* SyariahAppUITestsLaunchTests.swift */ = {isa = PBXFileReference; lastKnownFileType = sourcecode.swift; path = SyariahAppUITestsLaunchTests.swift; sourceTree = "<group>"; };
		36CF7FF62AEF9215000BD9CD /* Constants.swift */ = {isa = PBXFileReference; lastKnownFileType = sourcecode.swift; path = Constants.swift; sourceTree = "<group>"; };
		36CF7FF92AEF93AB000BD9CD /* MainTabBar.swift */ = {isa = PBXFileReference; lastKnownFileType = sourcecode.swift; path = MainTabBar.swift; sourceTree = "<group>"; };
		36FCC1152AF1D9520046BB50 /* PrivacyPolicyViewController.swift */ = {isa = PBXFileReference; lastKnownFileType = sourcecode.swift; path = PrivacyPolicyViewController.swift; sourceTree = "<group>"; };
		36FCC1162AF1D9520046BB50 /* PrivacyPolicyViewController.xib */ = {isa = PBXFileReference; lastKnownFileType = file.xib; path = PrivacyPolicyViewController.xib; sourceTree = "<group>"; };
		36FCC11A2AF1E6BB0046BB50 /* RegisterViewController.swift */ = {isa = PBXFileReference; lastKnownFileType = sourcecode.swift; path = RegisterViewController.swift; sourceTree = "<group>"; };
		36FCC11B2AF1E6BB0046BB50 /* RegisterViewController.xib */ = {isa = PBXFileReference; lastKnownFileType = file.xib; path = RegisterViewController.xib; sourceTree = "<group>"; };
		36FCC1332AF231420046BB50 /* ProfileViewController.swift */ = {isa = PBXFileReference; lastKnownFileType = sourcecode.swift; path = ProfileViewController.swift; sourceTree = "<group>"; };
		36FCC1342AF231420046BB50 /* ProfileViewController.xib */ = {isa = PBXFileReference; lastKnownFileType = file.xib; path = ProfileViewController.xib; sourceTree = "<group>"; };
		36FCC13C2AF2432D0046BB50 /* TelcoViewController.swift */ = {isa = PBXFileReference; lastKnownFileType = sourcecode.swift; path = TelcoViewController.swift; sourceTree = "<group>"; };
		36FCC13D2AF2432D0046BB50 /* TelcoViewController.xib */ = {isa = PBXFileReference; lastKnownFileType = file.xib; path = TelcoViewController.xib; sourceTree = "<group>"; };
		36FCC1402AF2433A0046BB50 /* PLNViewController.swift */ = {isa = PBXFileReference; lastKnownFileType = sourcecode.swift; path = PLNViewController.swift; sourceTree = "<group>"; };
		36FCC1412AF2433A0046BB50 /* PLNViewController.xib */ = {isa = PBXFileReference; lastKnownFileType = file.xib; path = PLNViewController.xib; sourceTree = "<group>"; };
		36FCC1442AF243470046BB50 /* PDAMViewController.swift */ = {isa = PBXFileReference; lastKnownFileType = sourcecode.swift; path = PDAMViewController.swift; sourceTree = "<group>"; };
		36FCC1452AF243470046BB50 /* PDAMViewController.xib */ = {isa = PBXFileReference; lastKnownFileType = file.xib; path = PDAMViewController.xib; sourceTree = "<group>"; };
		36FCC1482AF243540046BB50 /* SchoolViewController.swift */ = {isa = PBXFileReference; lastKnownFileType = sourcecode.swift; path = SchoolViewController.swift; sourceTree = "<group>"; };
		36FCC1492AF243540046BB50 /* SchoolViewController.xib */ = {isa = PBXFileReference; lastKnownFileType = file.xib; path = SchoolViewController.xib; sourceTree = "<group>"; };
		36FCC1512AF25B320046BB50 /* PromotionCollectionViewCell.swift */ = {isa = PBXFileReference; lastKnownFileType = sourcecode.swift; path = PromotionCollectionViewCell.swift; sourceTree = "<group>"; };
		36FCC1522AF25B320046BB50 /* PromotionCollectionViewCell.xib */ = {isa = PBXFileReference; lastKnownFileType = file.xib; path = PromotionCollectionViewCell.xib; sourceTree = "<group>"; };
		8189F13C61BF4C06C1BD8B7D /* Pods-SyariahApp-SyariahAppUITests.release.xcconfig */ = {isa = PBXFileReference; includeInIndex = 1; lastKnownFileType = text.xcconfig; name = "Pods-SyariahApp-SyariahAppUITests.release.xcconfig"; path = "Target Support Files/Pods-SyariahApp-SyariahAppUITests/Pods-SyariahApp-SyariahAppUITests.release.xcconfig"; sourceTree = "<group>"; };
		903C66D6B67CA708D25EE606 /* Pods-SyariahApp.debug.xcconfig */ = {isa = PBXFileReference; includeInIndex = 1; lastKnownFileType = text.xcconfig; name = "Pods-SyariahApp.debug.xcconfig"; path = "Target Support Files/Pods-SyariahApp/Pods-SyariahApp.debug.xcconfig"; sourceTree = "<group>"; };
		92D116F51E5465B2DCA8C2CF /* Pods-SyariahApp-SyariahAppUITests.debug.xcconfig */ = {isa = PBXFileReference; includeInIndex = 1; lastKnownFileType = text.xcconfig; name = "Pods-SyariahApp-SyariahAppUITests.debug.xcconfig"; path = "Target Support Files/Pods-SyariahApp-SyariahAppUITests/Pods-SyariahApp-SyariahAppUITests.debug.xcconfig"; sourceTree = "<group>"; };
		A5460CA9546F3B30B0050382 /* Pods-SyariahAppTests.debug.xcconfig */ = {isa = PBXFileReference; includeInIndex = 1; lastKnownFileType = text.xcconfig; name = "Pods-SyariahAppTests.debug.xcconfig"; path = "Target Support Files/Pods-SyariahAppTests/Pods-SyariahAppTests.debug.xcconfig"; sourceTree = "<group>"; };
		D39DD98EBD43C6409D58AF46 /* Pods_SyariahApp_SyariahAppUITests.framework */ = {isa = PBXFileReference; explicitFileType = wrapper.framework; includeInIndex = 0; path = Pods_SyariahApp_SyariahAppUITests.framework; sourceTree = BUILT_PRODUCTS_DIR; };
		D6FED45D7013FCC226557A3E /* Pods_SyariahApp.framework */ = {isa = PBXFileReference; explicitFileType = wrapper.framework; includeInIndex = 0; path = Pods_SyariahApp.framework; sourceTree = BUILT_PRODUCTS_DIR; };
		DD6E9E1F387A4B3AF0733B92 /* Pods-SyariahAppTests.release.xcconfig */ = {isa = PBXFileReference; includeInIndex = 1; lastKnownFileType = text.xcconfig; name = "Pods-SyariahAppTests.release.xcconfig"; path = "Target Support Files/Pods-SyariahAppTests/Pods-SyariahAppTests.release.xcconfig"; sourceTree = "<group>"; };
		EE2119119BE11B025A02A9C9 /* Pods-SyariahApp.release.xcconfig */ = {isa = PBXFileReference; includeInIndex = 1; lastKnownFileType = text.xcconfig; name = "Pods-SyariahApp.release.xcconfig"; path = "Target Support Files/Pods-SyariahApp/Pods-SyariahApp.release.xcconfig"; sourceTree = "<group>"; };
		EFF3A146A2A19A79389D8642 /* Pods_SyariahAppTests.framework */ = {isa = PBXFileReference; explicitFileType = wrapper.framework; includeInIndex = 0; path = Pods_SyariahAppTests.framework; sourceTree = BUILT_PRODUCTS_DIR; };
/* End PBXFileReference section */

/* Begin PBXFrameworksBuildPhase section */
		36CF7FB92AEF8C51000BD9CD /* Frameworks */ = {
			isa = PBXFrameworksBuildPhase;
			buildActionMask = 2147483647;
			files = (
				36FCC1572AF32A250046BB50 /* Alamofire in Frameworks */,
				05CAA4C9A1CAB21DD16B7215 /* Pods_SyariahApp.framework in Frameworks */,
			);
			runOnlyForDeploymentPostprocessing = 0;
		};
		36CF7FCF2AEF8C53000BD9CD /* Frameworks */ = {
			isa = PBXFrameworksBuildPhase;
			buildActionMask = 2147483647;
			files = (
				7C4C490ABD473AA8D77BE9F6 /* Pods_SyariahAppTests.framework in Frameworks */,
			);
			runOnlyForDeploymentPostprocessing = 0;
		};
		36CF7FD92AEF8C53000BD9CD /* Frameworks */ = {
			isa = PBXFrameworksBuildPhase;
			buildActionMask = 2147483647;
			files = (
				AAEF7E9965C189C7200260A7 /* Pods_SyariahApp_SyariahAppUITests.framework in Frameworks */,
			);
			runOnlyForDeploymentPostprocessing = 0;
		};
/* End PBXFrameworksBuildPhase section */

/* Begin PBXGroup section */
		26D07AED02608B8F32C1A827 /* Pods */ = {
			isa = PBXGroup;
			children = (
				903C66D6B67CA708D25EE606 /* Pods-SyariahApp.debug.xcconfig */,
				EE2119119BE11B025A02A9C9 /* Pods-SyariahApp.release.xcconfig */,
				92D116F51E5465B2DCA8C2CF /* Pods-SyariahApp-SyariahAppUITests.debug.xcconfig */,
				8189F13C61BF4C06C1BD8B7D /* Pods-SyariahApp-SyariahAppUITests.release.xcconfig */,
				A5460CA9546F3B30B0050382 /* Pods-SyariahAppTests.debug.xcconfig */,
				DD6E9E1F387A4B3AF0733B92 /* Pods-SyariahAppTests.release.xcconfig */,
			);
			path = Pods;
			sourceTree = "<group>";
		};
		365BD5092AEFBBEE002B214F /* PaymentListTableViewCell */ = {
			isa = PBXGroup;
			children = (
				36CE99562AF489A600426820 /* TopCardCollectionViewCell */,
				36FCC14C2AF2592D0046BB50 /* PromotionCollectionViewCell */,
				365BD50E2AEFC1A4002B214F /* PaymentListCollectionViewCell */,
				365BD50A2AEFBDA7002B214F /* ListTableViewCell.swift */,
				365BD50B2AEFBDA7002B214F /* ListTableViewCell.xib */,
			);
			path = PaymentListTableViewCell;
			sourceTree = "<group>";
		};
		365BD50E2AEFC1A4002B214F /* PaymentListCollectionViewCell */ = {
			isa = PBXGroup;
			children = (
				365BD5112AEFC1FF002B214F /* PaymentListCollectionViewCell.swift */,
				365BD5122AEFC1FF002B214F /* PaymentListCollectionViewCell.xib */,
			);
			path = PaymentListCollectionViewCell;
			sourceTree = "<group>";
		};
		368155962AF4DDE400C865E9 /* ReusableDialogShow */ = {
			isa = PBXGroup;
			children = (
				368155972AF4DE9400C865E9 /* ReusableDialogShowViewController.swift */,
				368155982AF4DE9400C865E9 /* ReusableDialogShowViewController.xib */,
			);
			path = ReusableDialogShow;
			sourceTree = "<group>";
		};
		3681559B2AF50C9800C865E9 /* NotificationViewController */ = {
			isa = PBXGroup;
			children = (
				3681559D2AF50CE600C865E9 /* NotificationViewController.swift */,
				3681559E2AF50CE600C865E9 /* NotificationViewController.xib */,
			);
			path = NotificationViewController;
			sourceTree = "<group>";
		};
		3681559C2AF50CAD00C865E9 /* TransactionViewController */ = {
			isa = PBXGroup;
			children = (
				368155A12AF50CF300C865E9 /* TransactionViewController.swift */,
				368155A22AF50CF300C865E9 /* TransactionViewController.xib */,
			);
			path = TransactionViewController;
			sourceTree = "<group>";
		};
		369AAEDF2AFB2AE800DEEECC /* View */ = {
			isa = PBXGroup;
			children = (
			);
			path = View;
			sourceTree = "<group>";
		};
		369AAEE02AFB2AF500DEEECC /* Model */ = {
			isa = PBXGroup;
			children = (
			);
			path = Model;
			sourceTree = "<group>";
		};
		369AAEE12AFB2B0800DEEECC /* ViewModel */ = {
			isa = PBXGroup;
			children = (
			);
			path = ViewModel;
			sourceTree = "<group>";
		};
		369AAF7E2AFB6C0F00DEEECC /* New Group */ = {
			isa = PBXGroup;
			children = (
			);
			path = "New Group";
			sourceTree = "<group>";
		};
		36CD63852AF0D5AC00C751A7 /* LoginViewController */ = {
			isa = PBXGroup;
			children = (
				36CD63862AF0D5DB00C751A7 /* LoginViewController.swift */,
				36CD63872AF0D5DB00C751A7 /* LoginViewController.xib */,
			);
			path = LoginViewController;
			sourceTree = "<group>";
		};
		36CD638A2AF0E82600C751A7 /* ReusableLayout */ = {
			isa = PBXGroup;
			children = (
				368155962AF4DDE400C865E9 /* ReusableDialogShow */,
				36FCC12A2AF2217B0046BB50 /* ReusableTextField */,
			);
			path = ReusableLayout;
			sourceTree = "<group>";
		};
		36CE994B2AF35B4E00426820 /* Animation */ = {
			isa = PBXGroup;
			children = (
				36CE99502AF35B8900426820 /* AnimationViewController.swift */,
				36CE99512AF35B8900426820 /* AnimationViewController.xib */,
			);
			path = Animation;
			sourceTree = "<group>";
		};
		36CE99562AF489A600426820 /* TopCardCollectionViewCell */ = {
			isa = PBXGroup;
			children = (
				36CE99572AF489D300426820 /* TopCardCollectionViewCell.swift */,
				36CE99582AF489D300426820 /* TopCardCollectionViewCell.xib */,
			);
			path = TopCardCollectionViewCell;
			sourceTree = "<group>";
		};
		36CF7FB32AEF8C51000BD9CD = {
			isa = PBXGroup;
			children = (
				36CF7FBE2AEF8C51000BD9CD /* SyariahApp */,
				36CF7FD52AEF8C53000BD9CD /* SyariahAppTests */,
				36CF7FDF2AEF8C53000BD9CD /* SyariahAppUITests */,
				36CF7FBD2AEF8C51000BD9CD /* Products */,
				26D07AED02608B8F32C1A827 /* Pods */,
				9F4B977848DBD1A3BC1D8833 /* Frameworks */,
			);
			sourceTree = "<group>";
		};
		36CF7FBD2AEF8C51000BD9CD /* Products */ = {
			isa = PBXGroup;
			children = (
				36CF7FBC2AEF8C51000BD9CD /* SyariahApp.app */,
				36CF7FD22AEF8C53000BD9CD /* SyariahAppTests.xctest */,
				36CF7FDC2AEF8C53000BD9CD /* SyariahAppUITests.xctest */,
			);
			name = Products;
			sourceTree = "<group>";
		};
		36CF7FBE2AEF8C51000BD9CD /* SyariahApp */ = {
			isa = PBXGroup;
			children = (
				369AAEE12AFB2B0800DEEECC /* ViewModel */,
				369AAEE02AFB2AF500DEEECC /* Model */,
				369AAEDF2AFB2AE800DEEECC /* View */,
				36CE99542AF3750400426820 /* GoogleService-Info.plist */,
				36CF7FEF2AEF8C82000BD9CD /* App */,
				36CF7FF12AEF8C97000BD9CD /* Resource */,
				36CF7FF02AEF8C8F000BD9CD /* Common */,
				36CF7FF22AEF8D6D000BD9CD /* Module */,
				36CF7FC52AEF8C51000BD9CD /* Main.storyboard */,
				36CF7FCD2AEF8C53000BD9CD /* Info.plist */,
			);
			path = SyariahApp;
			sourceTree = "<group>";
		};
		36CF7FD52AEF8C53000BD9CD /* SyariahAppTests */ = {
			isa = PBXGroup;
			children = (
				36CF7FD62AEF8C53000BD9CD /* SyariahAppTests.swift */,
			);
			path = SyariahAppTests;
			sourceTree = "<group>";
		};
		36CF7FDF2AEF8C53000BD9CD /* SyariahAppUITests */ = {
			isa = PBXGroup;
			children = (
				36CF7FE02AEF8C53000BD9CD /* SyariahAppUITests.swift */,
				36CF7FE22AEF8C53000BD9CD /* SyariahAppUITestsLaunchTests.swift */,
			);
			path = SyariahAppUITests;
			sourceTree = "<group>";
		};
		36CF7FEF2AEF8C82000BD9CD /* App */ = {
			isa = PBXGroup;
			children = (
				36CF7FBF2AEF8C51000BD9CD /* AppDelegate.swift */,
				36CF7FC12AEF8C51000BD9CD /* SceneDelegate.swift */,
			);
			path = App;
			sourceTree = "<group>";
		};
		36CF7FF02AEF8C8F000BD9CD /* Common */ = {
			isa = PBXGroup;
			children = (
				369AAF7E2AFB6C0F00DEEECC /* New Group */,
				36CF7FF52AEF8DB9000BD9CD /* Extension */,
				36CF7FF42AEF8D98000BD9CD /* Network */,
				36CF7FF32AEF8D90000BD9CD /* Component */,
			);
			path = Common;
			sourceTree = "<group>";
		};
		36CF7FF12AEF8C97000BD9CD /* Resource */ = {
			isa = PBXGroup;
			children = (
				36CF7FC82AEF8C52000BD9CD /* Assets.xcassets */,
				36CF7FCA2AEF8C52000BD9CD /* LaunchScreen.storyboard */,
			);
			path = Resource;
			sourceTree = "<group>";
		};
		36CF7FF22AEF8D6D000BD9CD /* Module */ = {
			isa = PBXGroup;
			children = (
				3681559C2AF50CAD00C865E9 /* TransactionViewController */,
				3681559B2AF50C9800C865E9 /* NotificationViewController */,
				36CE994B2AF35B4E00426820 /* Animation */,
				36CD638A2AF0E82600C751A7 /* ReusableLayout */,
				36FCC13A2AF2430A0046BB50 /* SchoolViewController */,
				36FCC1392AF243010046BB50 /* PDAMViewController */,
				36FCC1382AF242EC0046BB50 /* PLNViewController */,
				36FCC1372AF242D50046BB50 /* TelcoViewController */,
				36FCC1322AF2311D0046BB50 /* ProfileViewController */,
				36FCC1192AF1E6800046BB50 /* RegisterViewController */,
				36FCC1142AF1D90E0046BB50 /* PrivacyPolicyViewController */,
				36CD63852AF0D5AC00C751A7 /* LoginViewController */,
				36CF7FFC2AEF94CF000BD9CD /* HomeViewController */,
				36CF7FFB2AEF94B9000BD9CD /* ViewController */,
				36CF7FF82AEF9392000BD9CD /* MainTabBar */,
			);
			path = Module;
			sourceTree = "<group>";
		};
		36CF7FF32AEF8D90000BD9CD /* Component */ = {
			isa = PBXGroup;
			children = (
				36CF7FF62AEF9215000BD9CD /* Constants.swift */,
				365BD5152AEFC727002B214F /* Models.swift */,
				3639E4002AF0ED8E00B48981 /* FormView.swift */,
				368155A52AF8772500C865E9 /* UserDefaultsManager.swift */,
			);
			path = Component;
			sourceTree = "<group>";
		};
		36CF7FF42AEF8D98000BD9CD /* Network */ = {
			isa = PBXGroup;
			children = (
			);
			path = Network;
			sourceTree = "<group>";
		};
		36CF7FF52AEF8DB9000BD9CD /* Extension */ = {
			isa = PBXGroup;
			children = (
			);
			path = Extension;
			sourceTree = "<group>";
		};
		36CF7FF82AEF9392000BD9CD /* MainTabBar */ = {
			isa = PBXGroup;
			children = (
				36CF7FF92AEF93AB000BD9CD /* MainTabBar.swift */,
			);
			path = MainTabBar;
			sourceTree = "<group>";
		};
		36CF7FFB2AEF94B9000BD9CD /* ViewController */ = {
			isa = PBXGroup;
			children = (
				36CF7FC32AEF8C51000BD9CD /* ViewController.swift */,
			);
			path = ViewController;
			sourceTree = "<group>";
		};
		36CF7FFC2AEF94CF000BD9CD /* HomeViewController */ = {
			isa = PBXGroup;
			children = (
				365BD5092AEFBBEE002B214F /* PaymentListTableViewCell */,
				3635F0FF2AEFA1AD009CD067 /* HomeViewController.swift */,
				3635F1002AEFA1AD009CD067 /* HomeViewController.xib */,
			);
			path = HomeViewController;
			sourceTree = "<group>";
		};
		36FCC1142AF1D90E0046BB50 /* PrivacyPolicyViewController */ = {
			isa = PBXGroup;
			children = (
				36FCC1152AF1D9520046BB50 /* PrivacyPolicyViewController.swift */,
				36FCC1162AF1D9520046BB50 /* PrivacyPolicyViewController.xib */,
			);
			path = PrivacyPolicyViewController;
			sourceTree = "<group>";
		};
		36FCC1192AF1E6800046BB50 /* RegisterViewController */ = {
			isa = PBXGroup;
			children = (
				36FCC11A2AF1E6BB0046BB50 /* RegisterViewController.swift */,
				36FCC11B2AF1E6BB0046BB50 /* RegisterViewController.xib */,
			);
			path = RegisterViewController;
			sourceTree = "<group>";
		};
		36FCC12A2AF2217B0046BB50 /* ReusableTextField */ = {
			isa = PBXGroup;
			children = (
				3639E3FE2AF0EA0100B48981 /* ReusableTextField.swift */,
				36CD638C2AF0E87100C751A7 /* ReusableTextField.xib */,
			);
			path = ReusableTextField;
			sourceTree = "<group>";
		};
		36FCC1322AF2311D0046BB50 /* ProfileViewController */ = {
			isa = PBXGroup;
			children = (
				36FCC1332AF231420046BB50 /* ProfileViewController.swift */,
				36FCC1342AF231420046BB50 /* ProfileViewController.xib */,
			);
			path = ProfileViewController;
			sourceTree = "<group>";
		};
		36FCC1372AF242D50046BB50 /* TelcoViewController */ = {
			isa = PBXGroup;
			children = (
				36FCC13C2AF2432D0046BB50 /* TelcoViewController.swift */,
				36FCC13D2AF2432D0046BB50 /* TelcoViewController.xib */,
			);
			path = TelcoViewController;
			sourceTree = "<group>";
		};
		36FCC1382AF242EC0046BB50 /* PLNViewController */ = {
			isa = PBXGroup;
			children = (
				36FCC1402AF2433A0046BB50 /* PLNViewController.swift */,
				36FCC1412AF2433A0046BB50 /* PLNViewController.xib */,
			);
			path = PLNViewController;
			sourceTree = "<group>";
		};
		36FCC1392AF243010046BB50 /* PDAMViewController */ = {
			isa = PBXGroup;
			children = (
				36FCC1442AF243470046BB50 /* PDAMViewController.swift */,
				36FCC1452AF243470046BB50 /* PDAMViewController.xib */,
			);
			path = PDAMViewController;
			sourceTree = "<group>";
		};
		36FCC13A2AF2430A0046BB50 /* SchoolViewController */ = {
			isa = PBXGroup;
			children = (
				36FCC1482AF243540046BB50 /* SchoolViewController.swift */,
				36FCC1492AF243540046BB50 /* SchoolViewController.xib */,
			);
			path = SchoolViewController;
			sourceTree = "<group>";
		};
		36FCC14C2AF2592D0046BB50 /* PromotionCollectionViewCell */ = {
			isa = PBXGroup;
			children = (
				36FCC1512AF25B320046BB50 /* PromotionCollectionViewCell.swift */,
				36FCC1522AF25B320046BB50 /* PromotionCollectionViewCell.xib */,
			);
			path = PromotionCollectionViewCell;
			sourceTree = "<group>";
		};
		9F4B977848DBD1A3BC1D8833 /* Frameworks */ = {
			isa = PBXGroup;
			children = (
				D6FED45D7013FCC226557A3E /* Pods_SyariahApp.framework */,
				D39DD98EBD43C6409D58AF46 /* Pods_SyariahApp_SyariahAppUITests.framework */,
				EFF3A146A2A19A79389D8642 /* Pods_SyariahAppTests.framework */,
			);
			name = Frameworks;
			sourceTree = "<group>";
		};
/* End PBXGroup section */

/* Begin PBXNativeTarget section */
		36CF7FBB2AEF8C51000BD9CD /* SyariahApp */ = {
			isa = PBXNativeTarget;
			buildConfigurationList = 36CF7FE62AEF8C53000BD9CD /* Build configuration list for PBXNativeTarget "SyariahApp" */;
			buildPhases = (
				4054C15EE4459E60C208FE3F /* [CP] Check Pods Manifest.lock */,
				36CF7FB82AEF8C51000BD9CD /* Sources */,
				36CF7FB92AEF8C51000BD9CD /* Frameworks */,
				36CF7FBA2AEF8C51000BD9CD /* Resources */,
				FCCEF38A08543DBA4CAEC8C1 /* [CP] Embed Pods Frameworks */,
			);
			buildRules = (
			);
			dependencies = (
			);
			name = SyariahApp;
			packageProductDependencies = (
				36FCC1562AF32A250046BB50 /* Alamofire */,
			);
			productName = SyariahApp;
			productReference = 36CF7FBC2AEF8C51000BD9CD /* SyariahApp.app */;
			productType = "com.apple.product-type.application";
		};
		36CF7FD12AEF8C53000BD9CD /* SyariahAppTests */ = {
			isa = PBXNativeTarget;
			buildConfigurationList = 36CF7FE92AEF8C53000BD9CD /* Build configuration list for PBXNativeTarget "SyariahAppTests" */;
			buildPhases = (
				F66124C6DF621BB8B7E55A8D /* [CP] Check Pods Manifest.lock */,
				36CF7FCE2AEF8C53000BD9CD /* Sources */,
				36CF7FCF2AEF8C53000BD9CD /* Frameworks */,
				36CF7FD02AEF8C53000BD9CD /* Resources */,
			);
			buildRules = (
			);
			dependencies = (
				36CF7FD42AEF8C53000BD9CD /* PBXTargetDependency */,
			);
			name = SyariahAppTests;
			productName = SyariahAppTests;
			productReference = 36CF7FD22AEF8C53000BD9CD /* SyariahAppTests.xctest */;
			productType = "com.apple.product-type.bundle.unit-test";
		};
		36CF7FDB2AEF8C53000BD9CD /* SyariahAppUITests */ = {
			isa = PBXNativeTarget;
			buildConfigurationList = 36CF7FEC2AEF8C53000BD9CD /* Build configuration list for PBXNativeTarget "SyariahAppUITests" */;
			buildPhases = (
				513EBCE342231A00F2B42A04 /* [CP] Check Pods Manifest.lock */,
				36CF7FD82AEF8C53000BD9CD /* Sources */,
				36CF7FD92AEF8C53000BD9CD /* Frameworks */,
				36CF7FDA2AEF8C53000BD9CD /* Resources */,
				5B9A9832EBA71400E5A7D5B4 /* [CP] Embed Pods Frameworks */,
			);
			buildRules = (
			);
			dependencies = (
				36CF7FDE2AEF8C53000BD9CD /* PBXTargetDependency */,
			);
			name = SyariahAppUITests;
			productName = SyariahAppUITests;
			productReference = 36CF7FDC2AEF8C53000BD9CD /* SyariahAppUITests.xctest */;
			productType = "com.apple.product-type.bundle.ui-testing";
		};
/* End PBXNativeTarget section */

/* Begin PBXProject section */
		36CF7FB42AEF8C51000BD9CD /* Project object */ = {
			isa = PBXProject;
			attributes = {
				BuildIndependentTargetsInParallel = 1;
				LastSwiftUpdateCheck = 1420;
				LastUpgradeCheck = 1420;
				TargetAttributes = {
					36CF7FBB2AEF8C51000BD9CD = {
						CreatedOnToolsVersion = 14.2;
					};
					36CF7FD12AEF8C53000BD9CD = {
						CreatedOnToolsVersion = 14.2;
						TestTargetID = 36CF7FBB2AEF8C51000BD9CD;
					};
					36CF7FDB2AEF8C53000BD9CD = {
						CreatedOnToolsVersion = 14.2;
						TestTargetID = 36CF7FBB2AEF8C51000BD9CD;
					};
				};
			};
			buildConfigurationList = 36CF7FB72AEF8C51000BD9CD /* Build configuration list for PBXProject "SyariahApp" */;
			compatibilityVersion = "Xcode 14.0";
			developmentRegion = en;
			hasScannedForEncodings = 0;
			knownRegions = (
				en,
				Base,
			);
			mainGroup = 36CF7FB32AEF8C51000BD9CD;
			packageReferences = (
				36FCC1552AF32A250046BB50 /* XCRemoteSwiftPackageReference "Alamofire" */,
			);
			productRefGroup = 36CF7FBD2AEF8C51000BD9CD /* Products */;
			projectDirPath = "";
			projectRoot = "";
			targets = (
				36CF7FBB2AEF8C51000BD9CD /* SyariahApp */,
				36CF7FD12AEF8C53000BD9CD /* SyariahAppTests */,
				36CF7FDB2AEF8C53000BD9CD /* SyariahAppUITests */,
			);
		};
/* End PBXProject section */

/* Begin PBXResourcesBuildPhase section */
		36CF7FBA2AEF8C51000BD9CD /* Resources */ = {
			isa = PBXResourcesBuildPhase;
			buildActionMask = 2147483647;
			files = (
				3681559A2AF4DE9400C865E9 /* ReusableDialogShowViewController.xib in Resources */,
				36CF7FCC2AEF8C52000BD9CD /* LaunchScreen.storyboard in Resources */,
				36FCC11D2AF1E6BB0046BB50 /* RegisterViewController.xib in Resources */,
				368155A42AF50CF300C865E9 /* TransactionViewController.xib in Resources */,
				36FCC13F2AF2432D0046BB50 /* TelcoViewController.xib in Resources */,
				36CE99532AF35B8900426820 /* AnimationViewController.xib in Resources */,
				365BD5142AEFC1FF002B214F /* PaymentListCollectionViewCell.xib in Resources */,
				368155A02AF50CE600C865E9 /* NotificationViewController.xib in Resources */,
				36CE995A2AF489D400426820 /* TopCardCollectionViewCell.xib in Resources */,
				36FCC14B2AF243540046BB50 /* SchoolViewController.xib in Resources */,
				36CD638D2AF0E87100C751A7 /* ReusableTextField.xib in Resources */,
				365BD50D2AEFBDA7002B214F /* ListTableViewCell.xib in Resources */,
				36FCC1472AF243470046BB50 /* PDAMViewController.xib in Resources */,
				36FCC1362AF231420046BB50 /* ProfileViewController.xib in Resources */,
				36CF7FC92AEF8C52000BD9CD /* Assets.xcassets in Resources */,
				36CE99552AF3750400426820 /* GoogleService-Info.plist in Resources */,
				36CF7FC72AEF8C51000BD9CD /* Main.storyboard in Resources */,
				36CD63892AF0D5DB00C751A7 /* LoginViewController.xib in Resources */,
				3635F1022AEFA1AD009CD067 /* HomeViewController.xib in Resources */,
				36FCC1432AF2433A0046BB50 /* PLNViewController.xib in Resources */,
				36FCC1542AF25B320046BB50 /* PromotionCollectionViewCell.xib in Resources */,
				36FCC1182AF1D9520046BB50 /* PrivacyPolicyViewController.xib in Resources */,
			);
			runOnlyForDeploymentPostprocessing = 0;
		};
		36CF7FD02AEF8C53000BD9CD /* Resources */ = {
			isa = PBXResourcesBuildPhase;
			buildActionMask = 2147483647;
			files = (
			);
			runOnlyForDeploymentPostprocessing = 0;
		};
		36CF7FDA2AEF8C53000BD9CD /* Resources */ = {
			isa = PBXResourcesBuildPhase;
			buildActionMask = 2147483647;
			files = (
			);
			runOnlyForDeploymentPostprocessing = 0;
		};
/* End PBXResourcesBuildPhase section */

/* Begin PBXShellScriptBuildPhase section */
		4054C15EE4459E60C208FE3F /* [CP] Check Pods Manifest.lock */ = {
			isa = PBXShellScriptBuildPhase;
			buildActionMask = 2147483647;
			files = (
			);
			inputFileListPaths = (
			);
			inputPaths = (
				"${PODS_PODFILE_DIR_PATH}/Podfile.lock",
				"${PODS_ROOT}/Manifest.lock",
			);
			name = "[CP] Check Pods Manifest.lock";
			outputFileListPaths = (
			);
			outputPaths = (
				"$(DERIVED_FILE_DIR)/Pods-SyariahApp-checkManifestLockResult.txt",
			);
			runOnlyForDeploymentPostprocessing = 0;
			shellPath = /bin/sh;
			shellScript = "diff \"${PODS_PODFILE_DIR_PATH}/Podfile.lock\" \"${PODS_ROOT}/Manifest.lock\" > /dev/null\nif [ $? != 0 ] ; then\n    # print error to STDERR\n    echo \"error: The sandbox is not in sync with the Podfile.lock. Run 'pod install' or update your CocoaPods installation.\" >&2\n    exit 1\nfi\n# This output is used by Xcode 'outputs' to avoid re-running this script phase.\necho \"SUCCESS\" > \"${SCRIPT_OUTPUT_FILE_0}\"\n";
			showEnvVarsInLog = 0;
		};
		513EBCE342231A00F2B42A04 /* [CP] Check Pods Manifest.lock */ = {
			isa = PBXShellScriptBuildPhase;
			buildActionMask = 2147483647;
			files = (
			);
			inputFileListPaths = (
			);
			inputPaths = (
				"${PODS_PODFILE_DIR_PATH}/Podfile.lock",
				"${PODS_ROOT}/Manifest.lock",
			);
			name = "[CP] Check Pods Manifest.lock";
			outputFileListPaths = (
			);
			outputPaths = (
				"$(DERIVED_FILE_DIR)/Pods-SyariahApp-SyariahAppUITests-checkManifestLockResult.txt",
			);
			runOnlyForDeploymentPostprocessing = 0;
			shellPath = /bin/sh;
			shellScript = "diff \"${PODS_PODFILE_DIR_PATH}/Podfile.lock\" \"${PODS_ROOT}/Manifest.lock\" > /dev/null\nif [ $? != 0 ] ; then\n    # print error to STDERR\n    echo \"error: The sandbox is not in sync with the Podfile.lock. Run 'pod install' or update your CocoaPods installation.\" >&2\n    exit 1\nfi\n# This output is used by Xcode 'outputs' to avoid re-running this script phase.\necho \"SUCCESS\" > \"${SCRIPT_OUTPUT_FILE_0}\"\n";
			showEnvVarsInLog = 0;
		};
		5B9A9832EBA71400E5A7D5B4 /* [CP] Embed Pods Frameworks */ = {
			isa = PBXShellScriptBuildPhase;
			buildActionMask = 2147483647;
			files = (
			);
			inputFileListPaths = (
				"${PODS_ROOT}/Target Support Files/Pods-SyariahApp-SyariahAppUITests/Pods-SyariahApp-SyariahAppUITests-frameworks-${CONFIGURATION}-input-files.xcfilelist",
			);
			name = "[CP] Embed Pods Frameworks";
			outputFileListPaths = (
				"${PODS_ROOT}/Target Support Files/Pods-SyariahApp-SyariahAppUITests/Pods-SyariahApp-SyariahAppUITests-frameworks-${CONFIGURATION}-output-files.xcfilelist",
			);
			runOnlyForDeploymentPostprocessing = 0;
			shellPath = /bin/sh;
			shellScript = "\"${PODS_ROOT}/Target Support Files/Pods-SyariahApp-SyariahAppUITests/Pods-SyariahApp-SyariahAppUITests-frameworks.sh\"\n";
			showEnvVarsInLog = 0;
		};
		F66124C6DF621BB8B7E55A8D /* [CP] Check Pods Manifest.lock */ = {
			isa = PBXShellScriptBuildPhase;
			buildActionMask = 2147483647;
			files = (
			);
			inputFileListPaths = (
			);
			inputPaths = (
				"${PODS_PODFILE_DIR_PATH}/Podfile.lock",
				"${PODS_ROOT}/Manifest.lock",
			);
			name = "[CP] Check Pods Manifest.lock";
			outputFileListPaths = (
			);
			outputPaths = (
				"$(DERIVED_FILE_DIR)/Pods-SyariahAppTests-checkManifestLockResult.txt",
			);
			runOnlyForDeploymentPostprocessing = 0;
			shellPath = /bin/sh;
			shellScript = "diff \"${PODS_PODFILE_DIR_PATH}/Podfile.lock\" \"${PODS_ROOT}/Manifest.lock\" > /dev/null\nif [ $? != 0 ] ; then\n    # print error to STDERR\n    echo \"error: The sandbox is not in sync with the Podfile.lock. Run 'pod install' or update your CocoaPods installation.\" >&2\n    exit 1\nfi\n# This output is used by Xcode 'outputs' to avoid re-running this script phase.\necho \"SUCCESS\" > \"${SCRIPT_OUTPUT_FILE_0}\"\n";
			showEnvVarsInLog = 0;
		};
		FCCEF38A08543DBA4CAEC8C1 /* [CP] Embed Pods Frameworks */ = {
			isa = PBXShellScriptBuildPhase;
			buildActionMask = 2147483647;
			files = (
			);
			inputFileListPaths = (
				"${PODS_ROOT}/Target Support Files/Pods-SyariahApp/Pods-SyariahApp-frameworks-${CONFIGURATION}-input-files.xcfilelist",
			);
			name = "[CP] Embed Pods Frameworks";
			outputFileListPaths = (
				"${PODS_ROOT}/Target Support Files/Pods-SyariahApp/Pods-SyariahApp-frameworks-${CONFIGURATION}-output-files.xcfilelist",
			);
			runOnlyForDeploymentPostprocessing = 0;
			shellPath = /bin/sh;
			shellScript = "\"${PODS_ROOT}/Target Support Files/Pods-SyariahApp/Pods-SyariahApp-frameworks.sh\"\n";
			showEnvVarsInLog = 0;
		};
/* End PBXShellScriptBuildPhase section */

/* Begin PBXSourcesBuildPhase section */
		36CF7FB82AEF8C51000BD9CD /* Sources */ = {
			isa = PBXSourcesBuildPhase;
			buildActionMask = 2147483647;
			files = (
				3639E4012AF0ED8E00B48981 /* FormView.swift in Sources */,
				36CF7FC42AEF8C51000BD9CD /* ViewController.swift in Sources */,
				3681559F2AF50CE600C865E9 /* NotificationViewController.swift in Sources */,
				36FCC1462AF243470046BB50 /* PDAMViewController.swift in Sources */,
				3639E3FF2AF0EA0100B48981 /* ReusableTextField.swift in Sources */,
				36CE99592AF489D400426820 /* TopCardCollectionViewCell.swift in Sources */,
				36FCC14A2AF243540046BB50 /* SchoolViewController.swift in Sources */,
				36CF7FC02AEF8C51000BD9CD /* AppDelegate.swift in Sources */,
				36FCC1172AF1D9520046BB50 /* PrivacyPolicyViewController.swift in Sources */,
				36CF7FC22AEF8C51000BD9CD /* SceneDelegate.swift in Sources */,
				368155992AF4DE9400C865E9 /* ReusableDialogShowViewController.swift in Sources */,
				36CF7FFA2AEF93AB000BD9CD /* MainTabBar.swift in Sources */,
				36CE99522AF35B8900426820 /* AnimationViewController.swift in Sources */,
				365BD50C2AEFBDA7002B214F /* ListTableViewCell.swift in Sources */,
				36CF7FF72AEF9215000BD9CD /* Constants.swift in Sources */,
				36FCC11C2AF1E6BB0046BB50 /* RegisterViewController.swift in Sources */,
				368155A62AF8772500C865E9 /* UserDefaultsManager.swift in Sources */,
				36FCC13E2AF2432D0046BB50 /* TelcoViewController.swift in Sources */,
				3635F1012AEFA1AD009CD067 /* HomeViewController.swift in Sources */,
				365BD5162AEFC727002B214F /* Models.swift in Sources */,
				36FCC1352AF231420046BB50 /* ProfileViewController.swift in Sources */,
				368155A32AF50CF300C865E9 /* TransactionViewController.swift in Sources */,
				36CD63882AF0D5DB00C751A7 /* LoginViewController.swift in Sources */,
				365BD5132AEFC1FF002B214F /* PaymentListCollectionViewCell.swift in Sources */,
				36FCC1532AF25B320046BB50 /* PromotionCollectionViewCell.swift in Sources */,
				36FCC1422AF2433A0046BB50 /* PLNViewController.swift in Sources */,
			);
			runOnlyForDeploymentPostprocessing = 0;
		};
		36CF7FCE2AEF8C53000BD9CD /* Sources */ = {
			isa = PBXSourcesBuildPhase;
			buildActionMask = 2147483647;
			files = (
				36CF7FD72AEF8C53000BD9CD /* SyariahAppTests.swift in Sources */,
			);
			runOnlyForDeploymentPostprocessing = 0;
		};
		36CF7FD82AEF8C53000BD9CD /* Sources */ = {
			isa = PBXSourcesBuildPhase;
			buildActionMask = 2147483647;
			files = (
				36CF7FE32AEF8C53000BD9CD /* SyariahAppUITestsLaunchTests.swift in Sources */,
				36CF7FE12AEF8C53000BD9CD /* SyariahAppUITests.swift in Sources */,
			);
			runOnlyForDeploymentPostprocessing = 0;
		};
/* End PBXSourcesBuildPhase section */

/* Begin PBXTargetDependency section */
		36CF7FD42AEF8C53000BD9CD /* PBXTargetDependency */ = {
			isa = PBXTargetDependency;
			target = 36CF7FBB2AEF8C51000BD9CD /* SyariahApp */;
			targetProxy = 36CF7FD32AEF8C53000BD9CD /* PBXContainerItemProxy */;
		};
		36CF7FDE2AEF8C53000BD9CD /* PBXTargetDependency */ = {
			isa = PBXTargetDependency;
			target = 36CF7FBB2AEF8C51000BD9CD /* SyariahApp */;
			targetProxy = 36CF7FDD2AEF8C53000BD9CD /* PBXContainerItemProxy */;
		};
/* End PBXTargetDependency section */

/* Begin PBXVariantGroup section */
		36CF7FC52AEF8C51000BD9CD /* Main.storyboard */ = {
			isa = PBXVariantGroup;
			children = (
				36CF7FC62AEF8C51000BD9CD /* Base */,
			);
			name = Main.storyboard;
			sourceTree = "<group>";
		};
		36CF7FCA2AEF8C52000BD9CD /* LaunchScreen.storyboard */ = {
			isa = PBXVariantGroup;
			children = (
				36CF7FCB2AEF8C52000BD9CD /* Base */,
			);
			name = LaunchScreen.storyboard;
			sourceTree = "<group>";
		};
/* End PBXVariantGroup section */

/* Begin XCBuildConfiguration section */
		36CF7FE42AEF8C53000BD9CD /* Debug */ = {
			isa = XCBuildConfiguration;
			buildSettings = {
				ALWAYS_SEARCH_USER_PATHS = NO;
				CLANG_ANALYZER_NONNULL = YES;
				CLANG_ANALYZER_NUMBER_OBJECT_CONVERSION = YES_AGGRESSIVE;
				CLANG_CXX_LANGUAGE_STANDARD = "gnu++20";
				CLANG_ENABLE_MODULES = YES;
				CLANG_ENABLE_OBJC_ARC = YES;
				CLANG_ENABLE_OBJC_WEAK = YES;
				CLANG_WARN_BLOCK_CAPTURE_AUTORELEASING = YES;
				CLANG_WARN_BOOL_CONVERSION = YES;
				CLANG_WARN_COMMA = YES;
				CLANG_WARN_CONSTANT_CONVERSION = YES;
				CLANG_WARN_DEPRECATED_OBJC_IMPLEMENTATIONS = YES;
				CLANG_WARN_DIRECT_OBJC_ISA_USAGE = YES_ERROR;
				CLANG_WARN_DOCUMENTATION_COMMENTS = YES;
				CLANG_WARN_EMPTY_BODY = YES;
				CLANG_WARN_ENUM_CONVERSION = YES;
				CLANG_WARN_INFINITE_RECURSION = YES;
				CLANG_WARN_INT_CONVERSION = YES;
				CLANG_WARN_NON_LITERAL_NULL_CONVERSION = YES;
				CLANG_WARN_OBJC_IMPLICIT_RETAIN_SELF = YES;
				CLANG_WARN_OBJC_LITERAL_CONVERSION = YES;
				CLANG_WARN_OBJC_ROOT_CLASS = YES_ERROR;
				CLANG_WARN_QUOTED_INCLUDE_IN_FRAMEWORK_HEADER = YES;
				CLANG_WARN_RANGE_LOOP_ANALYSIS = YES;
				CLANG_WARN_STRICT_PROTOTYPES = YES;
				CLANG_WARN_SUSPICIOUS_MOVE = YES;
				CLANG_WARN_UNGUARDED_AVAILABILITY = YES_AGGRESSIVE;
				CLANG_WARN_UNREACHABLE_CODE = YES;
				CLANG_WARN__DUPLICATE_METHOD_MATCH = YES;
				COPY_PHASE_STRIP = NO;
				DEBUG_INFORMATION_FORMAT = dwarf;
				ENABLE_STRICT_OBJC_MSGSEND = YES;
				ENABLE_TESTABILITY = YES;
				GCC_C_LANGUAGE_STANDARD = gnu11;
				GCC_DYNAMIC_NO_PIC = NO;
				GCC_NO_COMMON_BLOCKS = YES;
				GCC_OPTIMIZATION_LEVEL = 0;
				GCC_PREPROCESSOR_DEFINITIONS = (
					"DEBUG=1",
					"$(inherited)",
				);
				GCC_WARN_64_TO_32_BIT_CONVERSION = YES;
				GCC_WARN_ABOUT_RETURN_TYPE = YES_ERROR;
				GCC_WARN_UNDECLARED_SELECTOR = YES;
				GCC_WARN_UNINITIALIZED_AUTOS = YES_AGGRESSIVE;
				GCC_WARN_UNUSED_FUNCTION = YES;
				GCC_WARN_UNUSED_VARIABLE = YES;
				IPHONEOS_DEPLOYMENT_TARGET = 16.2;
				MTL_ENABLE_DEBUG_INFO = INCLUDE_SOURCE;
				MTL_FAST_MATH = YES;
				ONLY_ACTIVE_ARCH = YES;
				SDKROOT = iphoneos;
				SWIFT_ACTIVE_COMPILATION_CONDITIONS = DEBUG;
				SWIFT_OPTIMIZATION_LEVEL = "-Onone";
			};
			name = Debug;
		};
		36CF7FE52AEF8C53000BD9CD /* Release */ = {
			isa = XCBuildConfiguration;
			buildSettings = {
				ALWAYS_SEARCH_USER_PATHS = NO;
				CLANG_ANALYZER_NONNULL = YES;
				CLANG_ANALYZER_NUMBER_OBJECT_CONVERSION = YES_AGGRESSIVE;
				CLANG_CXX_LANGUAGE_STANDARD = "gnu++20";
				CLANG_ENABLE_MODULES = YES;
				CLANG_ENABLE_OBJC_ARC = YES;
				CLANG_ENABLE_OBJC_WEAK = YES;
				CLANG_WARN_BLOCK_CAPTURE_AUTORELEASING = YES;
				CLANG_WARN_BOOL_CONVERSION = YES;
				CLANG_WARN_COMMA = YES;
				CLANG_WARN_CONSTANT_CONVERSION = YES;
				CLANG_WARN_DEPRECATED_OBJC_IMPLEMENTATIONS = YES;
				CLANG_WARN_DIRECT_OBJC_ISA_USAGE = YES_ERROR;
				CLANG_WARN_DOCUMENTATION_COMMENTS = YES;
				CLANG_WARN_EMPTY_BODY = YES;
				CLANG_WARN_ENUM_CONVERSION = YES;
				CLANG_WARN_INFINITE_RECURSION = YES;
				CLANG_WARN_INT_CONVERSION = YES;
				CLANG_WARN_NON_LITERAL_NULL_CONVERSION = YES;
				CLANG_WARN_OBJC_IMPLICIT_RETAIN_SELF = YES;
				CLANG_WARN_OBJC_LITERAL_CONVERSION = YES;
				CLANG_WARN_OBJC_ROOT_CLASS = YES_ERROR;
				CLANG_WARN_QUOTED_INCLUDE_IN_FRAMEWORK_HEADER = YES;
				CLANG_WARN_RANGE_LOOP_ANALYSIS = YES;
				CLANG_WARN_STRICT_PROTOTYPES = YES;
				CLANG_WARN_SUSPICIOUS_MOVE = YES;
				CLANG_WARN_UNGUARDED_AVAILABILITY = YES_AGGRESSIVE;
				CLANG_WARN_UNREACHABLE_CODE = YES;
				CLANG_WARN__DUPLICATE_METHOD_MATCH = YES;
				COPY_PHASE_STRIP = NO;
				DEBUG_INFORMATION_FORMAT = "dwarf-with-dsym";
				ENABLE_NS_ASSERTIONS = NO;
				ENABLE_STRICT_OBJC_MSGSEND = YES;
				GCC_C_LANGUAGE_STANDARD = gnu11;
				GCC_NO_COMMON_BLOCKS = YES;
				GCC_WARN_64_TO_32_BIT_CONVERSION = YES;
				GCC_WARN_ABOUT_RETURN_TYPE = YES_ERROR;
				GCC_WARN_UNDECLARED_SELECTOR = YES;
				GCC_WARN_UNINITIALIZED_AUTOS = YES_AGGRESSIVE;
				GCC_WARN_UNUSED_FUNCTION = YES;
				GCC_WARN_UNUSED_VARIABLE = YES;
				IPHONEOS_DEPLOYMENT_TARGET = 16.2;
				MTL_ENABLE_DEBUG_INFO = NO;
				MTL_FAST_MATH = YES;
				SDKROOT = iphoneos;
				SWIFT_COMPILATION_MODE = wholemodule;
				SWIFT_OPTIMIZATION_LEVEL = "-O";
				VALIDATE_PRODUCT = YES;
			};
			name = Release;
		};
		36CF7FE72AEF8C53000BD9CD /* Debug */ = {
			isa = XCBuildConfiguration;
			baseConfigurationReference = 903C66D6B67CA708D25EE606 /* Pods-SyariahApp.debug.xcconfig */;
			buildSettings = {
				ASSETCATALOG_COMPILER_APPICON_NAME = AppIcon;
				ASSETCATALOG_COMPILER_GLOBAL_ACCENT_COLOR_NAME = AccentColor;
				CODE_SIGN_STYLE = Automatic;
				CURRENT_PROJECT_VERSION = 1;
				GENERATE_INFOPLIST_FILE = YES;
				INFOPLIST_FILE = SyariahApp/Info.plist;
				INFOPLIST_KEY_CFBundleDisplayName = Syariah;
				INFOPLIST_KEY_NSCameraUsageDescription = "";
				INFOPLIST_KEY_NSFileProviderDomainUsageDescription = "This app uses image";
				INFOPLIST_KEY_NSPhotoLibraryUsageDescription = "This app wants to take pictures";
				INFOPLIST_KEY_UIApplicationSupportsIndirectInputEvents = YES;
				INFOPLIST_KEY_UILaunchStoryboardName = LaunchScreen;
				INFOPLIST_KEY_UIMainStoryboardFile = Main;
				INFOPLIST_KEY_UISupportedInterfaceOrientations_iPad = "UIInterfaceOrientationPortrait UIInterfaceOrientationPortraitUpsideDown UIInterfaceOrientationLandscapeLeft UIInterfaceOrientationLandscapeRight";
				INFOPLIST_KEY_UISupportedInterfaceOrientations_iPhone = "UIInterfaceOrientationPortrait UIInterfaceOrientationLandscapeLeft UIInterfaceOrientationLandscapeRight";
				LD_RUNPATH_SEARCH_PATHS = (
					"$(inherited)",
					"@executable_path/Frameworks",
				);
				MARKETING_VERSION = 1.0;
				PRODUCT_BUNDLE_IDENTIFIER = Phincon.SyariahApp;
				PRODUCT_NAME = "$(TARGET_NAME)";
				SWIFT_EMIT_LOC_STRINGS = YES;
				SWIFT_VERSION = 5.0;
				TARGETED_DEVICE_FAMILY = "1,2";
			};
			name = Debug;
		};
		36CF7FE82AEF8C53000BD9CD /* Release */ = {
			isa = XCBuildConfiguration;
			baseConfigurationReference = EE2119119BE11B025A02A9C9 /* Pods-SyariahApp.release.xcconfig */;
			buildSettings = {
				ASSETCATALOG_COMPILER_APPICON_NAME = AppIcon;
				ASSETCATALOG_COMPILER_GLOBAL_ACCENT_COLOR_NAME = AccentColor;
				CODE_SIGN_STYLE = Automatic;
				CURRENT_PROJECT_VERSION = 1;
				GENERATE_INFOPLIST_FILE = YES;
				INFOPLIST_FILE = SyariahApp/Info.plist;
				INFOPLIST_KEY_CFBundleDisplayName = Syariah;
				INFOPLIST_KEY_NSCameraUsageDescription = "";
				INFOPLIST_KEY_NSFileProviderDomainUsageDescription = "This app uses image";
				INFOPLIST_KEY_NSPhotoLibraryUsageDescription = "This app wants to take pictures";
				INFOPLIST_KEY_UIApplicationSupportsIndirectInputEvents = YES;
				INFOPLIST_KEY_UILaunchStoryboardName = LaunchScreen;
				INFOPLIST_KEY_UIMainStoryboardFile = Main;
				INFOPLIST_KEY_UISupportedInterfaceOrientations_iPad = "UIInterfaceOrientationPortrait UIInterfaceOrientationPortraitUpsideDown UIInterfaceOrientationLandscapeLeft UIInterfaceOrientationLandscapeRight";
				INFOPLIST_KEY_UISupportedInterfaceOrientations_iPhone = "UIInterfaceOrientationPortrait UIInterfaceOrientationLandscapeLeft UIInterfaceOrientationLandscapeRight";
				LD_RUNPATH_SEARCH_PATHS = (
					"$(inherited)",
					"@executable_path/Frameworks",
				);
				MARKETING_VERSION = 1.0;
				PRODUCT_BUNDLE_IDENTIFIER = Phincon.SyariahApp;
				PRODUCT_NAME = "$(TARGET_NAME)";
				SWIFT_EMIT_LOC_STRINGS = YES;
				SWIFT_VERSION = 5.0;
				TARGETED_DEVICE_FAMILY = "1,2";
			};
			name = Release;
		};
		36CF7FEA2AEF8C53000BD9CD /* Debug */ = {
			isa = XCBuildConfiguration;
			baseConfigurationReference = A5460CA9546F3B30B0050382 /* Pods-SyariahAppTests.debug.xcconfig */;
			buildSettings = {
				ALWAYS_EMBED_SWIFT_STANDARD_LIBRARIES = YES;
				BUNDLE_LOADER = "$(TEST_HOST)";
				CODE_SIGN_STYLE = Automatic;
				CURRENT_PROJECT_VERSION = 1;
				GENERATE_INFOPLIST_FILE = YES;
				IPHONEOS_DEPLOYMENT_TARGET = 16.2;
				MARKETING_VERSION = 1.0;
				PRODUCT_BUNDLE_IDENTIFIER = Phincon.SyariahAppTests;
				PRODUCT_NAME = "$(TARGET_NAME)";
				SWIFT_EMIT_LOC_STRINGS = NO;
				SWIFT_VERSION = 5.0;
				TARGETED_DEVICE_FAMILY = "1,2";
				TEST_HOST = "$(BUILT_PRODUCTS_DIR)/SyariahApp.app/$(BUNDLE_EXECUTABLE_FOLDER_PATH)/SyariahApp";
			};
			name = Debug;
		};
		36CF7FEB2AEF8C53000BD9CD /* Release */ = {
			isa = XCBuildConfiguration;
			baseConfigurationReference = DD6E9E1F387A4B3AF0733B92 /* Pods-SyariahAppTests.release.xcconfig */;
			buildSettings = {
				ALWAYS_EMBED_SWIFT_STANDARD_LIBRARIES = YES;
				BUNDLE_LOADER = "$(TEST_HOST)";
				CODE_SIGN_STYLE = Automatic;
				CURRENT_PROJECT_VERSION = 1;
				GENERATE_INFOPLIST_FILE = YES;
				IPHONEOS_DEPLOYMENT_TARGET = 16.2;
				MARKETING_VERSION = 1.0;
				PRODUCT_BUNDLE_IDENTIFIER = Phincon.SyariahAppTests;
				PRODUCT_NAME = "$(TARGET_NAME)";
				SWIFT_EMIT_LOC_STRINGS = NO;
				SWIFT_VERSION = 5.0;
				TARGETED_DEVICE_FAMILY = "1,2";
				TEST_HOST = "$(BUILT_PRODUCTS_DIR)/SyariahApp.app/$(BUNDLE_EXECUTABLE_FOLDER_PATH)/SyariahApp";
			};
			name = Release;
		};
		36CF7FED2AEF8C53000BD9CD /* Debug */ = {
			isa = XCBuildConfiguration;
			baseConfigurationReference = 92D116F51E5465B2DCA8C2CF /* Pods-SyariahApp-SyariahAppUITests.debug.xcconfig */;
			buildSettings = {
				ALWAYS_EMBED_SWIFT_STANDARD_LIBRARIES = YES;
				CODE_SIGN_STYLE = Automatic;
				CURRENT_PROJECT_VERSION = 1;
				GENERATE_INFOPLIST_FILE = YES;
				MARKETING_VERSION = 1.0;
				PRODUCT_BUNDLE_IDENTIFIER = Phincon.SyariahAppUITests;
				PRODUCT_NAME = "$(TARGET_NAME)";
				SWIFT_EMIT_LOC_STRINGS = NO;
				SWIFT_VERSION = 5.0;
				TARGETED_DEVICE_FAMILY = "1,2";
				TEST_TARGET_NAME = SyariahApp;
			};
			name = Debug;
		};
		36CF7FEE2AEF8C53000BD9CD /* Release */ = {
			isa = XCBuildConfiguration;
			baseConfigurationReference = 8189F13C61BF4C06C1BD8B7D /* Pods-SyariahApp-SyariahAppUITests.release.xcconfig */;
			buildSettings = {
				ALWAYS_EMBED_SWIFT_STANDARD_LIBRARIES = YES;
				CODE_SIGN_STYLE = Automatic;
				CURRENT_PROJECT_VERSION = 1;
				GENERATE_INFOPLIST_FILE = YES;
				MARKETING_VERSION = 1.0;
				PRODUCT_BUNDLE_IDENTIFIER = Phincon.SyariahAppUITests;
				PRODUCT_NAME = "$(TARGET_NAME)";
				SWIFT_EMIT_LOC_STRINGS = NO;
				SWIFT_VERSION = 5.0;
				TARGETED_DEVICE_FAMILY = "1,2";
				TEST_TARGET_NAME = SyariahApp;
			};
			name = Release;
		};
/* End XCBuildConfiguration section */

/* Begin XCConfigurationList section */
		36CF7FB72AEF8C51000BD9CD /* Build configuration list for PBXProject "SyariahApp" */ = {
			isa = XCConfigurationList;
			buildConfigurations = (
				36CF7FE42AEF8C53000BD9CD /* Debug */,
				36CF7FE52AEF8C53000BD9CD /* Release */,
			);
			defaultConfigurationIsVisible = 0;
			defaultConfigurationName = Release;
		};
		36CF7FE62AEF8C53000BD9CD /* Build configuration list for PBXNativeTarget "SyariahApp" */ = {
			isa = XCConfigurationList;
			buildConfigurations = (
				36CF7FE72AEF8C53000BD9CD /* Debug */,
				36CF7FE82AEF8C53000BD9CD /* Release */,
			);
			defaultConfigurationIsVisible = 0;
			defaultConfigurationName = Release;
		};
		36CF7FE92AEF8C53000BD9CD /* Build configuration list for PBXNativeTarget "SyariahAppTests" */ = {
			isa = XCConfigurationList;
			buildConfigurations = (
				36CF7FEA2AEF8C53000BD9CD /* Debug */,
				36CF7FEB2AEF8C53000BD9CD /* Release */,
			);
			defaultConfigurationIsVisible = 0;
			defaultConfigurationName = Release;
		};
		36CF7FEC2AEF8C53000BD9CD /* Build configuration list for PBXNativeTarget "SyariahAppUITests" */ = {
			isa = XCConfigurationList;
			buildConfigurations = (
				36CF7FED2AEF8C53000BD9CD /* Debug */,
				36CF7FEE2AEF8C53000BD9CD /* Release */,
			);
			defaultConfigurationIsVisible = 0;
			defaultConfigurationName = Release;
		};
/* End XCConfigurationList section */

/* Begin XCRemoteSwiftPackageReference section */
		36FCC1552AF32A250046BB50 /* XCRemoteSwiftPackageReference "Alamofire" */ = {
			isa = XCRemoteSwiftPackageReference;
			repositoryURL = "https://github.com/Alamofire/Alamofire";
			requirement = {
				kind = upToNextMajorVersion;
				minimumVersion = 5.8.1;
			};
		};
/* End XCRemoteSwiftPackageReference section */

/* Begin XCSwiftPackageProductDependency section */
		36FCC1562AF32A250046BB50 /* Alamofire */ = {
			isa = XCSwiftPackageProductDependency;
			package = 36FCC1552AF32A250046BB50 /* XCRemoteSwiftPackageReference "Alamofire" */;
			productName = Alamofire;
		};
/* End XCSwiftPackageProductDependency section */
	};
	rootObject = 36CF7FB42AEF8C51000BD9CD /* Project object */;
}
